
Microsoft Visual Studio Solution File, Format Version 10.00
# Visual Studio 2008
Project("{8BC9CEB8-8B4A-11D0-8D11-00A0C91BC942}") = "wxLuaBind", "wxLuaBind\wxLuaBind.vcproj", "{CB73F8B7-BBF1-4D37-B3EC-C9637AD991AF}"
	ProjectSection(ProjectDependencies) = postProject
		{C75863A6-27DE-49EE-BE93-700CED8D8FEE} = {C75863A6-27DE-49EE-BE93-700CED8D8FEE}
		{DC330DEA-922D-4E77-8C9F-DE3E661817E9} = {DC330DEA-922D-4E77-8C9F-DE3E661817E9}
	EndProjectSection
EndProject
Project("{8BC9CEB8-8B4A-11D0-8D11-00A0C91BC942}") = "luabind-0.9.1", "luabind-0.9.1\build-vc\luabind-vc90.vcproj", "{DC330DEA-922D-4E77-8C9F-DE3E661817E9}"
	ProjectSection(ProjectDependencies) = postProject
		{C75863A6-27DE-49EE-BE93-700CED8D8FEE} = {C75863A6-27DE-49EE-BE93-700CED8D8FEE}
	EndProjectSection
EndProject
Project("{8BC9CEB8-8B4A-11D0-8D11-00A0C91BC942}") = "lua-5.1", "lua-5.1\build-vc\lua-5.1.vcproj", "{C75863A6-27DE-49EE-BE93-700CED8D8FEE}"
EndProject
Project("{2150E333-8FDC-42A3-9474-1A3956D46DE8}") = "wx2.8.9", "wx2.8.9", "{F05B5DE0-6A6A-486F-948B-BB79EEAA24D8}"
EndProject
Project("{8BC9CEB8-8B4A-11D0-8D11-00A0C91BC942}") = "adv", "..\..\wxWidgets-2.8.9\build\msw\wx_adv.vcproj", "{C49E67AC-9C89-4D98-B826-1D235D7A96C7}"
EndProject
Project("{8BC9CEB8-8B4A-11D0-8D11-00A0C91BC942}") = "aui", "..\..\wxWidgets-2.8.9\build\msw\wx_aui.vcproj", "{872AE0CC-85DB-47AD-9FE8-910FF82E06B0}"
EndProject
Project("{8BC9CEB8-8B4A-11D0-8D11-00A0C91BC942}") = "base", "..\..\wxWidgets-2.8.9\build\msw\wx_base.vcproj", "{56EF6201-FE65-4843-919D-FA1A8043DB1E}"
EndProject
Project("{8BC9CEB8-8B4A-11D0-8D11-00A0C91BC942}") = "core", "..\..\wxWidgets-2.8.9\build\msw\wx_core.vcproj", "{B04C3EB8-1837-4C74-88E9-41DD257364A5}"
EndProject
Project("{8BC9CEB8-8B4A-11D0-8D11-00A0C91BC942}") = "dbgrid", "..\..\wxWidgets-2.8.9\build\msw\wx_dbgrid.vcproj", "{0E3BA15B-CFD8-4156-B3ED-2B4754C41442}"
EndProject
Project("{8BC9CEB8-8B4A-11D0-8D11-00A0C91BC942}") = "gl", "..\..\wxWidgets-2.8.9\build\msw\wx_gl.vcproj", "{245CA754-76A7-4376-B445-5A2E6997E158}"
EndProject
Project("{8BC9CEB8-8B4A-11D0-8D11-00A0C91BC942}") = "html", "..\..\wxWidgets-2.8.9\build\msw\wx_html.vcproj", "{C7438A49-3037-4210-8112-426C7D15EE40}"
EndProject
Project("{8BC9CEB8-8B4A-11D0-8D11-00A0C91BC942}") = "net", "..\..\wxWidgets-2.8.9\build\msw\wx_net.vcproj", "{5A0A0D47-6BE8-455D-B37F-9F4764E268F8}"
EndProject
Project("{8BC9CEB8-8B4A-11D0-8D11-00A0C91BC942}") = "media", "..\..\wxWidgets-2.8.9\build\msw\wx_media.vcproj", "{B5D03E5B-71C5-4294-923B-6162E78B93ED}"
EndProject
Project("{8BC9CEB8-8B4A-11D0-8D11-00A0C91BC942}") = "odbc", "..\..\wxWidgets-2.8.9\build\msw\wx_odbc.vcproj", "{3E63246C-E5E7-4F83-BE56-77F85E9BB8F3}"
EndProject
Project("{8BC9CEB8-8B4A-11D0-8D11-00A0C91BC942}") = "qa", "..\..\wxWidgets-2.8.9\build\msw\wx_qa.vcproj", "{18542062-2AC6-4944-9B73-ED60CD606D1F}"
EndProject
Project("{8BC9CEB8-8B4A-11D0-8D11-00A0C91BC942}") = "richtext", "..\..\wxWidgets-2.8.9\build\msw\wx_richtext.vcproj", "{D3A7D611-4612-4D7E-8B0D-46B1072C2C0F}"
EndProject
Project("{8BC9CEB8-8B4A-11D0-8D11-00A0C91BC942}") = "wxexpat", "..\..\wxWidgets-2.8.9\build\msw\wx_wxexpat.vcproj", "{28A13805-0468-4FBD-AA25-0CDF51BC7DB0}"
EndProject
Project("{8BC9CEB8-8B4A-11D0-8D11-00A0C91BC942}") = "wxjpeg", "..\..\wxWidgets-2.8.9\build\msw\wx_wxjpeg.vcproj", "{A59A0C71-11E5-4078-8CA4-FD215FC22370}"
EndProject
Project("{8BC9CEB8-8B4A-11D0-8D11-00A0C91BC942}") = "wxpng", "..\..\wxWidgets-2.8.9\build\msw\wx_wxpng.vcproj", "{7DAE3964-9162-4AA5-9154-377429A19B7D}"
EndProject
Project("{8BC9CEB8-8B4A-11D0-8D11-00A0C91BC942}") = "wxregex", "..\..\wxWidgets-2.8.9\build\msw\wx_wxregex.vcproj", "{CA7911B6-DCAE-4EEC-87E2-B10CB1EEF71A}"
EndProject
Project("{8BC9CEB8-8B4A-11D0-8D11-00A0C91BC942}") = "wxtiff", "..\..\wxWidgets-2.8.9\build\msw\wx_wxtiff.vcproj", "{EC71E84D-47E0-48E5-B122-FFEAF6BA60A0}"
EndProject
Project("{8BC9CEB8-8B4A-11D0-8D11-00A0C91BC942}") = "wxzlib", "..\..\wxWidgets-2.8.9\build\msw\wx_wxzlib.vcproj", "{97D17D8B-781E-47D4-BE08-07B53880DD19}"
EndProject
Project("{8BC9CEB8-8B4A-11D0-8D11-00A0C91BC942}") = "xml", "..\..\wxWidgets-2.8.9\build\msw\wx_xml.vcproj", "{9C6B2379-B898-41EE-959B-AA041081BE80}"
EndProject
Project("{8BC9CEB8-8B4A-11D0-8D11-00A0C91BC942}") = "xrc", "..\..\wxWidgets-2.8.9\build\msw\wx_xrc.vcproj", "{34834D86-C625-482D-B457-D0BCC75158BC}"
EndProject
Project("{8BC9CEB8-8B4A-11D0-8D11-00A0C91BC942}") = "TestApp", "TestApp\TestApp.vcproj", "{A9E57FED-AB20-4EE5-9D24-A44EDA5DCEC1}"
	ProjectSection(ProjectDependencies) = postProject
		{C75863A6-27DE-49EE-BE93-700CED8D8FEE} = {C75863A6-27DE-49EE-BE93-700CED8D8FEE}
		{CB73F8B7-BBF1-4D37-B3EC-C9637AD991AF} = {CB73F8B7-BBF1-4D37-B3EC-C9637AD991AF}
	EndProjectSection
EndProject
Global
	GlobalSection(SolutionConfigurationPlatforms) = preSolution
		Debug|Win32 = Debug|Win32
		DLL Debug|Win32 = DLL Debug|Win32
		DLL Release|Win32 = DLL Release|Win32
		DLL Unicode Debug|Win32 = DLL Unicode Debug|Win32
		DLL Unicode Release|Win32 = DLL Unicode Release|Win32
		DLL Universal Debug|Win32 = DLL Universal Debug|Win32
		DLL Universal Release|Win32 = DLL Universal Release|Win32
		DLL Universal Unicode Debug|Win32 = DLL Universal Unicode Debug|Win32
		DLL Universal Unicode Release|Win32 = DLL Universal Unicode Release|Win32
		Release|Win32 = Release|Win32
		Unicode Debug|Win32 = Unicode Debug|Win32
		Unicode Release|Win32 = Unicode Release|Win32
		Universal Debug|Win32 = Universal Debug|Win32
		Universal Release|Win32 = Universal Release|Win32
		Universal Unicode Debug|Win32 = Universal Unicode Debug|Win32
		Universal Unicode Release|Win32 = Universal Unicode Release|Win32
	EndGlobalSection
	GlobalSection(ProjectConfigurationPlatforms) = postSolution
		{CB73F8B7-BBF1-4D37-B3EC-C9637AD991AF}.Debug|Win32.ActiveCfg = Debug|Win32
		{CB73F8B7-BBF1-4D37-B3EC-C9637AD991AF}.Debug|Win32.Build.0 = Debug|Win32
		{CB73F8B7-BBF1-4D37-B3EC-C9637AD991AF}.DLL Debug|Win32.ActiveCfg = Debug|Win32
		{CB73F8B7-BBF1-4D37-B3EC-C9637AD991AF}.DLL Debug|Win32.Build.0 = Debug|Win32
		{CB73F8B7-BBF1-4D37-B3EC-C9637AD991AF}.DLL Release|Win32.ActiveCfg = Release|Win32
		{CB73F8B7-BBF1-4D37-B3EC-C9637AD991AF}.DLL Release|Win32.Build.0 = Release|Win32
		{CB73F8B7-BBF1-4D37-B3EC-C9637AD991AF}.DLL Unicode Debug|Win32.ActiveCfg = Debug|Win32
		{CB73F8B7-BBF1-4D37-B3EC-C9637AD991AF}.DLL Unicode Debug|Win32.Build.0 = Debug|Win32
		{CB73F8B7-BBF1-4D37-B3EC-C9637AD991AF}.DLL Unicode Release|Win32.ActiveCfg = Release|Win32
		{CB73F8B7-BBF1-4D37-B3EC-C9637AD991AF}.DLL Unicode Release|Win32.Build.0 = Release|Win32
		{CB73F8B7-BBF1-4D37-B3EC-C9637AD991AF}.DLL Universal Debug|Win32.ActiveCfg = Debug|Win32
		{CB73F8B7-BBF1-4D37-B3EC-C9637AD991AF}.DLL Universal Debug|Win32.Build.0 = Debug|Win32
		{CB73F8B7-BBF1-4D37-B3EC-C9637AD991AF}.DLL Universal Release|Win32.ActiveCfg = Release|Win32
		{CB73F8B7-BBF1-4D37-B3EC-C9637AD991AF}.DLL Universal Release|Win32.Build.0 = Release|Win32
		{CB73F8B7-BBF1-4D37-B3EC-C9637AD991AF}.DLL Universal Unicode Debug|Win32.ActiveCfg = Debug|Win32
		{CB73F8B7-BBF1-4D37-B3EC-C9637AD991AF}.DLL Universal Unicode Debug|Win32.Build.0 = Debug|Win32
		{CB73F8B7-BBF1-4D37-B3EC-C9637AD991AF}.DLL Universal Unicode Release|Win32.ActiveCfg = Release|Win32
		{CB73F8B7-BBF1-4D37-B3EC-C9637AD991AF}.DLL Universal Unicode Release|Win32.Build.0 = Release|Win32
		{CB73F8B7-BBF1-4D37-B3EC-C9637AD991AF}.Release|Win32.ActiveCfg = Release|Win32
		{CB73F8B7-BBF1-4D37-B3EC-C9637AD991AF}.Release|Win32.Build.0 = Release|Win32
		{CB73F8B7-BBF1-4D37-B3EC-C9637AD991AF}.Unicode Debug|Win32.ActiveCfg = Debug|Win32
		{CB73F8B7-BBF1-4D37-B3EC-C9637AD991AF}.Unicode Debug|Win32.Build.0 = Debug|Win32
		{CB73F8B7-BBF1-4D37-B3EC-C9637AD991AF}.Unicode Release|Win32.ActiveCfg = Release|Win32
		{CB73F8B7-BBF1-4D37-B3EC-C9637AD991AF}.Unicode Release|Win32.Build.0 = Release|Win32
		{CB73F8B7-BBF1-4D37-B3EC-C9637AD991AF}.Universal Debug|Win32.ActiveCfg = Debug|Win32
		{CB73F8B7-BBF1-4D37-B3EC-C9637AD991AF}.Universal Debug|Win32.Build.0 = Debug|Win32
		{CB73F8B7-BBF1-4D37-B3EC-C9637AD991AF}.Universal Release|Win32.ActiveCfg = Release|Win32
		{CB73F8B7-BBF1-4D37-B3EC-C9637AD991AF}.Universal Release|Win32.Build.0 = Release|Win32
		{CB73F8B7-BBF1-4D37-B3EC-C9637AD991AF}.Universal Unicode Debug|Win32.ActiveCfg = Debug|Win32
		{CB73F8B7-BBF1-4D37-B3EC-C9637AD991AF}.Universal Unicode Debug|Win32.Build.0 = Debug|Win32
		{CB73F8B7-BBF1-4D37-B3EC-C9637AD991AF}.Universal Unicode Release|Win32.ActiveCfg = Release|Win32
		{CB73F8B7-BBF1-4D37-B3EC-C9637AD991AF}.Universal Unicode Release|Win32.Build.0 = Release|Win32
		{DC330DEA-922D-4E77-8C9F-DE3E661817E9}.Debug|Win32.ActiveCfg = Debug|Win32
		{DC330DEA-922D-4E77-8C9F-DE3E661817E9}.Debug|Win32.Build.0 = Debug|Win32
		{DC330DEA-922D-4E77-8C9F-DE3E661817E9}.DLL Debug|Win32.ActiveCfg = Debug|Win32
		{DC330DEA-922D-4E77-8C9F-DE3E661817E9}.DLL Debug|Win32.Build.0 = Debug|Win32
		{DC330DEA-922D-4E77-8C9F-DE3E661817E9}.DLL Release|Win32.ActiveCfg = Release|Win32
		{DC330DEA-922D-4E77-8C9F-DE3E661817E9}.DLL Release|Win32.Build.0 = Release|Win32
		{DC330DEA-922D-4E77-8C9F-DE3E661817E9}.DLL Unicode Debug|Win32.ActiveCfg = Debug|Win32
		{DC330DEA-922D-4E77-8C9F-DE3E661817E9}.DLL Unicode Debug|Win32.Build.0 = Debug|Win32
		{DC330DEA-922D-4E77-8C9F-DE3E661817E9}.DLL Unicode Release|Win32.ActiveCfg = Release|Win32
		{DC330DEA-922D-4E77-8C9F-DE3E661817E9}.DLL Unicode Release|Win32.Build.0 = Release|Win32
		{DC330DEA-922D-4E77-8C9F-DE3E661817E9}.DLL Universal Debug|Win32.ActiveCfg = Debug|Win32
		{DC330DEA-922D-4E77-8C9F-DE3E661817E9}.DLL Universal Debug|Win32.Build.0 = Debug|Win32
		{DC330DEA-922D-4E77-8C9F-DE3E661817E9}.DLL Universal Release|Win32.ActiveCfg = Release|Win32
		{DC330DEA-922D-4E77-8C9F-DE3E661817E9}.DLL Universal Release|Win32.Build.0 = Release|Win32
		{DC330DEA-922D-4E77-8C9F-DE3E661817E9}.DLL Universal Unicode Debug|Win32.ActiveCfg = Debug|Win32
		{DC330DEA-922D-4E77-8C9F-DE3E661817E9}.DLL Universal Unicode Debug|Win32.Build.0 = Debug|Win32
		{DC330DEA-922D-4E77-8C9F-DE3E661817E9}.DLL Universal Unicode Release|Win32.ActiveCfg = Release|Win32
		{DC330DEA-922D-4E77-8C9F-DE3E661817E9}.DLL Universal Unicode Release|Win32.Build.0 = Release|Win32
		{DC330DEA-922D-4E77-8C9F-DE3E661817E9}.Release|Win32.ActiveCfg = Release|Win32
		{DC330DEA-922D-4E77-8C9F-DE3E661817E9}.Release|Win32.Build.0 = Release|Win32
		{DC330DEA-922D-4E77-8C9F-DE3E661817E9}.Unicode Debug|Win32.ActiveCfg = Debug|Win32
		{DC330DEA-922D-4E77-8C9F-DE3E661817E9}.Unicode Debug|Win32.Build.0 = Debug|Win32
		{DC330DEA-922D-4E77-8C9F-DE3E661817E9}.Unicode Release|Win32.ActiveCfg = Release|Win32
		{DC330DEA-922D-4E77-8C9F-DE3E661817E9}.Unicode Release|Win32.Build.0 = Release|Win32
		{DC330DEA-922D-4E77-8C9F-DE3E661817E9}.Universal Debug|Win32.ActiveCfg = Debug|Win32
		{DC330DEA-922D-4E77-8C9F-DE3E661817E9}.Universal Debug|Win32.Build.0 = Debug|Win32
		{DC330DEA-922D-4E77-8C9F-DE3E661817E9}.Universal Release|Win32.ActiveCfg = Release|Win32
		{DC330DEA-922D-4E77-8C9F-DE3E661817E9}.Universal Release|Win32.Build.0 = Release|Win32
		{DC330DEA-922D-4E77-8C9F-DE3E661817E9}.Universal Unicode Debug|Win32.ActiveCfg = Debug|Win32
		{DC330DEA-922D-4E77-8C9F-DE3E661817E9}.Universal Unicode Debug|Win32.Build.0 = Debug|Win32
		{DC330DEA-922D-4E77-8C9F-DE3E661817E9}.Universal Unicode Release|Win32.ActiveCfg = Release|Win32
		{DC330DEA-922D-4E77-8C9F-DE3E661817E9}.Universal Unicode Release|Win32.Build.0 = Release|Win32
		{C75863A6-27DE-49EE-BE93-700CED8D8FEE}.Debug|Win32.ActiveCfg = Debug|Win32
		{C75863A6-27DE-49EE-BE93-700CED8D8FEE}.Debug|Win32.Build.0 = Debug|Win32
		{C75863A6-27DE-49EE-BE93-700CED8D8FEE}.DLL Debug|Win32.ActiveCfg = Debug|Win32
		{C75863A6-27DE-49EE-BE93-700CED8D8FEE}.DLL Debug|Win32.Build.0 = Debug|Win32
		{C75863A6-27DE-49EE-BE93-700CED8D8FEE}.DLL Release|Win32.ActiveCfg = Release|Win32
		{C75863A6-27DE-49EE-BE93-700CED8D8FEE}.DLL Release|Win32.Build.0 = Release|Win32
		{C75863A6-27DE-49EE-BE93-700CED8D8FEE}.DLL Unicode Debug|Win32.ActiveCfg = Debug|Win32
		{C75863A6-27DE-49EE-BE93-700CED8D8FEE}.DLL Unicode Debug|Win32.Build.0 = Debug|Win32
		{C75863A6-27DE-49EE-BE93-700CED8D8FEE}.DLL Unicode Release|Win32.ActiveCfg = Release|Win32
		{C75863A6-27DE-49EE-BE93-700CED8D8FEE}.DLL Unicode Release|Win32.Build.0 = Release|Win32
		{C75863A6-27DE-49EE-BE93-700CED8D8FEE}.DLL Universal Debug|Win32.ActiveCfg = Debug|Win32
		{C75863A6-27DE-49EE-BE93-700CED8D8FEE}.DLL Universal Debug|Win32.Build.0 = Debug|Win32
		{C75863A6-27DE-49EE-BE93-700CED8D8FEE}.DLL Universal Release|Win32.ActiveCfg = Release|Win32
		{C75863A6-27DE-49EE-BE93-700CED8D8FEE}.DLL Universal Release|Win32.Build.0 = Release|Win32
		{C75863A6-27DE-49EE-BE93-700CED8D8FEE}.DLL Universal Unicode Debug|Win32.ActiveCfg = Debug|Win32
		{C75863A6-27DE-49EE-BE93-700CED8D8FEE}.DLL Universal Unicode Debug|Win32.Build.0 = Debug|Win32
		{C75863A6-27DE-49EE-BE93-700CED8D8FEE}.DLL Universal Unicode Release|Win32.ActiveCfg = Release|Win32
		{C75863A6-27DE-49EE-BE93-700CED8D8FEE}.DLL Universal Unicode Release|Win32.Build.0 = Release|Win32
		{C75863A6-27DE-49EE-BE93-700CED8D8FEE}.Release|Win32.ActiveCfg = Release|Win32
		{C75863A6-27DE-49EE-BE93-700CED8D8FEE}.Release|Win32.Build.0 = Release|Win32
		{C75863A6-27DE-49EE-BE93-700CED8D8FEE}.Unicode Debug|Win32.ActiveCfg = Debug|Win32
		{C75863A6-27DE-49EE-BE93-700CED8D8FEE}.Unicode Debug|Win32.Build.0 = Debug|Win32
		{C75863A6-27DE-49EE-BE93-700CED8D8FEE}.Unicode Release|Win32.ActiveCfg = Release|Win32
		{C75863A6-27DE-49EE-BE93-700CED8D8FEE}.Unicode Release|Win32.Build.0 = Release|Win32
		{C75863A6-27DE-49EE-BE93-700CED8D8FEE}.Universal Debug|Win32.ActiveCfg = Debug|Win32
		{C75863A6-27DE-49EE-BE93-700CED8D8FEE}.Universal Debug|Win32.Build.0 = Debug|Win32
		{C75863A6-27DE-49EE-BE93-700CED8D8FEE}.Universal Release|Win32.ActiveCfg = Release|Win32
		{C75863A6-27DE-49EE-BE93-700CED8D8FEE}.Universal Release|Win32.Build.0 = Release|Win32
		{C75863A6-27DE-49EE-BE93-700CED8D8FEE}.Universal Unicode Debug|Win32.ActiveCfg = Debug|Win32
		{C75863A6-27DE-49EE-BE93-700CED8D8FEE}.Universal Unicode Debug|Win32.Build.0 = Debug|Win32
		{C75863A6-27DE-49EE-BE93-700CED8D8FEE}.Universal Unicode Release|Win32.ActiveCfg = Release|Win32
		{C75863A6-27DE-49EE-BE93-700CED8D8FEE}.Universal Unicode Release|Win32.Build.0 = Release|Win32
		{C49E67AC-9C89-4D98-B826-1D235D7A96C7}.Debug|Win32.ActiveCfg = Debug|Win32
		{C49E67AC-9C89-4D98-B826-1D235D7A96C7}.Debug|Win32.Build.0 = Debug|Win32
		{C49E67AC-9C89-4D98-B826-1D235D7A96C7}.DLL Debug|Win32.ActiveCfg = DLL Debug|Win32
		{C49E67AC-9C89-4D98-B826-1D235D7A96C7}.DLL Debug|Win32.Build.0 = DLL Debug|Win32
		{C49E67AC-9C89-4D98-B826-1D235D7A96C7}.DLL Release|Win32.ActiveCfg = DLL Release|Win32
		{C49E67AC-9C89-4D98-B826-1D235D7A96C7}.DLL Release|Win32.Build.0 = DLL Release|Win32
		{C49E67AC-9C89-4D98-B826-1D235D7A96C7}.DLL Unicode Debug|Win32.ActiveCfg = DLL Unicode Debug|Win32
		{C49E67AC-9C89-4D98-B826-1D235D7A96C7}.DLL Unicode Debug|Win32.Build.0 = DLL Unicode Debug|Win32
		{C49E67AC-9C89-4D98-B826-1D235D7A96C7}.DLL Unicode Release|Win32.ActiveCfg = DLL Unicode Release|Win32
		{C49E67AC-9C89-4D98-B826-1D235D7A96C7}.DLL Unicode Release|Win32.Build.0 = DLL Unicode Release|Win32
		{C49E67AC-9C89-4D98-B826-1D235D7A96C7}.DLL Universal Debug|Win32.ActiveCfg = DLL Universal Debug|Win32
		{C49E67AC-9C89-4D98-B826-1D235D7A96C7}.DLL Universal Debug|Win32.Build.0 = DLL Universal Debug|Win32
		{C49E67AC-9C89-4D98-B826-1D235D7A96C7}.DLL Universal Release|Win32.ActiveCfg = DLL Universal Release|Win32
		{C49E67AC-9C89-4D98-B826-1D235D7A96C7}.DLL Universal Release|Win32.Build.0 = DLL Universal Release|Win32
		{C49E67AC-9C89-4D98-B826-1D235D7A96C7}.DLL Universal Unicode Debug|Win32.ActiveCfg = DLL Universal Unicode Debug|Win32
		{C49E67AC-9C89-4D98-B826-1D235D7A96C7}.DLL Universal Unicode Debug|Win32.Build.0 = DLL Universal Unicode Debug|Win32
		{C49E67AC-9C89-4D98-B826-1D235D7A96C7}.DLL Universal Unicode Release|Win32.ActiveCfg = DLL Universal Unicode Release|Win32
		{C49E67AC-9C89-4D98-B826-1D235D7A96C7}.DLL Universal Unicode Release|Win32.Build.0 = DLL Universal Unicode Release|Win32
		{C49E67AC-9C89-4D98-B826-1D235D7A96C7}.Release|Win32.ActiveCfg = Release|Win32
		{C49E67AC-9C89-4D98-B826-1D235D7A96C7}.Release|Win32.Build.0 = Release|Win32
		{C49E67AC-9C89-4D98-B826-1D235D7A96C7}.Unicode Debug|Win32.ActiveCfg = Unicode Debug|Win32
		{C49E67AC-9C89-4D98-B826-1D235D7A96C7}.Unicode Debug|Win32.Build.0 = Unicode Debug|Win32
		{C49E67AC-9C89-4D98-B826-1D235D7A96C7}.Unicode Release|Win32.ActiveCfg = Unicode Release|Win32
		{C49E67AC-9C89-4D98-B826-1D235D7A96C7}.Unicode Release|Win32.Build.0 = Unicode Release|Win32
		{C49E67AC-9C89-4D98-B826-1D235D7A96C7}.Universal Debug|Win32.ActiveCfg = Universal Debug|Win32
		{C49E67AC-9C89-4D98-B826-1D235D7A96C7}.Universal Debug|Win32.Build.0 = Universal Debug|Win32
		{C49E67AC-9C89-4D98-B826-1D235D7A96C7}.Universal Release|Win32.ActiveCfg = Universal Release|Win32
		{C49E67AC-9C89-4D98-B826-1D235D7A96C7}.Universal Release|Win32.Build.0 = Universal Release|Win32
		{C49E67AC-9C89-4D98-B826-1D235D7A96C7}.Universal Unicode Debug|Win32.ActiveCfg = Universal Unicode Debug|Win32
		{C49E67AC-9C89-4D98-B826-1D235D7A96C7}.Universal Unicode Debug|Win32.Build.0 = Universal Unicode Debug|Win32
		{C49E67AC-9C89-4D98-B826-1D235D7A96C7}.Universal Unicode Release|Win32.ActiveCfg = Universal Unicode Release|Win32
		{C49E67AC-9C89-4D98-B826-1D235D7A96C7}.Universal Unicode Release|Win32.Build.0 = Universal Unicode Release|Win32
		{872AE0CC-85DB-47AD-9FE8-910FF82E06B0}.Debug|Win32.ActiveCfg = Debug|Win32
		{872AE0CC-85DB-47AD-9FE8-910FF82E06B0}.Debug|Win32.Build.0 = Debug|Win32
		{872AE0CC-85DB-47AD-9FE8-910FF82E06B0}.DLL Debug|Win32.ActiveCfg = DLL Debug|Win32
		{872AE0CC-85DB-47AD-9FE8-910FF82E06B0}.DLL Debug|Win32.Build.0 = DLL Debug|Win32
		{872AE0CC-85DB-47AD-9FE8-910FF82E06B0}.DLL Release|Win32.ActiveCfg = DLL Release|Win32
		{872AE0CC-85DB-47AD-9FE8-910FF82E06B0}.DLL Release|Win32.Build.0 = DLL Release|Win32
		{872AE0CC-85DB-47AD-9FE8-910FF82E06B0}.DLL Unicode Debug|Win32.ActiveCfg = DLL Unicode Debug|Win32
		{872AE0CC-85DB-47AD-9FE8-910FF82E06B0}.DLL Unicode Debug|Win32.Build.0 = DLL Unicode Debug|Win32
		{872AE0CC-85DB-47AD-9FE8-910FF82E06B0}.DLL Unicode Release|Win32.ActiveCfg = DLL Unicode Release|Win32
		{872AE0CC-85DB-47AD-9FE8-910FF82E06B0}.DLL Unicode Release|Win32.Build.0 = DLL Unicode Release|Win32
		{872AE0CC-85DB-47AD-9FE8-910FF82E06B0}.DLL Universal Debug|Win32.ActiveCfg = DLL Universal Debug|Win32
		{872AE0CC-85DB-47AD-9FE8-910FF82E06B0}.DLL Universal Debug|Win32.Build.0 = DLL Universal Debug|Win32
		{872AE0CC-85DB-47AD-9FE8-910FF82E06B0}.DLL Universal Release|Win32.ActiveCfg = DLL Universal Release|Win32
		{872AE0CC-85DB-47AD-9FE8-910FF82E06B0}.DLL Universal Release|Win32.Build.0 = DLL Universal Release|Win32
		{872AE0CC-85DB-47AD-9FE8-910FF82E06B0}.DLL Universal Unicode Debug|Win32.ActiveCfg = DLL Universal Unicode Debug|Win32
		{872AE0CC-85DB-47AD-9FE8-910FF82E06B0}.DLL Universal Unicode Debug|Win32.Build.0 = DLL Universal Unicode Debug|Win32
		{872AE0CC-85DB-47AD-9FE8-910FF82E06B0}.DLL Universal Unicode Release|Win32.ActiveCfg = DLL Universal Unicode Release|Win32
		{872AE0CC-85DB-47AD-9FE8-910FF82E06B0}.DLL Universal Unicode Release|Win32.Build.0 = DLL Universal Unicode Release|Win32
		{872AE0CC-85DB-47AD-9FE8-910FF82E06B0}.Release|Win32.ActiveCfg = Release|Win32
		{872AE0CC-85DB-47AD-9FE8-910FF82E06B0}.Release|Win32.Build.0 = Release|Win32
		{872AE0CC-85DB-47AD-9FE8-910FF82E06B0}.Unicode Debug|Win32.ActiveCfg = Unicode Debug|Win32
		{872AE0CC-85DB-47AD-9FE8-910FF82E06B0}.Unicode Debug|Win32.Build.0 = Unicode Debug|Win32
		{872AE0CC-85DB-47AD-9FE8-910FF82E06B0}.Unicode Release|Win32.ActiveCfg = Unicode Release|Win32
		{872AE0CC-85DB-47AD-9FE8-910FF82E06B0}.Unicode Release|Win32.Build.0 = Unicode Release|Win32
		{872AE0CC-85DB-47AD-9FE8-910FF82E06B0}.Universal Debug|Win32.ActiveCfg = Universal Debug|Win32
		{872AE0CC-85DB-47AD-9FE8-910FF82E06B0}.Universal Debug|Win32.Build.0 = Universal Debug|Win32
		{872AE0CC-85DB-47AD-9FE8-910FF82E06B0}.Universal Release|Win32.ActiveCfg = Universal Release|Win32
		{872AE0CC-85DB-47AD-9FE8-910FF82E06B0}.Universal Release|Win32.Build.0 = Universal Release|Win32
		{872AE0CC-85DB-47AD-9FE8-910FF82E06B0}.Universal Unicode Debug|Win32.ActiveCfg = Universal Unicode Debug|Win32
		{872AE0CC-85DB-47AD-9FE8-910FF82E06B0}.Universal Unicode Debug|Win32.Build.0 = Universal Unicode Debug|Win32
		{872AE0CC-85DB-47AD-9FE8-910FF82E06B0}.Universal Unicode Release|Win32.ActiveCfg = Universal Unicode Release|Win32
		{872AE0CC-85DB-47AD-9FE8-910FF82E06B0}.Universal Unicode Release|Win32.Build.0 = Universal Unicode Release|Win32
		{56EF6201-FE65-4843-919D-FA1A8043DB1E}.Debug|Win32.ActiveCfg = Debug|Win32
		{56EF6201-FE65-4843-919D-FA1A8043DB1E}.Debug|Win32.Build.0 = Debug|Win32
		{56EF6201-FE65-4843-919D-FA1A8043DB1E}.DLL Debug|Win32.ActiveCfg = DLL Debug|Win32
		{56EF6201-FE65-4843-919D-FA1A8043DB1E}.DLL Debug|Win32.Build.0 = DLL Debug|Win32
		{56EF6201-FE65-4843-919D-FA1A8043DB1E}.DLL Release|Win32.ActiveCfg = DLL Release|Win32
		{56EF6201-FE65-4843-919D-FA1A8043DB1E}.DLL Release|Win32.Build.0 = DLL Release|Win32
		{56EF6201-FE65-4843-919D-FA1A8043DB1E}.DLL Unicode Debug|Win32.ActiveCfg = DLL Unicode Debug|Win32
		{56EF6201-FE65-4843-919D-FA1A8043DB1E}.DLL Unicode Debug|Win32.Build.0 = DLL Unicode Debug|Win32
		{56EF6201-FE65-4843-919D-FA1A8043DB1E}.DLL Unicode Release|Win32.ActiveCfg = DLL Unicode Release|Win32
		{56EF6201-FE65-4843-919D-FA1A8043DB1E}.DLL Unicode Release|Win32.Build.0 = DLL Unicode Release|Win32
		{56EF6201-FE65-4843-919D-FA1A8043DB1E}.DLL Universal Debug|Win32.ActiveCfg = DLL Universal Debug|Win32
		{56EF6201-FE65-4843-919D-FA1A8043DB1E}.DLL Universal Debug|Win32.Build.0 = DLL Universal Debug|Win32
		{56EF6201-FE65-4843-919D-FA1A8043DB1E}.DLL Universal Release|Win32.ActiveCfg = DLL Universal Release|Win32
		{56EF6201-FE65-4843-919D-FA1A8043DB1E}.DLL Universal Release|Win32.Build.0 = DLL Universal Release|Win32
		{56EF6201-FE65-4843-919D-FA1A8043DB1E}.DLL Universal Unicode Debug|Win32.ActiveCfg = DLL Universal Unicode Debug|Win32
		{56EF6201-FE65-4843-919D-FA1A8043DB1E}.DLL Universal Unicode Debug|Win32.Build.0 = DLL Universal Unicode Debug|Win32
		{56EF6201-FE65-4843-919D-FA1A8043DB1E}.DLL Universal Unicode Release|Win32.ActiveCfg = DLL Universal Unicode Release|Win32
		{56EF6201-FE65-4843-919D-FA1A8043DB1E}.DLL Universal Unicode Release|Win32.Build.0 = DLL Universal Unicode Release|Win32
		{56EF6201-FE65-4843-919D-FA1A8043DB1E}.Release|Win32.ActiveCfg = Release|Win32
		{56EF6201-FE65-4843-919D-FA1A8043DB1E}.Release|Win32.Build.0 = Release|Win32
		{56EF6201-FE65-4843-919D-FA1A8043DB1E}.Unicode Debug|Win32.ActiveCfg = Unicode Debug|Win32
		{56EF6201-FE65-4843-919D-FA1A8043DB1E}.Unicode Debug|Win32.Build.0 = Unicode Debug|Win32
		{56EF6201-FE65-4843-919D-FA1A8043DB1E}.Unicode Release|Win32.ActiveCfg = Unicode Release|Win32
		{56EF6201-FE65-4843-919D-FA1A8043DB1E}.Unicode Release|Win32.Build.0 = Unicode Release|Win32
		{56EF6201-FE65-4843-919D-FA1A8043DB1E}.Universal Debug|Win32.ActiveCfg = Universal Debug|Win32
		{56EF6201-FE65-4843-919D-FA1A8043DB1E}.Universal Debug|Win32.Build.0 = Universal Debug|Win32
		{56EF6201-FE65-4843-919D-FA1A8043DB1E}.Universal Release|Win32.ActiveCfg = Universal Release|Win32
		{56EF6201-FE65-4843-919D-FA1A8043DB1E}.Universal Release|Win32.Build.0 = Universal Release|Win32
		{56EF6201-FE65-4843-919D-FA1A8043DB1E}.Universal Unicode Debug|Win32.ActiveCfg = Universal Unicode Debug|Win32
		{56EF6201-FE65-4843-919D-FA1A8043DB1E}.Universal Unicode Debug|Win32.Build.0 = Universal Unicode Debug|Win32
		{56EF6201-FE65-4843-919D-FA1A8043DB1E}.Universal Unicode Release|Win32.ActiveCfg = Universal Unicode Release|Win32
		{56EF6201-FE65-4843-919D-FA1A8043DB1E}.Universal Unicode Release|Win32.Build.0 = Universal Unicode Release|Win32
		{B04C3EB8-1837-4C74-88E9-41DD257364A5}.Debug|Win32.ActiveCfg = Debug|Win32
		{B04C3EB8-1837-4C74-88E9-41DD257364A5}.Debug|Win32.Build.0 = Debug|Win32
		{B04C3EB8-1837-4C74-88E9-41DD257364A5}.DLL Debug|Win32.ActiveCfg = DLL Debug|Win32
		{B04C3EB8-1837-4C74-88E9-41DD257364A5}.DLL Debug|Win32.Build.0 = DLL Debug|Win32
		{B04C3EB8-1837-4C74-88E9-41DD257364A5}.DLL Release|Win32.ActiveCfg = DLL Release|Win32
		{B04C3EB8-1837-4C74-88E9-41DD257364A5}.DLL Release|Win32.Build.0 = DLL Release|Win32
		{B04C3EB8-1837-4C74-88E9-41DD257364A5}.DLL Unicode Debug|Win32.ActiveCfg = DLL Unicode Debug|Win32
		{B04C3EB8-1837-4C74-88E9-41DD257364A5}.DLL Unicode Debug|Win32.Build.0 = DLL Unicode Debug|Win32
		{B04C3EB8-1837-4C74-88E9-41DD257364A5}.DLL Unicode Release|Win32.ActiveCfg = DLL Unicode Release|Win32
		{B04C3EB8-1837-4C74-88E9-41DD257364A5}.DLL Unicode Release|Win32.Build.0 = DLL Unicode Release|Win32
		{B04C3EB8-1837-4C74-88E9-41DD257364A5}.DLL Universal Debug|Win32.ActiveCfg = DLL Universal Debug|Win32
		{B04C3EB8-1837-4C74-88E9-41DD257364A5}.DLL Universal Debug|Win32.Build.0 = DLL Universal Debug|Win32
		{B04C3EB8-1837-4C74-88E9-41DD257364A5}.DLL Universal Release|Win32.ActiveCfg = DLL Universal Release|Win32
		{B04C3EB8-1837-4C74-88E9-41DD257364A5}.DLL Universal Release|Win32.Build.0 = DLL Universal Release|Win32
		{B04C3EB8-1837-4C74-88E9-41DD257364A5}.DLL Universal Unicode Debug|Win32.ActiveCfg = DLL Universal Unicode Debug|Win32
		{B04C3EB8-1837-4C74-88E9-41DD257364A5}.DLL Universal Unicode Debug|Win32.Build.0 = DLL Universal Unicode Debug|Win32
		{B04C3EB8-1837-4C74-88E9-41DD257364A5}.DLL Universal Unicode Release|Win32.ActiveCfg = DLL Universal Unicode Release|Win32
		{B04C3EB8-1837-4C74-88E9-41DD257364A5}.DLL Universal Unicode Release|Win32.Build.0 = DLL Universal Unicode Release|Win32
		{B04C3EB8-1837-4C74-88E9-41DD257364A5}.Release|Win32.ActiveCfg = Release|Win32
		{B04C3EB8-1837-4C74-88E9-41DD257364A5}.Release|Win32.Build.0 = Release|Win32
		{B04C3EB8-1837-4C74-88E9-41DD257364A5}.Unicode Debug|Win32.ActiveCfg = Unicode Debug|Win32
		{B04C3EB8-1837-4C74-88E9-41DD257364A5}.Unicode Debug|Win32.Build.0 = Unicode Debug|Win32
		{B04C3EB8-1837-4C74-88E9-41DD257364A5}.Unicode Release|Win32.ActiveCfg = Unicode Release|Win32
		{B04C3EB8-1837-4C74-88E9-41DD257364A5}.Unicode Release|Win32.Build.0 = Unicode Release|Win32
		{B04C3EB8-1837-4C74-88E9-41DD257364A5}.Universal Debug|Win32.ActiveCfg = Universal Debug|Win32
		{B04C3EB8-1837-4C74-88E9-41DD257364A5}.Universal Debug|Win32.Build.0 = Universal Debug|Win32
		{B04C3EB8-1837-4C74-88E9-41DD257364A5}.Universal Release|Win32.ActiveCfg = Universal Release|Win32
		{B04C3EB8-1837-4C74-88E9-41DD257364A5}.Universal Release|Win32.Build.0 = Universal Release|Win32
		{B04C3EB8-1837-4C74-88E9-41DD257364A5}.Universal Unicode Debug|Win32.ActiveCfg = Universal Unicode Debug|Win32
		{B04C3EB8-1837-4C74-88E9-41DD257364A5}.Universal Unicode Debug|Win32.Build.0 = Universal Unicode Debug|Win32
		{B04C3EB8-1837-4C74-88E9-41DD257364A5}.Universal Unicode Release|Win32.ActiveCfg = Universal Unicode Release|Win32
		{B04C3EB8-1837-4C74-88E9-41DD257364A5}.Universal Unicode Release|Win32.Build.0 = Universal Unicode Release|Win32
		{0E3BA15B-CFD8-4156-B3ED-2B4754C41442}.Debug|Win32.ActiveCfg = Debug|Win32
		{0E3BA15B-CFD8-4156-B3ED-2B4754C41442}.Debug|Win32.Build.0 = Debug|Win32
		{0E3BA15B-CFD8-4156-B3ED-2B4754C41442}.DLL Debug|Win32.ActiveCfg = DLL Debug|Win32
		{0E3BA15B-CFD8-4156-B3ED-2B4754C41442}.DLL Debug|Win32.Build.0 = DLL Debug|Win32
		{0E3BA15B-CFD8-4156-B3ED-2B4754C41442}.DLL Release|Win32.ActiveCfg = DLL Release|Win32
		{0E3BA15B-CFD8-4156-B3ED-2B4754C41442}.DLL Release|Win32.Build.0 = DLL Release|Win32
		{0E3BA15B-CFD8-4156-B3ED-2B4754C41442}.DLL Unicode Debug|Win32.ActiveCfg = DLL Unicode Debug|Win32
		{0E3BA15B-CFD8-4156-B3ED-2B4754C41442}.DLL Unicode Debug|Win32.Build.0 = DLL Unicode Debug|Win32
		{0E3BA15B-CFD8-4156-B3ED-2B4754C41442}.DLL Unicode Release|Win32.ActiveCfg = DLL Unicode Release|Win32
		{0E3BA15B-CFD8-4156-B3ED-2B4754C41442}.DLL Unicode Release|Win32.Build.0 = DLL Unicode Release|Win32
		{0E3BA15B-CFD8-4156-B3ED-2B4754C41442}.DLL Universal Debug|Win32.ActiveCfg = DLL Universal Debug|Win32
		{0E3BA15B-CFD8-4156-B3ED-2B4754C41442}.DLL Universal Debug|Win32.Build.0 = DLL Universal Debug|Win32
		{0E3BA15B-CFD8-4156-B3ED-2B4754C41442}.DLL Universal Release|Win32.ActiveCfg = DLL Universal Release|Win32
		{0E3BA15B-CFD8-4156-B3ED-2B4754C41442}.DLL Universal Release|Win32.Build.0 = DLL Universal Release|Win32
		{0E3BA15B-CFD8-4156-B3ED-2B4754C41442}.DLL Universal Unicode Debug|Win32.ActiveCfg = DLL Universal Unicode Debug|Win32
		{0E3BA15B-CFD8-4156-B3ED-2B4754C41442}.DLL Universal Unicode Debug|Win32.Build.0 = DLL Universal Unicode Debug|Win32
		{0E3BA15B-CFD8-4156-B3ED-2B4754C41442}.DLL Universal Unicode Release|Win32.ActiveCfg = DLL Universal Unicode Release|Win32
		{0E3BA15B-CFD8-4156-B3ED-2B4754C41442}.DLL Universal Unicode Release|Win32.Build.0 = DLL Universal Unicode Release|Win32
		{0E3BA15B-CFD8-4156-B3ED-2B4754C41442}.Release|Win32.ActiveCfg = Release|Win32
		{0E3BA15B-CFD8-4156-B3ED-2B4754C41442}.Release|Win32.Build.0 = Release|Win32
		{0E3BA15B-CFD8-4156-B3ED-2B4754C41442}.Unicode Debug|Win32.ActiveCfg = Unicode Debug|Win32
		{0E3BA15B-CFD8-4156-B3ED-2B4754C41442}.Unicode Debug|Win32.Build.0 = Unicode Debug|Win32
		{0E3BA15B-CFD8-4156-B3ED-2B4754C41442}.Unicode Release|Win32.ActiveCfg = Unicode Release|Win32
		{0E3BA15B-CFD8-4156-B3ED-2B4754C41442}.Unicode Release|Win32.Build.0 = Unicode Release|Win32
		{0E3BA15B-CFD8-4156-B3ED-2B4754C41442}.Universal Debug|Win32.ActiveCfg = Universal Debug|Win32
		{0E3BA15B-CFD8-4156-B3ED-2B4754C41442}.Universal Debug|Win32.Build.0 = Universal Debug|Win32
		{0E3BA15B-CFD8-4156-B3ED-2B4754C41442}.Universal Release|Win32.ActiveCfg = Universal Release|Win32
		{0E3BA15B-CFD8-4156-B3ED-2B4754C41442}.Universal Release|Win32.Build.0 = Universal Release|Win32
		{0E3BA15B-CFD8-4156-B3ED-2B4754C41442}.Universal Unicode Debug|Win32.ActiveCfg = Universal Unicode Debug|Win32
		{0E3BA15B-CFD8-4156-B3ED-2B4754C41442}.Universal Unicode Debug|Win32.Build.0 = Universal Unicode Debug|Win32
		{0E3BA15B-CFD8-4156-B3ED-2B4754C41442}.Universal Unicode Release|Win32.ActiveCfg = Universal Unicode Release|Win32
		{0E3BA15B-CFD8-4156-B3ED-2B4754C41442}.Universal Unicode Release|Win32.Build.0 = Universal Unicode Release|Win32
		{245CA754-76A7-4376-B445-5A2E6997E158}.Debug|Win32.ActiveCfg = Debug|Win32
		{245CA754-76A7-4376-B445-5A2E6997E158}.Debug|Win32.Build.0 = Debug|Win32
		{245CA754-76A7-4376-B445-5A2E6997E158}.DLL Debug|Win32.ActiveCfg = DLL Debug|Win32
		{245CA754-76A7-4376-B445-5A2E6997E158}.DLL Debug|Win32.Build.0 = DLL Debug|Win32
		{245CA754-76A7-4376-B445-5A2E6997E158}.DLL Release|Win32.ActiveCfg = DLL Release|Win32
		{245CA754-76A7-4376-B445-5A2E6997E158}.DLL Release|Win32.Build.0 = DLL Release|Win32
		{245CA754-76A7-4376-B445-5A2E6997E158}.DLL Unicode Debug|Win32.ActiveCfg = DLL Unicode Debug|Win32
		{245CA754-76A7-4376-B445-5A2E6997E158}.DLL Unicode Debug|Win32.Build.0 = DLL Unicode Debug|Win32
		{245CA754-76A7-4376-B445-5A2E6997E158}.DLL Unicode Release|Win32.ActiveCfg = DLL Unicode Release|Win32
		{245CA754-76A7-4376-B445-5A2E6997E158}.DLL Unicode Release|Win32.Build.0 = DLL Unicode Release|Win32
		{245CA754-76A7-4376-B445-5A2E6997E158}.DLL Universal Debug|Win32.ActiveCfg = DLL Universal Debug|Win32
		{245CA754-76A7-4376-B445-5A2E6997E158}.DLL Universal Debug|Win32.Build.0 = DLL Universal Debug|Win32
		{245CA754-76A7-4376-B445-5A2E6997E158}.DLL Universal Release|Win32.ActiveCfg = DLL Universal Release|Win32
		{245CA754-76A7-4376-B445-5A2E6997E158}.DLL Universal Release|Win32.Build.0 = DLL Universal Release|Win32
		{245CA754-76A7-4376-B445-5A2E6997E158}.DLL Universal Unicode Debug|Win32.ActiveCfg = DLL Universal Unicode Debug|Win32
		{245CA754-76A7-4376-B445-5A2E6997E158}.DLL Universal Unicode Debug|Win32.Build.0 = DLL Universal Unicode Debug|Win32
		{245CA754-76A7-4376-B445-5A2E6997E158}.DLL Universal Unicode Release|Win32.ActiveCfg = DLL Universal Unicode Release|Win32
		{245CA754-76A7-4376-B445-5A2E6997E158}.DLL Universal Unicode Release|Win32.Build.0 = DLL Universal Unicode Release|Win32
		{245CA754-76A7-4376-B445-5A2E6997E158}.Release|Win32.ActiveCfg = Release|Win32
		{245CA754-76A7-4376-B445-5A2E6997E158}.Release|Win32.Build.0 = Release|Win32
		{245CA754-76A7-4376-B445-5A2E6997E158}.Unicode Debug|Win32.ActiveCfg = Unicode Debug|Win32
		{245CA754-76A7-4376-B445-5A2E6997E158}.Unicode Debug|Win32.Build.0 = Unicode Debug|Win32
		{245CA754-76A7-4376-B445-5A2E6997E158}.Unicode Release|Win32.ActiveCfg = Unicode Release|Win32
		{245CA754-76A7-4376-B445-5A2E6997E158}.Unicode Release|Win32.Build.0 = Unicode Release|Win32
		{245CA754-76A7-4376-B445-5A2E6997E158}.Universal Debug|Win32.ActiveCfg = Universal Debug|Win32
		{245CA754-76A7-4376-B445-5A2E6997E158}.Universal Debug|Win32.Build.0 = Universal Debug|Win32
		{245CA754-76A7-4376-B445-5A2E6997E158}.Universal Release|Win32.ActiveCfg = Universal Release|Win32
		{245CA754-76A7-4376-B445-5A2E6997E158}.Universal Release|Win32.Build.0 = Universal Release|Win32
		{245CA754-76A7-4376-B445-5A2E6997E158}.Universal Unicode Debug|Win32.ActiveCfg = Universal Unicode Debug|Win32
		{245CA754-76A7-4376-B445-5A2E6997E158}.Universal Unicode Debug|Win32.Build.0 = Universal Unicode Debug|Win32
		{245CA754-76A7-4376-B445-5A2E6997E158}.Universal Unicode Release|Win32.ActiveCfg = Universal Unicode Release|Win32
		{245CA754-76A7-4376-B445-5A2E6997E158}.Universal Unicode Release|Win32.Build.0 = Universal Unicode Release|Win32
		{C7438A49-3037-4210-8112-426C7D15EE40}.Debug|Win32.ActiveCfg = Debug|Win32
		{C7438A49-3037-4210-8112-426C7D15EE40}.Debug|Win32.Build.0 = Debug|Win32
		{C7438A49-3037-4210-8112-426C7D15EE40}.DLL Debug|Win32.ActiveCfg = DLL Debug|Win32
		{C7438A49-3037-4210-8112-426C7D15EE40}.DLL Debug|Win32.Build.0 = DLL Debug|Win32
		{C7438A49-3037-4210-8112-426C7D15EE40}.DLL Release|Win32.ActiveCfg = DLL Release|Win32
		{C7438A49-3037-4210-8112-426C7D15EE40}.DLL Release|Win32.Build.0 = DLL Release|Win32
		{C7438A49-3037-4210-8112-426C7D15EE40}.DLL Unicode Debug|Win32.ActiveCfg = DLL Unicode Debug|Win32
		{C7438A49-3037-4210-8112-426C7D15EE40}.DLL Unicode Debug|Win32.Build.0 = DLL Unicode Debug|Win32
		{C7438A49-3037-4210-8112-426C7D15EE40}.DLL Unicode Release|Win32.ActiveCfg = DLL Unicode Release|Win32
		{C7438A49-3037-4210-8112-426C7D15EE40}.DLL Unicode Release|Win32.Build.0 = DLL Unicode Release|Win32
		{C7438A49-3037-4210-8112-426C7D15EE40}.DLL Universal Debug|Win32.ActiveCfg = DLL Universal Debug|Win32
		{C7438A49-3037-4210-8112-426C7D15EE40}.DLL Universal Debug|Win32.Build.0 = DLL Universal Debug|Win32
		{C7438A49-3037-4210-8112-426C7D15EE40}.DLL Universal Release|Win32.ActiveCfg = DLL Universal Release|Win32
		{C7438A49-3037-4210-8112-426C7D15EE40}.DLL Universal Release|Win32.Build.0 = DLL Universal Release|Win32
		{C7438A49-3037-4210-8112-426C7D15EE40}.DLL Universal Unicode Debug|Win32.ActiveCfg = DLL Universal Unicode Debug|Win32
		{C7438A49-3037-4210-8112-426C7D15EE40}.DLL Universal Unicode Debug|Win32.Build.0 = DLL Universal Unicode Debug|Win32
		{C7438A49-3037-4210-8112-426C7D15EE40}.DLL Universal Unicode Release|Win32.ActiveCfg = DLL Universal Unicode Release|Win32
		{C7438A49-3037-4210-8112-426C7D15EE40}.DLL Universal Unicode Release|Win32.Build.0 = DLL Universal Unicode Release|Win32
		{C7438A49-3037-4210-8112-426C7D15EE40}.Release|Win32.ActiveCfg = Release|Win32
		{C7438A49-3037-4210-8112-426C7D15EE40}.Release|Win32.Build.0 = Release|Win32
		{C7438A49-3037-4210-8112-426C7D15EE40}.Unicode Debug|Win32.ActiveCfg = Unicode Debug|Win32
		{C7438A49-3037-4210-8112-426C7D15EE40}.Unicode Debug|Win32.Build.0 = Unicode Debug|Win32
		{C7438A49-3037-4210-8112-426C7D15EE40}.Unicode Release|Win32.ActiveCfg = Unicode Release|Win32
		{C7438A49-3037-4210-8112-426C7D15EE40}.Unicode Release|Win32.Build.0 = Unicode Release|Win32
		{C7438A49-3037-4210-8112-426C7D15EE40}.Universal Debug|Win32.ActiveCfg = Universal Debug|Win32
		{C7438A49-3037-4210-8112-426C7D15EE40}.Universal Debug|Win32.Build.0 = Universal Debug|Win32
		{C7438A49-3037-4210-8112-426C7D15EE40}.Universal Release|Win32.ActiveCfg = Universal Release|Win32
		{C7438A49-3037-4210-8112-426C7D15EE40}.Universal Release|Win32.Build.0 = Universal Release|Win32
		{C7438A49-3037-4210-8112-426C7D15EE40}.Universal Unicode Debug|Win32.ActiveCfg = Universal Unicode Debug|Win32
		{C7438A49-3037-4210-8112-426C7D15EE40}.Universal Unicode Debug|Win32.Build.0 = Universal Unicode Debug|Win32
		{C7438A49-3037-4210-8112-426C7D15EE40}.Universal Unicode Release|Win32.ActiveCfg = Universal Unicode Release|Win32
		{C7438A49-3037-4210-8112-426C7D15EE40}.Universal Unicode Release|Win32.Build.0 = Universal Unicode Release|Win32
		{5A0A0D47-6BE8-455D-B37F-9F4764E268F8}.Debug|Win32.ActiveCfg = Debug|Win32
		{5A0A0D47-6BE8-455D-B37F-9F4764E268F8}.Debug|Win32.Build.0 = Debug|Win32
		{5A0A0D47-6BE8-455D-B37F-9F4764E268F8}.DLL Debug|Win32.ActiveCfg = DLL Debug|Win32
		{5A0A0D47-6BE8-455D-B37F-9F4764E268F8}.DLL Debug|Win32.Build.0 = DLL Debug|Win32
		{5A0A0D47-6BE8-455D-B37F-9F4764E268F8}.DLL Release|Win32.ActiveCfg = DLL Release|Win32
		{5A0A0D47-6BE8-455D-B37F-9F4764E268F8}.DLL Release|Win32.Build.0 = DLL Release|Win32
		{5A0A0D47-6BE8-455D-B37F-9F4764E268F8}.DLL Unicode Debug|Win32.ActiveCfg = DLL Unicode Debug|Win32
		{5A0A0D47-6BE8-455D-B37F-9F4764E268F8}.DLL Unicode Debug|Win32.Build.0 = DLL Unicode Debug|Win32
		{5A0A0D47-6BE8-455D-B37F-9F4764E268F8}.DLL Unicode Release|Win32.ActiveCfg = DLL Unicode Release|Win32
		{5A0A0D47-6BE8-455D-B37F-9F4764E268F8}.DLL Unicode Release|Win32.Build.0 = DLL Unicode Release|Win32
		{5A0A0D47-6BE8-455D-B37F-9F4764E268F8}.DLL Universal Debug|Win32.ActiveCfg = DLL Universal Debug|Win32
		{5A0A0D47-6BE8-455D-B37F-9F4764E268F8}.DLL Universal Debug|Win32.Build.0 = DLL Universal Debug|Win32
		{5A0A0D47-6BE8-455D-B37F-9F4764E268F8}.DLL Universal Release|Win32.ActiveCfg = DLL Universal Release|Win32
		{5A0A0D47-6BE8-455D-B37F-9F4764E268F8}.DLL Universal Release|Win32.Build.0 = DLL Universal Release|Win32
		{5A0A0D47-6BE8-455D-B37F-9F4764E268F8}.DLL Universal Unicode Debug|Win32.ActiveCfg = DLL Universal Unicode Debug|Win32
		{5A0A0D47-6BE8-455D-B37F-9F4764E268F8}.DLL Universal Unicode Debug|Win32.Build.0 = DLL Universal Unicode Debug|Win32
		{5A0A0D47-6BE8-455D-B37F-9F4764E268F8}.DLL Universal Unicode Release|Win32.ActiveCfg = DLL Universal Unicode Release|Win32
		{5A0A0D47-6BE8-455D-B37F-9F4764E268F8}.DLL Universal Unicode Release|Win32.Build.0 = DLL Universal Unicode Release|Win32
		{5A0A0D47-6BE8-455D-B37F-9F4764E268F8}.Release|Win32.ActiveCfg = Release|Win32
		{5A0A0D47-6BE8-455D-B37F-9F4764E268F8}.Release|Win32.Build.0 = Release|Win32
		{5A0A0D47-6BE8-455D-B37F-9F4764E268F8}.Unicode Debug|Win32.ActiveCfg = Unicode Debug|Win32
		{5A0A0D47-6BE8-455D-B37F-9F4764E268F8}.Unicode Debug|Win32.Build.0 = Unicode Debug|Win32
		{5A0A0D47-6BE8-455D-B37F-9F4764E268F8}.Unicode Release|Win32.ActiveCfg = Unicode Release|Win32
		{5A0A0D47-6BE8-455D-B37F-9F4764E268F8}.Unicode Release|Win32.Build.0 = Unicode Release|Win32
		{5A0A0D47-6BE8-455D-B37F-9F4764E268F8}.Universal Debug|Win32.ActiveCfg = Universal Debug|Win32
		{5A0A0D47-6BE8-455D-B37F-9F4764E268F8}.Universal Debug|Win32.Build.0 = Universal Debug|Win32
		{5A0A0D47-6BE8-455D-B37F-9F4764E268F8}.Universal Release|Win32.ActiveCfg = Universal Release|Win32
		{5A0A0D47-6BE8-455D-B37F-9F4764E268F8}.Universal Release|Win32.Build.0 = Universal Release|Win32
		{5A0A0D47-6BE8-455D-B37F-9F4764E268F8}.Universal Unicode Debug|Win32.ActiveCfg = Universal Unicode Debug|Win32
		{5A0A0D47-6BE8-455D-B37F-9F4764E268F8}.Universal Unicode Debug|Win32.Build.0 = Universal Unicode Debug|Win32
		{5A0A0D47-6BE8-455D-B37F-9F4764E268F8}.Universal Unicode Release|Win32.ActiveCfg = Universal Unicode Release|Win32
		{5A0A0D47-6BE8-455D-B37F-9F4764E268F8}.Universal Unicode Release|Win32.Build.0 = Universal Unicode Release|Win32
		{B5D03E5B-71C5-4294-923B-6162E78B93ED}.Debug|Win32.ActiveCfg = Debug|Win32
		{B5D03E5B-71C5-4294-923B-6162E78B93ED}.Debug|Win32.Build.0 = Debug|Win32
		{B5D03E5B-71C5-4294-923B-6162E78B93ED}.DLL Debug|Win32.ActiveCfg = DLL Debug|Win32
		{B5D03E5B-71C5-4294-923B-6162E78B93ED}.DLL Debug|Win32.Build.0 = DLL Debug|Win32
		{B5D03E5B-71C5-4294-923B-6162E78B93ED}.DLL Release|Win32.ActiveCfg = DLL Release|Win32
		{B5D03E5B-71C5-4294-923B-6162E78B93ED}.DLL Release|Win32.Build.0 = DLL Release|Win32
		{B5D03E5B-71C5-4294-923B-6162E78B93ED}.DLL Unicode Debug|Win32.ActiveCfg = DLL Unicode Debug|Win32
		{B5D03E5B-71C5-4294-923B-6162E78B93ED}.DLL Unicode Debug|Win32.Build.0 = DLL Unicode Debug|Win32
		{B5D03E5B-71C5-4294-923B-6162E78B93ED}.DLL Unicode Release|Win32.ActiveCfg = DLL Unicode Release|Win32
		{B5D03E5B-71C5-4294-923B-6162E78B93ED}.DLL Unicode Release|Win32.Build.0 = DLL Unicode Release|Win32
		{B5D03E5B-71C5-4294-923B-6162E78B93ED}.DLL Universal Debug|Win32.ActiveCfg = DLL Universal Debug|Win32
		{B5D03E5B-71C5-4294-923B-6162E78B93ED}.DLL Universal Debug|Win32.Build.0 = DLL Universal Debug|Win32
		{B5D03E5B-71C5-4294-923B-6162E78B93ED}.DLL Universal Release|Win32.ActiveCfg = DLL Universal Release|Win32
		{B5D03E5B-71C5-4294-923B-6162E78B93ED}.DLL Universal Release|Win32.Build.0 = DLL Universal Release|Win32
		{B5D03E5B-71C5-4294-923B-6162E78B93ED}.DLL Universal Unicode Debug|Win32.ActiveCfg = DLL Universal Unicode Debug|Win32
		{B5D03E5B-71C5-4294-923B-6162E78B93ED}.DLL Universal Unicode Debug|Win32.Build.0 = DLL Universal Unicode Debug|Win32
		{B5D03E5B-71C5-4294-923B-6162E78B93ED}.DLL Universal Unicode Release|Win32.ActiveCfg = DLL Universal Unicode Release|Win32
		{B5D03E5B-71C5-4294-923B-6162E78B93ED}.DLL Universal Unicode Release|Win32.Build.0 = DLL Universal Unicode Release|Win32
		{B5D03E5B-71C5-4294-923B-6162E78B93ED}.Release|Win32.ActiveCfg = Release|Win32
		{B5D03E5B-71C5-4294-923B-6162E78B93ED}.Release|Win32.Build.0 = Release|Win32
		{B5D03E5B-71C5-4294-923B-6162E78B93ED}.Unicode Debug|Win32.ActiveCfg = Unicode Debug|Win32
		{B5D03E5B-71C5-4294-923B-6162E78B93ED}.Unicode Debug|Win32.Build.0 = Unicode Debug|Win32
		{B5D03E5B-71C5-4294-923B-6162E78B93ED}.Unicode Release|Win32.ActiveCfg = Unicode Release|Win32
		{B5D03E5B-71C5-4294-923B-6162E78B93ED}.Unicode Release|Win32.Build.0 = Unicode Release|Win32
		{B5D03E5B-71C5-4294-923B-6162E78B93ED}.Universal Debug|Win32.ActiveCfg = Universal Debug|Win32
		{B5D03E5B-71C5-4294-923B-6162E78B93ED}.Universal Debug|Win32.Build.0 = Universal Debug|Win32
		{B5D03E5B-71C5-4294-923B-6162E78B93ED}.Universal Release|Win32.ActiveCfg = Universal Release|Win32
		{B5D03E5B-71C5-4294-923B-6162E78B93ED}.Universal Release|Win32.Build.0 = Universal Release|Win32
		{B5D03E5B-71C5-4294-923B-6162E78B93ED}.Universal Unicode Debug|Win32.ActiveCfg = Universal Unicode Debug|Win32
		{B5D03E5B-71C5-4294-923B-6162E78B93ED}.Universal Unicode Debug|Win32.Build.0 = Universal Unicode Debug|Win32
		{B5D03E5B-71C5-4294-923B-6162E78B93ED}.Universal Unicode Release|Win32.ActiveCfg = Universal Unicode Release|Win32
		{B5D03E5B-71C5-4294-923B-6162E78B93ED}.Universal Unicode Release|Win32.Build.0 = Universal Unicode Release|Win32
		{3E63246C-E5E7-4F83-BE56-77F85E9BB8F3}.Debug|Win32.ActiveCfg = Debug|Win32
		{3E63246C-E5E7-4F83-BE56-77F85E9BB8F3}.Debug|Win32.Build.0 = Debug|Win32
		{3E63246C-E5E7-4F83-BE56-77F85E9BB8F3}.DLL Debug|Win32.ActiveCfg = DLL Debug|Win32
		{3E63246C-E5E7-4F83-BE56-77F85E9BB8F3}.DLL Debug|Win32.Build.0 = DLL Debug|Win32
		{3E63246C-E5E7-4F83-BE56-77F85E9BB8F3}.DLL Release|Win32.ActiveCfg = DLL Release|Win32
		{3E63246C-E5E7-4F83-BE56-77F85E9BB8F3}.DLL Release|Win32.Build.0 = DLL Release|Win32
		{3E63246C-E5E7-4F83-BE56-77F85E9BB8F3}.DLL Unicode Debug|Win32.ActiveCfg = DLL Unicode Debug|Win32
		{3E63246C-E5E7-4F83-BE56-77F85E9BB8F3}.DLL Unicode Debug|Win32.Build.0 = DLL Unicode Debug|Win32
		{3E63246C-E5E7-4F83-BE56-77F85E9BB8F3}.DLL Unicode Release|Win32.ActiveCfg = DLL Unicode Release|Win32
		{3E63246C-E5E7-4F83-BE56-77F85E9BB8F3}.DLL Unicode Release|Win32.Build.0 = DLL Unicode Release|Win32
		{3E63246C-E5E7-4F83-BE56-77F85E9BB8F3}.DLL Universal Debug|Win32.ActiveCfg = DLL Universal Debug|Win32
		{3E63246C-E5E7-4F83-BE56-77F85E9BB8F3}.DLL Universal Debug|Win32.Build.0 = DLL Universal Debug|Win32
		{3E63246C-E5E7-4F83-BE56-77F85E9BB8F3}.DLL Universal Release|Win32.ActiveCfg = DLL Universal Release|Win32
		{3E63246C-E5E7-4F83-BE56-77F85E9BB8F3}.DLL Universal Release|Win32.Build.0 = DLL Universal Release|Win32
		{3E63246C-E5E7-4F83-BE56-77F85E9BB8F3}.DLL Universal Unicode Debug|Win32.ActiveCfg = DLL Universal Unicode Debug|Win32
		{3E63246C-E5E7-4F83-BE56-77F85E9BB8F3}.DLL Universal Unicode Debug|Win32.Build.0 = DLL Universal Unicode Debug|Win32
		{3E63246C-E5E7-4F83-BE56-77F85E9BB8F3}.DLL Universal Unicode Release|Win32.ActiveCfg = DLL Universal Unicode Release|Win32
		{3E63246C-E5E7-4F83-BE56-77F85E9BB8F3}.DLL Universal Unicode Release|Win32.Build.0 = DLL Universal Unicode Release|Win32
		{3E63246C-E5E7-4F83-BE56-77F85E9BB8F3}.Release|Win32.ActiveCfg = Release|Win32
		{3E63246C-E5E7-4F83-BE56-77F85E9BB8F3}.Release|Win32.Build.0 = Release|Win32
		{3E63246C-E5E7-4F83-BE56-77F85E9BB8F3}.Unicode Debug|Win32.ActiveCfg = Unicode Debug|Win32
		{3E63246C-E5E7-4F83-BE56-77F85E9BB8F3}.Unicode Debug|Win32.Build.0 = Unicode Debug|Win32
		{3E63246C-E5E7-4F83-BE56-77F85E9BB8F3}.Unicode Release|Win32.ActiveCfg = Unicode Release|Win32
		{3E63246C-E5E7-4F83-BE56-77F85E9BB8F3}.Unicode Release|Win32.Build.0 = Unicode Release|Win32
		{3E63246C-E5E7-4F83-BE56-77F85E9BB8F3}.Universal Debug|Win32.ActiveCfg = Universal Debug|Win32
		{3E63246C-E5E7-4F83-BE56-77F85E9BB8F3}.Universal Debug|Win32.Build.0 = Universal Debug|Win32
		{3E63246C-E5E7-4F83-BE56-77F85E9BB8F3}.Universal Release|Win32.ActiveCfg = Universal Release|Win32
		{3E63246C-E5E7-4F83-BE56-77F85E9BB8F3}.Universal Release|Win32.Build.0 = Universal Release|Win32
		{3E63246C-E5E7-4F83-BE56-77F85E9BB8F3}.Universal Unicode Debug|Win32.ActiveCfg = Universal Unicode Debug|Win32
		{3E63246C-E5E7-4F83-BE56-77F85E9BB8F3}.Universal Unicode Debug|Win32.Build.0 = Universal Unicode Debug|Win32
		{3E63246C-E5E7-4F83-BE56-77F85E9BB8F3}.Universal Unicode Release|Win32.ActiveCfg = Universal Unicode Release|Win32
		{3E63246C-E5E7-4F83-BE56-77F85E9BB8F3}.Universal Unicode Release|Win32.Build.0 = Universal Unicode Release|Win32
		{18542062-2AC6-4944-9B73-ED60CD606D1F}.Debug|Win32.ActiveCfg = Debug|Win32
		{18542062-2AC6-4944-9B73-ED60CD606D1F}.Debug|Win32.Build.0 = Debug|Win32
		{18542062-2AC6-4944-9B73-ED60CD606D1F}.DLL Debug|Win32.ActiveCfg = DLL Debug|Win32
		{18542062-2AC6-4944-9B73-ED60CD606D1F}.DLL Debug|Win32.Build.0 = DLL Debug|Win32
		{18542062-2AC6-4944-9B73-ED60CD606D1F}.DLL Release|Win32.ActiveCfg = DLL Release|Win32
		{18542062-2AC6-4944-9B73-ED60CD606D1F}.DLL Release|Win32.Build.0 = DLL Release|Win32
		{18542062-2AC6-4944-9B73-ED60CD606D1F}.DLL Unicode Debug|Win32.ActiveCfg = DLL Unicode Debug|Win32
		{18542062-2AC6-4944-9B73-ED60CD606D1F}.DLL Unicode Debug|Win32.Build.0 = DLL Unicode Debug|Win32
		{18542062-2AC6-4944-9B73-ED60CD606D1F}.DLL Unicode Release|Win32.ActiveCfg = DLL Unicode Release|Win32
		{18542062-2AC6-4944-9B73-ED60CD606D1F}.DLL Unicode Release|Win32.Build.0 = DLL Unicode Release|Win32
		{18542062-2AC6-4944-9B73-ED60CD606D1F}.DLL Universal Debug|Win32.ActiveCfg = DLL Universal Debug|Win32
		{18542062-2AC6-4944-9B73-ED60CD606D1F}.DLL Universal Debug|Win32.Build.0 = DLL Universal Debug|Win32
		{18542062-2AC6-4944-9B73-ED60CD606D1F}.DLL Universal Release|Win32.ActiveCfg = DLL Universal Release|Win32
		{18542062-2AC6-4944-9B73-ED60CD606D1F}.DLL Universal Release|Win32.Build.0 = DLL Universal Release|Win32
		{18542062-2AC6-4944-9B73-ED60CD606D1F}.DLL Universal Unicode Debug|Win32.ActiveCfg = DLL Universal Unicode Debug|Win32
		{18542062-2AC6-4944-9B73-ED60CD606D1F}.DLL Universal Unicode Debug|Win32.Build.0 = DLL Universal Unicode Debug|Win32
		{18542062-2AC6-4944-9B73-ED60CD606D1F}.DLL Universal Unicode Release|Win32.ActiveCfg = DLL Universal Unicode Release|Win32
		{18542062-2AC6-4944-9B73-ED60CD606D1F}.DLL Universal Unicode Release|Win32.Build.0 = DLL Universal Unicode Release|Win32
		{18542062-2AC6-4944-9B73-ED60CD606D1F}.Release|Win32.ActiveCfg = Release|Win32
		{18542062-2AC6-4944-9B73-ED60CD606D1F}.Release|Win32.Build.0 = Release|Win32
		{18542062-2AC6-4944-9B73-ED60CD606D1F}.Unicode Debug|Win32.ActiveCfg = Unicode Debug|Win32
		{18542062-2AC6-4944-9B73-ED60CD606D1F}.Unicode Debug|Win32.Build.0 = Unicode Debug|Win32
		{18542062-2AC6-4944-9B73-ED60CD606D1F}.Unicode Release|Win32.ActiveCfg = Unicode Release|Win32
		{18542062-2AC6-4944-9B73-ED60CD606D1F}.Unicode Release|Win32.Build.0 = Unicode Release|Win32
		{18542062-2AC6-4944-9B73-ED60CD606D1F}.Universal Debug|Win32.ActiveCfg = Universal Debug|Win32
		{18542062-2AC6-4944-9B73-ED60CD606D1F}.Universal Debug|Win32.Build.0 = Universal Debug|Win32
		{18542062-2AC6-4944-9B73-ED60CD606D1F}.Universal Release|Win32.ActiveCfg = Universal Release|Win32
		{18542062-2AC6-4944-9B73-ED60CD606D1F}.Universal Release|Win32.Build.0 = Universal Release|Win32
		{18542062-2AC6-4944-9B73-ED60CD606D1F}.Universal Unicode Debug|Win32.ActiveCfg = Universal Unicode Debug|Win32
		{18542062-2AC6-4944-9B73-ED60CD606D1F}.Universal Unicode Debug|Win32.Build.0 = Universal Unicode Debug|Win32
		{18542062-2AC6-4944-9B73-ED60CD606D1F}.Universal Unicode Release|Win32.ActiveCfg = Universal Unicode Release|Win32
		{18542062-2AC6-4944-9B73-ED60CD606D1F}.Universal Unicode Release|Win32.Build.0 = Universal Unicode Release|Win32
		{D3A7D611-4612-4D7E-8B0D-46B1072C2C0F}.Debug|Win32.ActiveCfg = Debug|Win32
		{D3A7D611-4612-4D7E-8B0D-46B1072C2C0F}.Debug|Win32.Build.0 = Debug|Win32
		{D3A7D611-4612-4D7E-8B0D-46B1072C2C0F}.DLL Debug|Win32.ActiveCfg = DLL Debug|Win32
		{D3A7D611-4612-4D7E-8B0D-46B1072C2C0F}.DLL Debug|Win32.Build.0 = DLL Debug|Win32
		{D3A7D611-4612-4D7E-8B0D-46B1072C2C0F}.DLL Release|Win32.ActiveCfg = DLL Release|Win32
		{D3A7D611-4612-4D7E-8B0D-46B1072C2C0F}.DLL Release|Win32.Build.0 = DLL Release|Win32
		{D3A7D611-4612-4D7E-8B0D-46B1072C2C0F}.DLL Unicode Debug|Win32.ActiveCfg = DLL Unicode Debug|Win32
		{D3A7D611-4612-4D7E-8B0D-46B1072C2C0F}.DLL Unicode Debug|Win32.Build.0 = DLL Unicode Debug|Win32
		{D3A7D611-4612-4D7E-8B0D-46B1072C2C0F}.DLL Unicode Release|Win32.ActiveCfg = DLL Unicode Release|Win32
		{D3A7D611-4612-4D7E-8B0D-46B1072C2C0F}.DLL Unicode Release|Win32.Build.0 = DLL Unicode Release|Win32
		{D3A7D611-4612-4D7E-8B0D-46B1072C2C0F}.DLL Universal Debug|Win32.ActiveCfg = DLL Universal Debug|Win32
		{D3A7D611-4612-4D7E-8B0D-46B1072C2C0F}.DLL Universal Debug|Win32.Build.0 = DLL Universal Debug|Win32
		{D3A7D611-4612-4D7E-8B0D-46B1072C2C0F}.DLL Universal Release|Win32.ActiveCfg = DLL Universal Release|Win32
		{D3A7D611-4612-4D7E-8B0D-46B1072C2C0F}.DLL Universal Release|Win32.Build.0 = DLL Universal Release|Win32
		{D3A7D611-4612-4D7E-8B0D-46B1072C2C0F}.DLL Universal Unicode Debug|Win32.ActiveCfg = DLL Universal Unicode Debug|Win32
		{D3A7D611-4612-4D7E-8B0D-46B1072C2C0F}.DLL Universal Unicode Debug|Win32.Build.0 = DLL Universal Unicode Debug|Win32
		{D3A7D611-4612-4D7E-8B0D-46B1072C2C0F}.DLL Universal Unicode Release|Win32.ActiveCfg = DLL Universal Unicode Release|Win32
		{D3A7D611-4612-4D7E-8B0D-46B1072C2C0F}.DLL Universal Unicode Release|Win32.Build.0 = DLL Universal Unicode Release|Win32
		{D3A7D611-4612-4D7E-8B0D-46B1072C2C0F}.Release|Win32.ActiveCfg = Release|Win32
		{D3A7D611-4612-4D7E-8B0D-46B1072C2C0F}.Release|Win32.Build.0 = Release|Win32
		{D3A7D611-4612-4D7E-8B0D-46B1072C2C0F}.Unicode Debug|Win32.ActiveCfg = Unicode Debug|Win32
		{D3A7D611-4612-4D7E-8B0D-46B1072C2C0F}.Unicode Debug|Win32.Build.0 = Unicode Debug|Win32
		{D3A7D611-4612-4D7E-8B0D-46B1072C2C0F}.Unicode Release|Win32.ActiveCfg = Unicode Release|Win32
		{D3A7D611-4612-4D7E-8B0D-46B1072C2C0F}.Unicode Release|Win32.Build.0 = Unicode Release|Win32
		{D3A7D611-4612-4D7E-8B0D-46B1072C2C0F}.Universal Debug|Win32.ActiveCfg = Universal Debug|Win32
		{D3A7D611-4612-4D7E-8B0D-46B1072C2C0F}.Universal Debug|Win32.Build.0 = Universal Debug|Win32
		{D3A7D611-4612-4D7E-8B0D-46B1072C2C0F}.Universal Release|Win32.ActiveCfg = Universal Release|Win32
		{D3A7D611-4612-4D7E-8B0D-46B1072C2C0F}.Universal Release|Win32.Build.0 = Universal Release|Win32
		{D3A7D611-4612-4D7E-8B0D-46B1072C2C0F}.Universal Unicode Debug|Win32.ActiveCfg = Universal Unicode Debug|Win32
		{D3A7D611-4612-4D7E-8B0D-46B1072C2C0F}.Universal Unicode Debug|Win32.Build.0 = Universal Unicode Debug|Win32
		{D3A7D611-4612-4D7E-8B0D-46B1072C2C0F}.Universal Unicode Release|Win32.ActiveCfg = Universal Unicode Release|Win32
		{D3A7D611-4612-4D7E-8B0D-46B1072C2C0F}.Universal Unicode Release|Win32.Build.0 = Universal Unicode Release|Win32
		{28A13805-0468-4FBD-AA25-0CDF51BC7DB0}.Debug|Win32.ActiveCfg = Debug|Win32
		{28A13805-0468-4FBD-AA25-0CDF51BC7DB0}.Debug|Win32.Build.0 = Debug|Win32
		{28A13805-0468-4FBD-AA25-0CDF51BC7DB0}.DLL Debug|Win32.ActiveCfg = DLL Debug|Win32
		{28A13805-0468-4FBD-AA25-0CDF51BC7DB0}.DLL Debug|Win32.Build.0 = DLL Debug|Win32
		{28A13805-0468-4FBD-AA25-0CDF51BC7DB0}.DLL Release|Win32.ActiveCfg = DLL Release|Win32
		{28A13805-0468-4FBD-AA25-0CDF51BC7DB0}.DLL Release|Win32.Build.0 = DLL Release|Win32
		{28A13805-0468-4FBD-AA25-0CDF51BC7DB0}.DLL Unicode Debug|Win32.ActiveCfg = DLL Unicode Debug|Win32
		{28A13805-0468-4FBD-AA25-0CDF51BC7DB0}.DLL Unicode Debug|Win32.Build.0 = DLL Unicode Debug|Win32
		{28A13805-0468-4FBD-AA25-0CDF51BC7DB0}.DLL Unicode Release|Win32.ActiveCfg = DLL Unicode Release|Win32
		{28A13805-0468-4FBD-AA25-0CDF51BC7DB0}.DLL Unicode Release|Win32.Build.0 = DLL Unicode Release|Win32
		{28A13805-0468-4FBD-AA25-0CDF51BC7DB0}.DLL Universal Debug|Win32.ActiveCfg = DLL Universal Debug|Win32
		{28A13805-0468-4FBD-AA25-0CDF51BC7DB0}.DLL Universal Debug|Win32.Build.0 = DLL Universal Debug|Win32
		{28A13805-0468-4FBD-AA25-0CDF51BC7DB0}.DLL Universal Release|Win32.ActiveCfg = DLL Universal Release|Win32
		{28A13805-0468-4FBD-AA25-0CDF51BC7DB0}.DLL Universal Release|Win32.Build.0 = DLL Universal Release|Win32
		{28A13805-0468-4FBD-AA25-0CDF51BC7DB0}.DLL Universal Unicode Debug|Win32.ActiveCfg = DLL Universal Unicode Debug|Win32
		{28A13805-0468-4FBD-AA25-0CDF51BC7DB0}.DLL Universal Unicode Debug|Win32.Build.0 = DLL Universal Unicode Debug|Win32
		{28A13805-0468-4FBD-AA25-0CDF51BC7DB0}.DLL Universal Unicode Release|Win32.ActiveCfg = DLL Universal Unicode Release|Win32
		{28A13805-0468-4FBD-AA25-0CDF51BC7DB0}.DLL Universal Unicode Release|Win32.Build.0 = DLL Universal Unicode Release|Win32
		{28A13805-0468-4FBD-AA25-0CDF51BC7DB0}.Release|Win32.ActiveCfg = Release|Win32
		{28A13805-0468-4FBD-AA25-0CDF51BC7DB0}.Release|Win32.Build.0 = Release|Win32
		{28A13805-0468-4FBD-AA25-0CDF51BC7DB0}.Unicode Debug|Win32.ActiveCfg = Unicode Debug|Win32
		{28A13805-0468-4FBD-AA25-0CDF51BC7DB0}.Unicode Debug|Win32.Build.0 = Unicode Debug|Win32
		{28A13805-0468-4FBD-AA25-0CDF51BC7DB0}.Unicode Release|Win32.ActiveCfg = Unicode Release|Win32
		{28A13805-0468-4FBD-AA25-0CDF51BC7DB0}.Unicode Release|Win32.Build.0 = Unicode Release|Win32
		{28A13805-0468-4FBD-AA25-0CDF51BC7DB0}.Universal Debug|Win32.ActiveCfg = Universal Debug|Win32
		{28A13805-0468-4FBD-AA25-0CDF51BC7DB0}.Universal Debug|Win32.Build.0 = Universal Debug|Win32
		{28A13805-0468-4FBD-AA25-0CDF51BC7DB0}.Universal Release|Win32.ActiveCfg = Universal Release|Win32
		{28A13805-0468-4FBD-AA25-0CDF51BC7DB0}.Universal Release|Win32.Build.0 = Universal Release|Win32
		{28A13805-0468-4FBD-AA25-0CDF51BC7DB0}.Universal Unicode Debug|Win32.ActiveCfg = Universal Unicode Debug|Win32
		{28A13805-0468-4FBD-AA25-0CDF51BC7DB0}.Universal Unicode Debug|Win32.Build.0 = Universal Unicode Debug|Win32
		{28A13805-0468-4FBD-AA25-0CDF51BC7DB0}.Universal Unicode Release|Win32.ActiveCfg = Universal Unicode Release|Win32
		{28A13805-0468-4FBD-AA25-0CDF51BC7DB0}.Universal Unicode Release|Win32.Build.0 = Universal Unicode Release|Win32
		{A59A0C71-11E5-4078-8CA4-FD215FC22370}.Debug|Win32.ActiveCfg = Debug|Win32
		{A59A0C71-11E5-4078-8CA4-FD215FC22370}.Debug|Win32.Build.0 = Debug|Win32
		{A59A0C71-11E5-4078-8CA4-FD215FC22370}.DLL Debug|Win32.ActiveCfg = DLL Debug|Win32
		{A59A0C71-11E5-4078-8CA4-FD215FC22370}.DLL Debug|Win32.Build.0 = DLL Debug|Win32
		{A59A0C71-11E5-4078-8CA4-FD215FC22370}.DLL Release|Win32.ActiveCfg = DLL Release|Win32
		{A59A0C71-11E5-4078-8CA4-FD215FC22370}.DLL Release|Win32.Build.0 = DLL Release|Win32
		{A59A0C71-11E5-4078-8CA4-FD215FC22370}.DLL Unicode Debug|Win32.ActiveCfg = DLL Unicode Debug|Win32
		{A59A0C71-11E5-4078-8CA4-FD215FC22370}.DLL Unicode Debug|Win32.Build.0 = DLL Unicode Debug|Win32
		{A59A0C71-11E5-4078-8CA4-FD215FC22370}.DLL Unicode Release|Win32.ActiveCfg = DLL Unicode Release|Win32
		{A59A0C71-11E5-4078-8CA4-FD215FC22370}.DLL Unicode Release|Win32.Build.0 = DLL Unicode Release|Win32
		{A59A0C71-11E5-4078-8CA4-FD215FC22370}.DLL Universal Debug|Win32.ActiveCfg = DLL Universal Debug|Win32
		{A59A0C71-11E5-4078-8CA4-FD215FC22370}.DLL Universal Debug|Win32.Build.0 = DLL Universal Debug|Win32
		{A59A0C71-11E5-4078-8CA4-FD215FC22370}.DLL Universal Release|Win32.ActiveCfg = DLL Universal Release|Win32
		{A59A0C71-11E5-4078-8CA4-FD215FC22370}.DLL Universal Release|Win32.Build.0 = DLL Universal Release|Win32
		{A59A0C71-11E5-4078-8CA4-FD215FC22370}.DLL Universal Unicode Debug|Win32.ActiveCfg = DLL Universal Unicode Debug|Win32
		{A59A0C71-11E5-4078-8CA4-FD215FC22370}.DLL Universal Unicode Debug|Win32.Build.0 = DLL Universal Unicode Debug|Win32
		{A59A0C71-11E5-4078-8CA4-FD215FC22370}.DLL Universal Unicode Release|Win32.ActiveCfg = DLL Universal Unicode Release|Win32
		{A59A0C71-11E5-4078-8CA4-FD215FC22370}.DLL Universal Unicode Release|Win32.Build.0 = DLL Universal Unicode Release|Win32
		{A59A0C71-11E5-4078-8CA4-FD215FC22370}.Release|Win32.ActiveCfg = Release|Win32
		{A59A0C71-11E5-4078-8CA4-FD215FC22370}.Release|Win32.Build.0 = Release|Win32
		{A59A0C71-11E5-4078-8CA4-FD215FC22370}.Unicode Debug|Win32.ActiveCfg = Unicode Debug|Win32
		{A59A0C71-11E5-4078-8CA4-FD215FC22370}.Unicode Debug|Win32.Build.0 = Unicode Debug|Win32
		{A59A0C71-11E5-4078-8CA4-FD215FC22370}.Unicode Release|Win32.ActiveCfg = Unicode Release|Win32
		{A59A0C71-11E5-4078-8CA4-FD215FC22370}.Unicode Release|Win32.Build.0 = Unicode Release|Win32
		{A59A0C71-11E5-4078-8CA4-FD215FC22370}.Universal Debug|Win32.ActiveCfg = Universal Debug|Win32
		{A59A0C71-11E5-4078-8CA4-FD215FC22370}.Universal Debug|Win32.Build.0 = Universal Debug|Win32
		{A59A0C71-11E5-4078-8CA4-FD215FC22370}.Universal Release|Win32.ActiveCfg = Universal Release|Win32
		{A59A0C71-11E5-4078-8CA4-FD215FC22370}.Universal Release|Win32.Build.0 = Universal Release|Win32
		{A59A0C71-11E5-4078-8CA4-FD215FC22370}.Universal Unicode Debug|Win32.ActiveCfg = Universal Unicode Debug|Win32
		{A59A0C71-11E5-4078-8CA4-FD215FC22370}.Universal Unicode Debug|Win32.Build.0 = Universal Unicode Debug|Win32
		{A59A0C71-11E5-4078-8CA4-FD215FC22370}.Universal Unicode Release|Win32.ActiveCfg = Universal Unicode Release|Win32
		{A59A0C71-11E5-4078-8CA4-FD215FC22370}.Universal Unicode Release|Win32.Build.0 = Universal Unicode Release|Win32
		{7DAE3964-9162-4AA5-9154-377429A19B7D}.Debug|Win32.ActiveCfg = Debug|Win32
		{7DAE3964-9162-4AA5-9154-377429A19B7D}.Debug|Win32.Build.0 = Debug|Win32
		{7DAE3964-9162-4AA5-9154-377429A19B7D}.DLL Debug|Win32.ActiveCfg = DLL Debug|Win32
		{7DAE3964-9162-4AA5-9154-377429A19B7D}.DLL Debug|Win32.Build.0 = DLL Debug|Win32
		{7DAE3964-9162-4AA5-9154-377429A19B7D}.DLL Release|Win32.ActiveCfg = DLL Release|Win32
		{7DAE3964-9162-4AA5-9154-377429A19B7D}.DLL Release|Win32.Build.0 = DLL Release|Win32
		{7DAE3964-9162-4AA5-9154-377429A19B7D}.DLL Unicode Debug|Win32.ActiveCfg = DLL Unicode Debug|Win32
		{7DAE3964-9162-4AA5-9154-377429A19B7D}.DLL Unicode Debug|Win32.Build.0 = DLL Unicode Debug|Win32
		{7DAE3964-9162-4AA5-9154-377429A19B7D}.DLL Unicode Release|Win32.ActiveCfg = DLL Unicode Release|Win32
		{7DAE3964-9162-4AA5-9154-377429A19B7D}.DLL Unicode Release|Win32.Build.0 = DLL Unicode Release|Win32
		{7DAE3964-9162-4AA5-9154-377429A19B7D}.DLL Universal Debug|Win32.ActiveCfg = DLL Universal Debug|Win32
		{7DAE3964-9162-4AA5-9154-377429A19B7D}.DLL Universal Debug|Win32.Build.0 = DLL Universal Debug|Win32
		{7DAE3964-9162-4AA5-9154-377429A19B7D}.DLL Universal Release|Win32.ActiveCfg = DLL Universal Release|Win32
		{7DAE3964-9162-4AA5-9154-377429A19B7D}.DLL Universal Release|Win32.Build.0 = DLL Universal Release|Win32
		{7DAE3964-9162-4AA5-9154-377429A19B7D}.DLL Universal Unicode Debug|Win32.ActiveCfg = DLL Universal Unicode Debug|Win32
		{7DAE3964-9162-4AA5-9154-377429A19B7D}.DLL Universal Unicode Debug|Win32.Build.0 = DLL Universal Unicode Debug|Win32
		{7DAE3964-9162-4AA5-9154-377429A19B7D}.DLL Universal Unicode Release|Win32.ActiveCfg = DLL Universal Unicode Release|Win32
		{7DAE3964-9162-4AA5-9154-377429A19B7D}.DLL Universal Unicode Release|Win32.Build.0 = DLL Universal Unicode Release|Win32
		{7DAE3964-9162-4AA5-9154-377429A19B7D}.Release|Win32.ActiveCfg = Release|Win32
		{7DAE3964-9162-4AA5-9154-377429A19B7D}.Release|Win32.Build.0 = Release|Win32
		{7DAE3964-9162-4AA5-9154-377429A19B7D}.Unicode Debug|Win32.ActiveCfg = Unicode Debug|Win32
		{7DAE3964-9162-4AA5-9154-377429A19B7D}.Unicode Debug|Win32.Build.0 = Unicode Debug|Win32
		{7DAE3964-9162-4AA5-9154-377429A19B7D}.Unicode Release|Win32.ActiveCfg = Unicode Release|Win32
		{7DAE3964-9162-4AA5-9154-377429A19B7D}.Unicode Release|Win32.Build.0 = Unicode Release|Win32
		{7DAE3964-9162-4AA5-9154-377429A19B7D}.Universal Debug|Win32.ActiveCfg = Universal Debug|Win32
		{7DAE3964-9162-4AA5-9154-377429A19B7D}.Universal Debug|Win32.Build.0 = Universal Debug|Win32
		{7DAE3964-9162-4AA5-9154-377429A19B7D}.Universal Release|Win32.ActiveCfg = Universal Release|Win32
		{7DAE3964-9162-4AA5-9154-377429A19B7D}.Universal Release|Win32.Build.0 = Universal Release|Win32
		{7DAE3964-9162-4AA5-9154-377429A19B7D}.Universal Unicode Debug|Win32.ActiveCfg = Universal Unicode Debug|Win32
		{7DAE3964-9162-4AA5-9154-377429A19B7D}.Universal Unicode Debug|Win32.Build.0 = Universal Unicode Debug|Win32
		{7DAE3964-9162-4AA5-9154-377429A19B7D}.Universal Unicode Release|Win32.ActiveCfg = Universal Unicode Release|Win32
		{7DAE3964-9162-4AA5-9154-377429A19B7D}.Universal Unicode Release|Win32.Build.0 = Universal Unicode Release|Win32
		{CA7911B6-DCAE-4EEC-87E2-B10CB1EEF71A}.Debug|Win32.ActiveCfg = Debug|Win32
		{CA7911B6-DCAE-4EEC-87E2-B10CB1EEF71A}.Debug|Win32.Build.0 = Debug|Win32
		{CA7911B6-DCAE-4EEC-87E2-B10CB1EEF71A}.DLL Debug|Win32.ActiveCfg = DLL Debug|Win32
		{CA7911B6-DCAE-4EEC-87E2-B10CB1EEF71A}.DLL Debug|Win32.Build.0 = DLL Debug|Win32
		{CA7911B6-DCAE-4EEC-87E2-B10CB1EEF71A}.DLL Release|Win32.ActiveCfg = DLL Release|Win32
		{CA7911B6-DCAE-4EEC-87E2-B10CB1EEF71A}.DLL Release|Win32.Build.0 = DLL Release|Win32
		{CA7911B6-DCAE-4EEC-87E2-B10CB1EEF71A}.DLL Unicode Debug|Win32.ActiveCfg = DLL Unicode Debug|Win32
		{CA7911B6-DCAE-4EEC-87E2-B10CB1EEF71A}.DLL Unicode Debug|Win32.Build.0 = DLL Unicode Debug|Win32
		{CA7911B6-DCAE-4EEC-87E2-B10CB1EEF71A}.DLL Unicode Release|Win32.ActiveCfg = DLL Unicode Release|Win32
		{CA7911B6-DCAE-4EEC-87E2-B10CB1EEF71A}.DLL Unicode Release|Win32.Build.0 = DLL Unicode Release|Win32
		{CA7911B6-DCAE-4EEC-87E2-B10CB1EEF71A}.DLL Universal Debug|Win32.ActiveCfg = DLL Universal Debug|Win32
		{CA7911B6-DCAE-4EEC-87E2-B10CB1EEF71A}.DLL Universal Debug|Win32.Build.0 = DLL Universal Debug|Win32
		{CA7911B6-DCAE-4EEC-87E2-B10CB1EEF71A}.DLL Universal Release|Win32.ActiveCfg = DLL Universal Release|Win32
		{CA7911B6-DCAE-4EEC-87E2-B10CB1EEF71A}.DLL Universal Release|Win32.Build.0 = DLL Universal Release|Win32
		{CA7911B6-DCAE-4EEC-87E2-B10CB1EEF71A}.DLL Universal Unicode Debug|Win32.ActiveCfg = DLL Universal Unicode Debug|Win32
		{CA7911B6-DCAE-4EEC-87E2-B10CB1EEF71A}.DLL Universal Unicode Debug|Win32.Build.0 = DLL Universal Unicode Debug|Win32
		{CA7911B6-DCAE-4EEC-87E2-B10CB1EEF71A}.DLL Universal Unicode Release|Win32.ActiveCfg = DLL Universal Unicode Release|Win32
		{CA7911B6-DCAE-4EEC-87E2-B10CB1EEF71A}.DLL Universal Unicode Release|Win32.Build.0 = DLL Universal Unicode Release|Win32
		{CA7911B6-DCAE-4EEC-87E2-B10CB1EEF71A}.Release|Win32.ActiveCfg = Release|Win32
		{CA7911B6-DCAE-4EEC-87E2-B10CB1EEF71A}.Release|Win32.Build.0 = Release|Win32
		{CA7911B6-DCAE-4EEC-87E2-B10CB1EEF71A}.Unicode Debug|Win32.ActiveCfg = Unicode Debug|Win32
		{CA7911B6-DCAE-4EEC-87E2-B10CB1EEF71A}.Unicode Debug|Win32.Build.0 = Unicode Debug|Win32
		{CA7911B6-DCAE-4EEC-87E2-B10CB1EEF71A}.Unicode Release|Win32.ActiveCfg = Unicode Release|Win32
		{CA7911B6-DCAE-4EEC-87E2-B10CB1EEF71A}.Unicode Release|Win32.Build.0 = Unicode Release|Win32
		{CA7911B6-DCAE-4EEC-87E2-B10CB1EEF71A}.Universal Debug|Win32.ActiveCfg = Universal Debug|Win32
		{CA7911B6-DCAE-4EEC-87E2-B10CB1EEF71A}.Universal Debug|Win32.Build.0 = Universal Debug|Win32
		{CA7911B6-DCAE-4EEC-87E2-B10CB1EEF71A}.Universal Release|Win32.ActiveCfg = Universal Release|Win32
		{CA7911B6-DCAE-4EEC-87E2-B10CB1EEF71A}.Universal Release|Win32.Build.0 = Universal Release|Win32
		{CA7911B6-DCAE-4EEC-87E2-B10CB1EEF71A}.Universal Unicode Debug|Win32.ActiveCfg = Universal Unicode Debug|Win32
		{CA7911B6-DCAE-4EEC-87E2-B10CB1EEF71A}.Universal Unicode Debug|Win32.Build.0 = Universal Unicode Debug|Win32
		{CA7911B6-DCAE-4EEC-87E2-B10CB1EEF71A}.Universal Unicode Release|Win32.ActiveCfg = Universal Unicode Release|Win32
		{CA7911B6-DCAE-4EEC-87E2-B10CB1EEF71A}.Universal Unicode Release|Win32.Build.0 = Universal Unicode Release|Win32
		{EC71E84D-47E0-48E5-B122-FFEAF6BA60A0}.Debug|Win32.ActiveCfg = Debug|Win32
		{EC71E84D-47E0-48E5-B122-FFEAF6BA60A0}.Debug|Win32.Build.0 = Debug|Win32
		{EC71E84D-47E0-48E5-B122-FFEAF6BA60A0}.DLL Debug|Win32.ActiveCfg = DLL Debug|Win32
		{EC71E84D-47E0-48E5-B122-FFEAF6BA60A0}.DLL Debug|Win32.Build.0 = DLL Debug|Win32
		{EC71E84D-47E0-48E5-B122-FFEAF6BA60A0}.DLL Release|Win32.ActiveCfg = DLL Release|Win32
		{EC71E84D-47E0-48E5-B122-FFEAF6BA60A0}.DLL Release|Win32.Build.0 = DLL Release|Win32
		{EC71E84D-47E0-48E5-B122-FFEAF6BA60A0}.DLL Unicode Debug|Win32.ActiveCfg = DLL Unicode Debug|Win32
		{EC71E84D-47E0-48E5-B122-FFEAF6BA60A0}.DLL Unicode Debug|Win32.Build.0 = DLL Unicode Debug|Win32
		{EC71E84D-47E0-48E5-B122-FFEAF6BA60A0}.DLL Unicode Release|Win32.ActiveCfg = DLL Unicode Release|Win32
		{EC71E84D-47E0-48E5-B122-FFEAF6BA60A0}.DLL Unicode Release|Win32.Build.0 = DLL Unicode Release|Win32
		{EC71E84D-47E0-48E5-B122-FFEAF6BA60A0}.DLL Universal Debug|Win32.ActiveCfg = DLL Universal Debug|Win32
		{EC71E84D-47E0-48E5-B122-FFEAF6BA60A0}.DLL Universal Debug|Win32.Build.0 = DLL Universal Debug|Win32
		{EC71E84D-47E0-48E5-B122-FFEAF6BA60A0}.DLL Universal Release|Win32.ActiveCfg = DLL Universal Release|Win32
		{EC71E84D-47E0-48E5-B122-FFEAF6BA60A0}.DLL Universal Release|Win32.Build.0 = DLL Universal Release|Win32
		{EC71E84D-47E0-48E5-B122-FFEAF6BA60A0}.DLL Universal Unicode Debug|Win32.ActiveCfg = DLL Universal Unicode Debug|Win32
		{EC71E84D-47E0-48E5-B122-FFEAF6BA60A0}.DLL Universal Unicode Debug|Win32.Build.0 = DLL Universal Unicode Debug|Win32
		{EC71E84D-47E0-48E5-B122-FFEAF6BA60A0}.DLL Universal Unicode Release|Win32.ActiveCfg = DLL Universal Unicode Release|Win32
		{EC71E84D-47E0-48E5-B122-FFEAF6BA60A0}.DLL Universal Unicode Release|Win32.Build.0 = DLL Universal Unicode Release|Win32
		{EC71E84D-47E0-48E5-B122-FFEAF6BA60A0}.Release|Win32.ActiveCfg = Release|Win32
		{EC71E84D-47E0-48E5-B122-FFEAF6BA60A0}.Release|Win32.Build.0 = Release|Win32
		{EC71E84D-47E0-48E5-B122-FFEAF6BA60A0}.Unicode Debug|Win32.ActiveCfg = Unicode Debug|Win32
		{EC71E84D-47E0-48E5-B122-FFEAF6BA60A0}.Unicode Debug|Win32.Build.0 = Unicode Debug|Win32
		{EC71E84D-47E0-48E5-B122-FFEAF6BA60A0}.Unicode Release|Win32.ActiveCfg = Unicode Release|Win32
		{EC71E84D-47E0-48E5-B122-FFEAF6BA60A0}.Unicode Release|Win32.Build.0 = Unicode Release|Win32
		{EC71E84D-47E0-48E5-B122-FFEAF6BA60A0}.Universal Debug|Win32.ActiveCfg = Universal Debug|Win32
		{EC71E84D-47E0-48E5-B122-FFEAF6BA60A0}.Universal Debug|Win32.Build.0 = Universal Debug|Win32
		{EC71E84D-47E0-48E5-B122-FFEAF6BA60A0}.Universal Release|Win32.ActiveCfg = Universal Release|Win32
		{EC71E84D-47E0-48E5-B122-FFEAF6BA60A0}.Universal Release|Win32.Build.0 = Universal Release|Win32
		{EC71E84D-47E0-48E5-B122-FFEAF6BA60A0}.Universal Unicode Debug|Win32.ActiveCfg = Universal Unicode Debug|Win32
		{EC71E84D-47E0-48E5-B122-FFEAF6BA60A0}.Universal Unicode Debug|Win32.Build.0 = Universal Unicode Debug|Win32
		{EC71E84D-47E0-48E5-B122-FFEAF6BA60A0}.Universal Unicode Release|Win32.ActiveCfg = Universal Unicode Release|Win32
		{EC71E84D-47E0-48E5-B122-FFEAF6BA60A0}.Universal Unicode Release|Win32.Build.0 = Universal Unicode Release|Win32
		{97D17D8B-781E-47D4-BE08-07B53880DD19}.Debug|Win32.ActiveCfg = Debug|Win32
		{97D17D8B-781E-47D4-BE08-07B53880DD19}.Debug|Win32.Build.0 = Debug|Win32
		{97D17D8B-781E-47D4-BE08-07B53880DD19}.DLL Debug|Win32.ActiveCfg = DLL Debug|Win32
		{97D17D8B-781E-47D4-BE08-07B53880DD19}.DLL Debug|Win32.Build.0 = DLL Debug|Win32
		{97D17D8B-781E-47D4-BE08-07B53880DD19}.DLL Release|Win32.ActiveCfg = DLL Release|Win32
		{97D17D8B-781E-47D4-BE08-07B53880DD19}.DLL Release|Win32.Build.0 = DLL Release|Win32
		{97D17D8B-781E-47D4-BE08-07B53880DD19}.DLL Unicode Debug|Win32.ActiveCfg = DLL Unicode Debug|Win32
		{97D17D8B-781E-47D4-BE08-07B53880DD19}.DLL Unicode Debug|Win32.Build.0 = DLL Unicode Debug|Win32
		{97D17D8B-781E-47D4-BE08-07B53880DD19}.DLL Unicode Release|Win32.ActiveCfg = DLL Unicode Release|Win32
		{97D17D8B-781E-47D4-BE08-07B53880DD19}.DLL Unicode Release|Win32.Build.0 = DLL Unicode Release|Win32
		{97D17D8B-781E-47D4-BE08-07B53880DD19}.DLL Universal Debug|Win32.ActiveCfg = DLL Universal Debug|Win32
		{97D17D8B-781E-47D4-BE08-07B53880DD19}.DLL Universal Debug|Win32.Build.0 = DLL Universal Debug|Win32
		{97D17D8B-781E-47D4-BE08-07B53880DD19}.DLL Universal Release|Win32.ActiveCfg = DLL Universal Release|Win32
		{97D17D8B-781E-47D4-BE08-07B53880DD19}.DLL Universal Release|Win32.Build.0 = DLL Universal Release|Win32
		{97D17D8B-781E-47D4-BE08-07B53880DD19}.DLL Universal Unicode Debug|Win32.ActiveCfg = DLL Universal Unicode Debug|Win32
		{97D17D8B-781E-47D4-BE08-07B53880DD19}.DLL Universal Unicode Debug|Win32.Build.0 = DLL Universal Unicode Debug|Win32
		{97D17D8B-781E-47D4-BE08-07B53880DD19}.DLL Universal Unicode Release|Win32.ActiveCfg = DLL Universal Unicode Release|Win32
		{97D17D8B-781E-47D4-BE08-07B53880DD19}.DLL Universal Unicode Release|Win32.Build.0 = DLL Universal Unicode Release|Win32
		{97D17D8B-781E-47D4-BE08-07B53880DD19}.Release|Win32.ActiveCfg = Release|Win32
		{97D17D8B-781E-47D4-BE08-07B53880DD19}.Release|Win32.Build.0 = Release|Win32
		{97D17D8B-781E-47D4-BE08-07B53880DD19}.Unicode Debug|Win32.ActiveCfg = Unicode Debug|Win32
		{97D17D8B-781E-47D4-BE08-07B53880DD19}.Unicode Debug|Win32.Build.0 = Unicode Debug|Win32
		{97D17D8B-781E-47D4-BE08-07B53880DD19}.Unicode Release|Win32.ActiveCfg = Unicode Release|Win32
		{97D17D8B-781E-47D4-BE08-07B53880DD19}.Unicode Release|Win32.Build.0 = Unicode Release|Win32
		{97D17D8B-781E-47D4-BE08-07B53880DD19}.Universal Debug|Win32.ActiveCfg = Universal Debug|Win32
		{97D17D8B-781E-47D4-BE08-07B53880DD19}.Universal Debug|Win32.Build.0 = Universal Debug|Win32
		{97D17D8B-781E-47D4-BE08-07B53880DD19}.Universal Release|Win32.ActiveCfg = Universal Release|Win32
		{97D17D8B-781E-47D4-BE08-07B53880DD19}.Universal Release|Win32.Build.0 = Universal Release|Win32
		{97D17D8B-781E-47D4-BE08-07B53880DD19}.Universal Unicode Debug|Win32.ActiveCfg = Universal Unicode Debug|Win32
		{97D17D8B-781E-47D4-BE08-07B53880DD19}.Universal Unicode Debug|Win32.Build.0 = Universal Unicode Debug|Win32
		{97D17D8B-781E-47D4-BE08-07B53880DD19}.Universal Unicode Release|Win32.ActiveCfg = Universal Unicode Release|Win32
		{97D17D8B-781E-47D4-BE08-07B53880DD19}.Universal Unicode Release|Win32.Build.0 = Universal Unicode Release|Win32
		{9C6B2379-B898-41EE-959B-AA041081BE80}.Debug|Win32.ActiveCfg = Debug|Win32
		{9C6B2379-B898-41EE-959B-AA041081BE80}.Debug|Win32.Build.0 = Debug|Win32
		{9C6B2379-B898-41EE-959B-AA041081BE80}.DLL Debug|Win32.ActiveCfg = DLL Debug|Win32
		{9C6B2379-B898-41EE-959B-AA041081BE80}.DLL Debug|Win32.Build.0 = DLL Debug|Win32
		{9C6B2379-B898-41EE-959B-AA041081BE80}.DLL Release|Win32.ActiveCfg = DLL Release|Win32
		{9C6B2379-B898-41EE-959B-AA041081BE80}.DLL Release|Win32.Build.0 = DLL Release|Win32
		{9C6B2379-B898-41EE-959B-AA041081BE80}.DLL Unicode Debug|Win32.ActiveCfg = DLL Unicode Debug|Win32
		{9C6B2379-B898-41EE-959B-AA041081BE80}.DLL Unicode Debug|Win32.Build.0 = DLL Unicode Debug|Win32
		{9C6B2379-B898-41EE-959B-AA041081BE80}.DLL Unicode Release|Win32.ActiveCfg = DLL Unicode Release|Win32
		{9C6B2379-B898-41EE-959B-AA041081BE80}.DLL Unicode Release|Win32.Build.0 = DLL Unicode Release|Win32
		{9C6B2379-B898-41EE-959B-AA041081BE80}.DLL Universal Debug|Win32.ActiveCfg = DLL Universal Debug|Win32
		{9C6B2379-B898-41EE-959B-AA041081BE80}.DLL Universal Debug|Win32.Build.0 = DLL Universal Debug|Win32
		{9C6B2379-B898-41EE-959B-AA041081BE80}.DLL Universal Release|Win32.ActiveCfg = DLL Universal Release|Win32
		{9C6B2379-B898-41EE-959B-AA041081BE80}.DLL Universal Release|Win32.Build.0 = DLL Universal Release|Win32
		{9C6B2379-B898-41EE-959B-AA041081BE80}.DLL Universal Unicode Debug|Win32.ActiveCfg = DLL Universal Unicode Debug|Win32
		{9C6B2379-B898-41EE-959B-AA041081BE80}.DLL Universal Unicode Debug|Win32.Build.0 = DLL Universal Unicode Debug|Win32
		{9C6B2379-B898-41EE-959B-AA041081BE80}.DLL Universal Unicode Release|Win32.ActiveCfg = DLL Universal Unicode Release|Win32
		{9C6B2379-B898-41EE-959B-AA041081BE80}.DLL Universal Unicode Release|Win32.Build.0 = DLL Universal Unicode Release|Win32
		{9C6B2379-B898-41EE-959B-AA041081BE80}.Release|Win32.ActiveCfg = Release|Win32
		{9C6B2379-B898-41EE-959B-AA041081BE80}.Release|Win32.Build.0 = Release|Win32
		{9C6B2379-B898-41EE-959B-AA041081BE80}.Unicode Debug|Win32.ActiveCfg = Unicode Debug|Win32
		{9C6B2379-B898-41EE-959B-AA041081BE80}.Unicode Debug|Win32.Build.0 = Unicode Debug|Win32
		{9C6B2379-B898-41EE-959B-AA041081BE80}.Unicode Release|Win32.ActiveCfg = Unicode Release|Win32
		{9C6B2379-B898-41EE-959B-AA041081BE80}.Unicode Release|Win32.Build.0 = Unicode Release|Win32
		{9C6B2379-B898-41EE-959B-AA041081BE80}.Universal Debug|Win32.ActiveCfg = Universal Debug|Win32
		{9C6B2379-B898-41EE-959B-AA041081BE80}.Universal Debug|Win32.Build.0 = Universal Debug|Win32
		{9C6B2379-B898-41EE-959B-AA041081BE80}.Universal Release|Win32.ActiveCfg = Universal Release|Win32
		{9C6B2379-B898-41EE-959B-AA041081BE80}.Universal Release|Win32.Build.0 = Universal Release|Win32
		{9C6B2379-B898-41EE-959B-AA041081BE80}.Universal Unicode Debug|Win32.ActiveCfg = Universal Unicode Debug|Win32
		{9C6B2379-B898-41EE-959B-AA041081BE80}.Universal Unicode Debug|Win32.Build.0 = Universal Unicode Debug|Win32
		{9C6B2379-B898-41EE-959B-AA041081BE80}.Universal Unicode Release|Win32.ActiveCfg = Universal Unicode Release|Win32
		{9C6B2379-B898-41EE-959B-AA041081BE80}.Universal Unicode Release|Win32.Build.0 = Universal Unicode Release|Win32
		{34834D86-C625-482D-B457-D0BCC75158BC}.Debug|Win32.ActiveCfg = Debug|Win32
		{34834D86-C625-482D-B457-D0BCC75158BC}.Debug|Win32.Build.0 = Debug|Win32
		{34834D86-C625-482D-B457-D0BCC75158BC}.DLL Debug|Win32.ActiveCfg = DLL Debug|Win32
		{34834D86-C625-482D-B457-D0BCC75158BC}.DLL Debug|Win32.Build.0 = DLL Debug|Win32
		{34834D86-C625-482D-B457-D0BCC75158BC}.DLL Release|Win32.ActiveCfg = DLL Release|Win32
		{34834D86-C625-482D-B457-D0BCC75158BC}.DLL Release|Win32.Build.0 = DLL Release|Win32
		{34834D86-C625-482D-B457-D0BCC75158BC}.DLL Unicode Debug|Win32.ActiveCfg = DLL Unicode Debug|Win32
		{34834D86-C625-482D-B457-D0BCC75158BC}.DLL Unicode Debug|Win32.Build.0 = DLL Unicode Debug|Win32
		{34834D86-C625-482D-B457-D0BCC75158BC}.DLL Unicode Release|Win32.ActiveCfg = DLL Unicode Release|Win32
		{34834D86-C625-482D-B457-D0BCC75158BC}.DLL Unicode Release|Win32.Build.0 = DLL Unicode Release|Win32
		{34834D86-C625-482D-B457-D0BCC75158BC}.DLL Universal Debug|Win32.ActiveCfg = DLL Universal Debug|Win32
		{34834D86-C625-482D-B457-D0BCC75158BC}.DLL Universal Debug|Win32.Build.0 = DLL Universal Debug|Win32
		{34834D86-C625-482D-B457-D0BCC75158BC}.DLL Universal Release|Win32.ActiveCfg = DLL Universal Release|Win32
		{34834D86-C625-482D-B457-D0BCC75158BC}.DLL Universal Release|Win32.Build.0 = DLL Universal Release|Win32
		{34834D86-C625-482D-B457-D0BCC75158BC}.DLL Universal Unicode Debug|Win32.ActiveCfg = DLL Universal Unicode Debug|Win32
		{34834D86-C625-482D-B457-D0BCC75158BC}.DLL Universal Unicode Debug|Win32.Build.0 = DLL Universal Unicode Debug|Win32
		{34834D86-C625-482D-B457-D0BCC75158BC}.DLL Universal Unicode Release|Win32.ActiveCfg = DLL Universal Unicode Release|Win32
		{34834D86-C625-482D-B457-D0BCC75158BC}.DLL Universal Unicode Release|Win32.Build.0 = DLL Universal Unicode Release|Win32
		{34834D86-C625-482D-B457-D0BCC75158BC}.Release|Win32.ActiveCfg = Release|Win32
		{34834D86-C625-482D-B457-D0BCC75158BC}.Release|Win32.Build.0 = Release|Win32
		{34834D86-C625-482D-B457-D0BCC75158BC}.Unicode Debug|Win32.ActiveCfg = Unicode Debug|Win32
		{34834D86-C625-482D-B457-D0BCC75158BC}.Unicode Debug|Win32.Build.0 = Unicode Debug|Win32
		{34834D86-C625-482D-B457-D0BCC75158BC}.Unicode Release|Win32.ActiveCfg = Unicode Release|Win32
		{34834D86-C625-482D-B457-D0BCC75158BC}.Unicode Release|Win32.Build.0 = Unicode Release|Win32
		{34834D86-C625-482D-B457-D0BCC75158BC}.Universal Debug|Win32.ActiveCfg = Universal Debug|Win32
		{34834D86-C625-482D-B457-D0BCC75158BC}.Universal Debug|Win32.Build.0 = Universal Debug|Win32
		{34834D86-C625-482D-B457-D0BCC75158BC}.Universal Release|Win32.ActiveCfg = Universal Release|Win32
		{34834D86-C625-482D-B457-D0BCC75158BC}.Universal Release|Win32.Build.0 = Universal Release|Win32
		{34834D86-C625-482D-B457-D0BCC75158BC}.Universal Unicode Debug|Win32.ActiveCfg = Universal Unicode Debug|Win32
		{34834D86-C625-482D-B457-D0BCC75158BC}.Universal Unicode Debug|Win32.Build.0 = Universal Unicode Debug|Win32
		{34834D86-C625-482D-B457-D0BCC75158BC}.Universal Unicode Release|Win32.ActiveCfg = Universal Unicode Release|Win32
		{34834D86-C625-482D-B457-D0BCC75158BC}.Universal Unicode Release|Win32.Build.0 = Universal Unicode Release|Win32
		{A9E57FED-AB20-4EE5-9D24-A44EDA5DCEC1}.Debug|Win32.ActiveCfg = Debug|Win32
		{A9E57FED-AB20-4EE5-9D24-A44EDA5DCEC1}.Debug|Win32.Build.0 = Debug|Win32
		{A9E57FED-AB20-4EE5-9D24-A44EDA5DCEC1}.DLL Debug|Win32.ActiveCfg = Debug|Win32
		{A9E57FED-AB20-4EE5-9D24-A44EDA5DCEC1}.DLL Debug|Win32.Build.0 = Debug|Win32
		{A9E57FED-AB20-4EE5-9D24-A44EDA5DCEC1}.DLL Release|Win32.ActiveCfg = Release|Win32
		{A9E57FED-AB20-4EE5-9D24-A44EDA5DCEC1}.DLL Release|Win32.Build.0 = Release|Win32
		{A9E57FED-AB20-4EE5-9D24-A44EDA5DCEC1}.DLL Unicode Debug|Win32.ActiveCfg = Debug|Win32
		{A9E57FED-AB20-4EE5-9D24-A44EDA5DCEC1}.DLL Unicode Debug|Win32.Build.0 = Debug|Win32
		{A9E57FED-AB20-4EE5-9D24-A44EDA5DCEC1}.DLL Unicode Release|Win32.ActiveCfg = Release|Win32
		{A9E57FED-AB20-4EE5-9D24-A44EDA5DCEC1}.DLL Unicode Release|Win32.Build.0 = Release|Win32
		{A9E57FED-AB20-4EE5-9D24-A44EDA5DCEC1}.DLL Universal Debug|Win32.ActiveCfg = Debug|Win32
		{A9E57FED-AB20-4EE5-9D24-A44EDA5DCEC1}.DLL Universal Debug|Win32.Build.0 = Debug|Win32
		{A9E57FED-AB20-4EE5-9D24-A44EDA5DCEC1}.DLL Universal Release|Win32.ActiveCfg = Release|Win32
		{A9E57FED-AB20-4EE5-9D24-A44EDA5DCEC1}.DLL Universal Release|Win32.Build.0 = Release|Win32
		{A9E57FED-AB20-4EE5-9D24-A44EDA5DCEC1}.DLL Universal Unicode Debug|Win32.ActiveCfg = Debug|Win32
		{A9E57FED-AB20-4EE5-9D24-A44EDA5DCEC1}.DLL Universal Unicode Debug|Win32.Build.0 = Debug|Win32
		{A9E57FED-AB20-4EE5-9D24-A44EDA5DCEC1}.DLL Universal Unicode Release|Win32.ActiveCfg = Release|Win32
		{A9E57FED-AB20-4EE5-9D24-A44EDA5DCEC1}.DLL Universal Unicode Release|Win32.Build.0 = Release|Win32
		{A9E57FED-AB20-4EE5-9D24-A44EDA5DCEC1}.Release|Win32.ActiveCfg = Release|Win32
		{A9E57FED-AB20-4EE5-9D24-A44EDA5DCEC1}.Release|Win32.Build.0 = Release|Win32
		{A9E57FED-AB20-4EE5-9D24-A44EDA5DCEC1}.Unicode Debug|Win32.ActiveCfg = Debug|Win32
		{A9E57FED-AB20-4EE5-9D24-A44EDA5DCEC1}.Unicode Debug|Win32.Build.0 = Debug|Win32
		{A9E57FED-AB20-4EE5-9D24-A44EDA5DCEC1}.Unicode Release|Win32.ActiveCfg = Release|Win32
		{A9E57FED-AB20-4EE5-9D24-A44EDA5DCEC1}.Unicode Release|Win32.Build.0 = Release|Win32
		{A9E57FED-AB20-4EE5-9D24-A44EDA5DCEC1}.Universal Debug|Win32.ActiveCfg = Debug|Win32
		{A9E57FED-AB20-4EE5-9D24-A44EDA5DCEC1}.Universal Debug|Win32.Build.0 = Debug|Win32
		{A9E57FED-AB20-4EE5-9D24-A44EDA5DCEC1}.Universal Release|Win32.ActiveCfg = Release|Win32
		{A9E57FED-AB20-4EE5-9D24-A44EDA5DCEC1}.Universal Release|Win32.Build.0 = Release|Win32
		{A9E57FED-AB20-4EE5-9D24-A44EDA5DCEC1}.Universal Unicode Debug|Win32.ActiveCfg = Debug|Win32
		{A9E57FED-AB20-4EE5-9D24-A44EDA5DCEC1}.Universal Unicode Debug|Win32.Build.0 = Debug|Win32
		{A9E57FED-AB20-4EE5-9D24-A44EDA5DCEC1}.Universal Unicode Release|Win32.ActiveCfg = Release|Win32
		{A9E57FED-AB20-4EE5-9D24-A44EDA5DCEC1}.Universal Unicode Release|Win32.Build.0 = Release|Win32
	EndGlobalSection
	GlobalSection(SolutionProperties) = preSolution
		HideSolutionNode = FALSE
	EndGlobalSection
	GlobalSection(NestedProjects) = preSolution
		{C49E67AC-9C89-4D98-B826-1D235D7A96C7} = {F05B5DE0-6A6A-486F-948B-BB79EEAA24D8}
		{872AE0CC-85DB-47AD-9FE8-910FF82E06B0} = {F05B5DE0-6A6A-486F-948B-BB79EEAA24D8}
		{56EF6201-FE65-4843-919D-FA1A8043DB1E} = {F05B5DE0-6A6A-486F-948B-BB79EEAA24D8}
		{B04C3EB8-1837-4C74-88E9-41DD257364A5} = {F05B5DE0-6A6A-486F-948B-BB79EEAA24D8}
		{0E3BA15B-CFD8-4156-B3ED-2B4754C41442} = {F05B5DE0-6A6A-486F-948B-BB79EEAA24D8}
		{245CA754-76A7-4376-B445-5A2E6997E158} = {F05B5DE0-6A6A-486F-948B-BB79EEAA24D8}
		{C7438A49-3037-4210-8112-426C7D15EE40} = {F05B5DE0-6A6A-486F-948B-BB79EEAA24D8}
		{5A0A0D47-6BE8-455D-B37F-9F4764E268F8} = {F05B5DE0-6A6A-486F-948B-BB79EEAA24D8}
		{B5D03E5B-71C5-4294-923B-6162E78B93ED} = {F05B5DE0-6A6A-486F-948B-BB79EEAA24D8}
		{3E63246C-E5E7-4F83-BE56-77F85E9BB8F3} = {F05B5DE0-6A6A-486F-948B-BB79EEAA24D8}
		{18542062-2AC6-4944-9B73-ED60CD606D1F} = {F05B5DE0-6A6A-486F-948B-BB79EEAA24D8}
		{D3A7D611-4612-4D7E-8B0D-46B1072C2C0F} = {F05B5DE0-6A6A-486F-948B-BB79EEAA24D8}
		{28A13805-0468-4FBD-AA25-0CDF51BC7DB0} = {F05B5DE0-6A6A-486F-948B-BB79EEAA24D8}
		{A59A0C71-11E5-4078-8CA4-FD215FC22370} = {F05B5DE0-6A6A-486F-948B-BB79EEAA24D8}
		{7DAE3964-9162-4AA5-9154-377429A19B7D} = {F05B5DE0-6A6A-486F-948B-BB79EEAA24D8}
		{CA7911B6-DCAE-4EEC-87E2-B10CB1EEF71A} = {F05B5DE0-6A6A-486F-948B-BB79EEAA24D8}
		{EC71E84D-47E0-48E5-B122-FFEAF6BA60A0} = {F05B5DE0-6A6A-486F-948B-BB79EEAA24D8}
		{97D17D8B-781E-47D4-BE08-07B53880DD19} = {F05B5DE0-6A6A-486F-948B-BB79EEAA24D8}
		{9C6B2379-B898-41EE-959B-AA041081BE80} = {F05B5DE0-6A6A-486F-948B-BB79EEAA24D8}
		{34834D86-C625-482D-B457-D0BCC75158BC} = {F05B5DE0-6A6A-486F-948B-BB79EEAA24D8}
	EndGlobalSection
EndGlobal
