
Microsoft Visual Studio Solution File, Format Version 10.00
# Visual Studio 2008
Project("{8BC9CEB8-8B4A-11D0-8D11-00A0C91BC942}") = "wxLuaBind", "wxLuaBind\wxLuaBind.vcproj", "{CB73F8B7-BBF1-4D37-B3EC-C9637AD991AF}"
	ProjectSection(ProjectDependencies) = postProject
		{C75863A6-27DE-49EE-BE93-700CED8D8FEE} = {C75863A6-27DE-49EE-BE93-700CED8D8FEE}
		{DC330DEA-922D-4E77-8C9F-DE3E661817E9} = {DC330DEA-922D-4E77-8C9F-DE3E661817E9}
	EndProjectSection
EndProject
Project("{8BC9CEB8-8B4A-11D0-8D11-00A0C91BC942}") = "luabind-0.9.1", "luabind-0.9.1\build-vc\luabind-vc90.vcproj", "{DC330DEA-922D-4E77-8C9F-DE3E661817E9}"
	ProjectSection(ProjectDependencies) = postProject
		{C75863A6-27DE-49EE-BE93-700CED8D8FEE} = {C75863A6-27DE-49EE-BE93-700CED8D8FEE}
	EndProjectSection
EndProject
Project("{2150E333-8FDC-42A3-9474-1A3956D46DE8}") = "wx2.8.9", "wx2.8.9", "{F05B5DE0-6A6A-486F-948B-BB79EEAA24D8}"
EndProject
Project("{8BC9CEB8-8B4A-11D0-8D11-00A0C91BC942}") = "adv", "..\..\wxWidgets-2.8.9\build\msw\wx_adv.vcproj", "{0EBDF00B-C0E3-44EA-83E3-6F2F52D6A13D}"
EndProject
Project("{8BC9CEB8-8B4A-11D0-8D11-00A0C91BC942}") = "aui", "..\..\wxWidgets-2.8.9\build\msw\wx_aui.vcproj", "{7A646655-CF5B-4FC6-AC3E-D87D63B79E7B}"
EndProject
Project("{8BC9CEB8-8B4A-11D0-8D11-00A0C91BC942}") = "base", "..\..\wxWidgets-2.8.9\build\msw\wx_base.vcproj", "{8E223E8A-5085-403A-BA94-F7DCC8F01AE4}"
EndProject
Project("{8BC9CEB8-8B4A-11D0-8D11-00A0C91BC942}") = "core", "..\..\wxWidgets-2.8.9\build\msw\wx_core.vcproj", "{BA240570-5FBA-49CA-8CD5-D637AECD25DB}"
EndProject
Project("{8BC9CEB8-8B4A-11D0-8D11-00A0C91BC942}") = "dbgrid", "..\..\wxWidgets-2.8.9\build\msw\wx_dbgrid.vcproj", "{D48153D3-EC73-4454-BB37-5945D9FF2A54}"
EndProject
Project("{8BC9CEB8-8B4A-11D0-8D11-00A0C91BC942}") = "gl", "..\..\wxWidgets-2.8.9\build\msw\wx_gl.vcproj", "{7C36990B-AC8C-445E-9B94-8FC5F3829D96}"
EndProject
Project("{8BC9CEB8-8B4A-11D0-8D11-00A0C91BC942}") = "html", "..\..\wxWidgets-2.8.9\build\msw\wx_html.vcproj", "{9925F5DB-4EF8-4B7C-92C8-D7F04B7A66E4}"
EndProject
Project("{8BC9CEB8-8B4A-11D0-8D11-00A0C91BC942}") = "net", "..\..\wxWidgets-2.8.9\build\msw\wx_net.vcproj", "{94B0BB3C-43F5-4BA1-9BD7-BBF7B80DBFF1}"
EndProject
Project("{8BC9CEB8-8B4A-11D0-8D11-00A0C91BC942}") = "media", "..\..\wxWidgets-2.8.9\build\msw\wx_media.vcproj", "{CEA4BE8D-5699-493B-81F6-EDDBED7FA93E}"
EndProject
Project("{8BC9CEB8-8B4A-11D0-8D11-00A0C91BC942}") = "odbc", "..\..\wxWidgets-2.8.9\build\msw\wx_odbc.vcproj", "{A05CEC08-A319-4125-82E3-C34A875F86E1}"
EndProject
Project("{8BC9CEB8-8B4A-11D0-8D11-00A0C91BC942}") = "qa", "..\..\wxWidgets-2.8.9\build\msw\wx_qa.vcproj", "{E653AE35-0D85-476D-9C78-36622AA72FE5}"
EndProject
Project("{8BC9CEB8-8B4A-11D0-8D11-00A0C91BC942}") = "richtext", "..\..\wxWidgets-2.8.9\build\msw\wx_richtext.vcproj", "{B326D6AC-292B-4B51-8036-4C07BAF63070}"
EndProject
Project("{8BC9CEB8-8B4A-11D0-8D11-00A0C91BC942}") = "wxexpat", "..\..\wxWidgets-2.8.9\build\msw\wx_wxexpat.vcproj", "{AEE849F3-30CA-43B1-B696-F2C7C3B10CA1}"
EndProject
Project("{8BC9CEB8-8B4A-11D0-8D11-00A0C91BC942}") = "wxjpeg", "..\..\wxWidgets-2.8.9\build\msw\wx_wxjpeg.vcproj", "{B724E495-5923-49A9-9573-6047F70F4B60}"
EndProject
Project("{8BC9CEB8-8B4A-11D0-8D11-00A0C91BC942}") = "wxpng", "..\..\wxWidgets-2.8.9\build\msw\wx_wxpng.vcproj", "{046D9BE5-C784-4281-B230-52BC636D2AE3}"
EndProject
Project("{8BC9CEB8-8B4A-11D0-8D11-00A0C91BC942}") = "wxregex", "..\..\wxWidgets-2.8.9\build\msw\wx_wxregex.vcproj", "{91771059-073A-4A4C-8D2A-DCB61F2E80D8}"
EndProject
Project("{8BC9CEB8-8B4A-11D0-8D11-00A0C91BC942}") = "wxtiff", "..\..\wxWidgets-2.8.9\build\msw\wx_wxtiff.vcproj", "{E3925D5E-63C9-48AE-91D9-0BBBED48E4DA}"
EndProject
Project("{8BC9CEB8-8B4A-11D0-8D11-00A0C91BC942}") = "wxzlib", "..\..\wxWidgets-2.8.9\build\msw\wx_wxzlib.vcproj", "{87127734-1EC2-4549-AAE0-B1D881DBD720}"
EndProject
Project("{8BC9CEB8-8B4A-11D0-8D11-00A0C91BC942}") = "xml", "..\..\wxWidgets-2.8.9\build\msw\wx_xml.vcproj", "{639C4782-81E3-4A96-9E8F-0B18B42FA4CB}"
EndProject
Project("{8BC9CEB8-8B4A-11D0-8D11-00A0C91BC942}") = "xrc", "..\..\wxWidgets-2.8.9\build\msw\wx_xrc.vcproj", "{99EAC7CA-08FA-48F1-BEBC-697D2E3C2696}"
EndProject
Project("{8BC9CEB8-8B4A-11D0-8D11-00A0C91BC942}") = "TestApp", "TestApp\TestApp.vcproj", "{A9E57FED-AB20-4EE5-9D24-A44EDA5DCEC1}"
	ProjectSection(ProjectDependencies) = postProject
		{C75863A6-27DE-49EE-BE93-700CED8D8FEE} = {C75863A6-27DE-49EE-BE93-700CED8D8FEE}
		{CB73F8B7-BBF1-4D37-B3EC-C9637AD991AF} = {CB73F8B7-BBF1-4D37-B3EC-C9637AD991AF}
	EndProjectSection
EndProject
Project("{8BC9CEB8-8B4A-11D0-8D11-00A0C91BC942}") = "lualib-5.1", "lua-5.1\build-vc\lualib-5.1.vcproj", "{C75863A6-27DE-49EE-BE93-700CED8D8FEE}"
EndProject
Project("{8BC9CEB8-8B4A-11D0-8D11-00A0C91BC942}") = "lua-5.1", "lua-5.1\build-vc\lua-5.1.vcproj", "{0DDE7678-9717-45B0-9719-5EA77EFF3302}"
	ProjectSection(ProjectDependencies) = postProject
		{C75863A6-27DE-49EE-BE93-700CED8D8FEE} = {C75863A6-27DE-49EE-BE93-700CED8D8FEE}
	EndProjectSection
EndProject
Global
	GlobalSection(SolutionConfigurationPlatforms) = preSolution
		Debug|Win32 = Debug|Win32
		DLL Debug|Win32 = DLL Debug|Win32
		DLL Release|Win32 = DLL Release|Win32
		DLL Unicode Debug|Win32 = DLL Unicode Debug|Win32
		DLL Unicode Release|Win32 = DLL Unicode Release|Win32
		DLL Universal Debug|Win32 = DLL Universal Debug|Win32
		DLL Universal Release|Win32 = DLL Universal Release|Win32
		DLL Universal Unicode Debug|Win32 = DLL Universal Unicode Debug|Win32
		DLL Universal Unicode Release|Win32 = DLL Universal Unicode Release|Win32
		Release|Win32 = Release|Win32
		Unicode Debug|Win32 = Unicode Debug|Win32
		Unicode Release|Win32 = Unicode Release|Win32
		Universal Debug|Win32 = Universal Debug|Win32
		Universal Release|Win32 = Universal Release|Win32
		Universal Unicode Debug|Win32 = Universal Unicode Debug|Win32
		Universal Unicode Release|Win32 = Universal Unicode Release|Win32
	EndGlobalSection
	GlobalSection(ProjectConfigurationPlatforms) = postSolution
		{CB73F8B7-BBF1-4D37-B3EC-C9637AD991AF}.Debug|Win32.ActiveCfg = Debug|Win32
		{CB73F8B7-BBF1-4D37-B3EC-C9637AD991AF}.Debug|Win32.Build.0 = Debug|Win32
		{CB73F8B7-BBF1-4D37-B3EC-C9637AD991AF}.DLL Debug|Win32.ActiveCfg = DLL Debug|Win32
		{CB73F8B7-BBF1-4D37-B3EC-C9637AD991AF}.DLL Debug|Win32.Build.0 = DLL Debug|Win32
		{CB73F8B7-BBF1-4D37-B3EC-C9637AD991AF}.DLL Release|Win32.ActiveCfg = Release|Win32
		{CB73F8B7-BBF1-4D37-B3EC-C9637AD991AF}.DLL Release|Win32.Build.0 = Release|Win32
		{CB73F8B7-BBF1-4D37-B3EC-C9637AD991AF}.DLL Unicode Debug|Win32.ActiveCfg = Debug|Win32
		{CB73F8B7-BBF1-4D37-B3EC-C9637AD991AF}.DLL Unicode Debug|Win32.Build.0 = Debug|Win32
		{CB73F8B7-BBF1-4D37-B3EC-C9637AD991AF}.DLL Unicode Release|Win32.ActiveCfg = Release|Win32
		{CB73F8B7-BBF1-4D37-B3EC-C9637AD991AF}.DLL Unicode Release|Win32.Build.0 = Release|Win32
		{CB73F8B7-BBF1-4D37-B3EC-C9637AD991AF}.DLL Universal Debug|Win32.ActiveCfg = Debug|Win32
		{CB73F8B7-BBF1-4D37-B3EC-C9637AD991AF}.DLL Universal Debug|Win32.Build.0 = Debug|Win32
		{CB73F8B7-BBF1-4D37-B3EC-C9637AD991AF}.DLL Universal Release|Win32.ActiveCfg = Release|Win32
		{CB73F8B7-BBF1-4D37-B3EC-C9637AD991AF}.DLL Universal Release|Win32.Build.0 = Release|Win32
		{CB73F8B7-BBF1-4D37-B3EC-C9637AD991AF}.DLL Universal Unicode Debug|Win32.ActiveCfg = Debug|Win32
		{CB73F8B7-BBF1-4D37-B3EC-C9637AD991AF}.DLL Universal Unicode Debug|Win32.Build.0 = Debug|Win32
		{CB73F8B7-BBF1-4D37-B3EC-C9637AD991AF}.DLL Universal Unicode Release|Win32.ActiveCfg = Release|Win32
		{CB73F8B7-BBF1-4D37-B3EC-C9637AD991AF}.DLL Universal Unicode Release|Win32.Build.0 = Release|Win32
		{CB73F8B7-BBF1-4D37-B3EC-C9637AD991AF}.Release|Win32.ActiveCfg = Release|Win32
		{CB73F8B7-BBF1-4D37-B3EC-C9637AD991AF}.Release|Win32.Build.0 = Release|Win32
		{CB73F8B7-BBF1-4D37-B3EC-C9637AD991AF}.Unicode Debug|Win32.ActiveCfg = Debug|Win32
		{CB73F8B7-BBF1-4D37-B3EC-C9637AD991AF}.Unicode Debug|Win32.Build.0 = Debug|Win32
		{CB73F8B7-BBF1-4D37-B3EC-C9637AD991AF}.Unicode Release|Win32.ActiveCfg = Release|Win32
		{CB73F8B7-BBF1-4D37-B3EC-C9637AD991AF}.Unicode Release|Win32.Build.0 = Release|Win32
		{CB73F8B7-BBF1-4D37-B3EC-C9637AD991AF}.Universal Debug|Win32.ActiveCfg = Debug|Win32
		{CB73F8B7-BBF1-4D37-B3EC-C9637AD991AF}.Universal Debug|Win32.Build.0 = Debug|Win32
		{CB73F8B7-BBF1-4D37-B3EC-C9637AD991AF}.Universal Release|Win32.ActiveCfg = Release|Win32
		{CB73F8B7-BBF1-4D37-B3EC-C9637AD991AF}.Universal Release|Win32.Build.0 = Release|Win32
		{CB73F8B7-BBF1-4D37-B3EC-C9637AD991AF}.Universal Unicode Debug|Win32.ActiveCfg = Debug|Win32
		{CB73F8B7-BBF1-4D37-B3EC-C9637AD991AF}.Universal Unicode Debug|Win32.Build.0 = Debug|Win32
		{CB73F8B7-BBF1-4D37-B3EC-C9637AD991AF}.Universal Unicode Release|Win32.ActiveCfg = Release|Win32
		{CB73F8B7-BBF1-4D37-B3EC-C9637AD991AF}.Universal Unicode Release|Win32.Build.0 = Release|Win32
		{DC330DEA-922D-4E77-8C9F-DE3E661817E9}.Debug|Win32.ActiveCfg = Debug|Win32
		{DC330DEA-922D-4E77-8C9F-DE3E661817E9}.Debug|Win32.Build.0 = Debug|Win32
		{DC330DEA-922D-4E77-8C9F-DE3E661817E9}.DLL Debug|Win32.ActiveCfg = DLL Debug|Win32
		{DC330DEA-922D-4E77-8C9F-DE3E661817E9}.DLL Debug|Win32.Build.0 = DLL Debug|Win32
		{DC330DEA-922D-4E77-8C9F-DE3E661817E9}.DLL Release|Win32.ActiveCfg = Release|Win32
		{DC330DEA-922D-4E77-8C9F-DE3E661817E9}.DLL Release|Win32.Build.0 = Release|Win32
		{DC330DEA-922D-4E77-8C9F-DE3E661817E9}.DLL Unicode Debug|Win32.ActiveCfg = Debug|Win32
		{DC330DEA-922D-4E77-8C9F-DE3E661817E9}.DLL Unicode Debug|Win32.Build.0 = Debug|Win32
		{DC330DEA-922D-4E77-8C9F-DE3E661817E9}.DLL Unicode Release|Win32.ActiveCfg = Release|Win32
		{DC330DEA-922D-4E77-8C9F-DE3E661817E9}.DLL Unicode Release|Win32.Build.0 = Release|Win32
		{DC330DEA-922D-4E77-8C9F-DE3E661817E9}.DLL Universal Debug|Win32.ActiveCfg = Debug|Win32
		{DC330DEA-922D-4E77-8C9F-DE3E661817E9}.DLL Universal Debug|Win32.Build.0 = Debug|Win32
		{DC330DEA-922D-4E77-8C9F-DE3E661817E9}.DLL Universal Release|Win32.ActiveCfg = Release|Win32
		{DC330DEA-922D-4E77-8C9F-DE3E661817E9}.DLL Universal Release|Win32.Build.0 = Release|Win32
		{DC330DEA-922D-4E77-8C9F-DE3E661817E9}.DLL Universal Unicode Debug|Win32.ActiveCfg = Debug|Win32
		{DC330DEA-922D-4E77-8C9F-DE3E661817E9}.DLL Universal Unicode Debug|Win32.Build.0 = Debug|Win32
		{DC330DEA-922D-4E77-8C9F-DE3E661817E9}.DLL Universal Unicode Release|Win32.ActiveCfg = Release|Win32
		{DC330DEA-922D-4E77-8C9F-DE3E661817E9}.DLL Universal Unicode Release|Win32.Build.0 = Release|Win32
		{DC330DEA-922D-4E77-8C9F-DE3E661817E9}.Release|Win32.ActiveCfg = Release|Win32
		{DC330DEA-922D-4E77-8C9F-DE3E661817E9}.Release|Win32.Build.0 = Release|Win32
		{DC330DEA-922D-4E77-8C9F-DE3E661817E9}.Unicode Debug|Win32.ActiveCfg = Debug|Win32
		{DC330DEA-922D-4E77-8C9F-DE3E661817E9}.Unicode Debug|Win32.Build.0 = Debug|Win32
		{DC330DEA-922D-4E77-8C9F-DE3E661817E9}.Unicode Release|Win32.ActiveCfg = Release|Win32
		{DC330DEA-922D-4E77-8C9F-DE3E661817E9}.Unicode Release|Win32.Build.0 = Release|Win32
		{DC330DEA-922D-4E77-8C9F-DE3E661817E9}.Universal Debug|Win32.ActiveCfg = Debug|Win32
		{DC330DEA-922D-4E77-8C9F-DE3E661817E9}.Universal Debug|Win32.Build.0 = Debug|Win32
		{DC330DEA-922D-4E77-8C9F-DE3E661817E9}.Universal Release|Win32.ActiveCfg = Release|Win32
		{DC330DEA-922D-4E77-8C9F-DE3E661817E9}.Universal Release|Win32.Build.0 = Release|Win32
		{DC330DEA-922D-4E77-8C9F-DE3E661817E9}.Universal Unicode Debug|Win32.ActiveCfg = Debug|Win32
		{DC330DEA-922D-4E77-8C9F-DE3E661817E9}.Universal Unicode Debug|Win32.Build.0 = Debug|Win32
		{DC330DEA-922D-4E77-8C9F-DE3E661817E9}.Universal Unicode Release|Win32.ActiveCfg = Release|Win32
		{DC330DEA-922D-4E77-8C9F-DE3E661817E9}.Universal Unicode Release|Win32.Build.0 = Release|Win32
		{0EBDF00B-C0E3-44EA-83E3-6F2F52D6A13D}.Debug|Win32.ActiveCfg = Debug|Win32
		{0EBDF00B-C0E3-44EA-83E3-6F2F52D6A13D}.Debug|Win32.Build.0 = Debug|Win32
		{0EBDF00B-C0E3-44EA-83E3-6F2F52D6A13D}.DLL Debug|Win32.ActiveCfg = DLL Debug|Win32
		{0EBDF00B-C0E3-44EA-83E3-6F2F52D6A13D}.DLL Debug|Win32.Build.0 = DLL Debug|Win32
		{0EBDF00B-C0E3-44EA-83E3-6F2F52D6A13D}.DLL Release|Win32.ActiveCfg = DLL Release|Win32
		{0EBDF00B-C0E3-44EA-83E3-6F2F52D6A13D}.DLL Release|Win32.Build.0 = DLL Release|Win32
		{0EBDF00B-C0E3-44EA-83E3-6F2F52D6A13D}.DLL Unicode Debug|Win32.ActiveCfg = DLL Unicode Debug|Win32
		{0EBDF00B-C0E3-44EA-83E3-6F2F52D6A13D}.DLL Unicode Debug|Win32.Build.0 = DLL Unicode Debug|Win32
		{0EBDF00B-C0E3-44EA-83E3-6F2F52D6A13D}.DLL Unicode Release|Win32.ActiveCfg = DLL Unicode Release|Win32
		{0EBDF00B-C0E3-44EA-83E3-6F2F52D6A13D}.DLL Unicode Release|Win32.Build.0 = DLL Unicode Release|Win32
		{0EBDF00B-C0E3-44EA-83E3-6F2F52D6A13D}.DLL Universal Debug|Win32.ActiveCfg = DLL Universal Debug|Win32
		{0EBDF00B-C0E3-44EA-83E3-6F2F52D6A13D}.DLL Universal Debug|Win32.Build.0 = DLL Universal Debug|Win32
		{0EBDF00B-C0E3-44EA-83E3-6F2F52D6A13D}.DLL Universal Release|Win32.ActiveCfg = DLL Universal Release|Win32
		{0EBDF00B-C0E3-44EA-83E3-6F2F52D6A13D}.DLL Universal Release|Win32.Build.0 = DLL Universal Release|Win32
		{0EBDF00B-C0E3-44EA-83E3-6F2F52D6A13D}.DLL Universal Unicode Debug|Win32.ActiveCfg = DLL Universal Unicode Debug|Win32
		{0EBDF00B-C0E3-44EA-83E3-6F2F52D6A13D}.DLL Universal Unicode Debug|Win32.Build.0 = DLL Universal Unicode Debug|Win32
		{0EBDF00B-C0E3-44EA-83E3-6F2F52D6A13D}.DLL Universal Unicode Release|Win32.ActiveCfg = DLL Universal Unicode Release|Win32
		{0EBDF00B-C0E3-44EA-83E3-6F2F52D6A13D}.DLL Universal Unicode Release|Win32.Build.0 = DLL Universal Unicode Release|Win32
		{0EBDF00B-C0E3-44EA-83E3-6F2F52D6A13D}.Release|Win32.ActiveCfg = Release|Win32
		{0EBDF00B-C0E3-44EA-83E3-6F2F52D6A13D}.Release|Win32.Build.0 = Release|Win32
		{0EBDF00B-C0E3-44EA-83E3-6F2F52D6A13D}.Unicode Debug|Win32.ActiveCfg = Unicode Debug|Win32
		{0EBDF00B-C0E3-44EA-83E3-6F2F52D6A13D}.Unicode Debug|Win32.Build.0 = Unicode Debug|Win32
		{0EBDF00B-C0E3-44EA-83E3-6F2F52D6A13D}.Unicode Release|Win32.ActiveCfg = Unicode Release|Win32
		{0EBDF00B-C0E3-44EA-83E3-6F2F52D6A13D}.Unicode Release|Win32.Build.0 = Unicode Release|Win32
		{0EBDF00B-C0E3-44EA-83E3-6F2F52D6A13D}.Universal Debug|Win32.ActiveCfg = Universal Debug|Win32
		{0EBDF00B-C0E3-44EA-83E3-6F2F52D6A13D}.Universal Debug|Win32.Build.0 = Universal Debug|Win32
		{0EBDF00B-C0E3-44EA-83E3-6F2F52D6A13D}.Universal Release|Win32.ActiveCfg = Universal Release|Win32
		{0EBDF00B-C0E3-44EA-83E3-6F2F52D6A13D}.Universal Release|Win32.Build.0 = Universal Release|Win32
		{0EBDF00B-C0E3-44EA-83E3-6F2F52D6A13D}.Universal Unicode Debug|Win32.ActiveCfg = Universal Unicode Debug|Win32
		{0EBDF00B-C0E3-44EA-83E3-6F2F52D6A13D}.Universal Unicode Debug|Win32.Build.0 = Universal Unicode Debug|Win32
		{0EBDF00B-C0E3-44EA-83E3-6F2F52D6A13D}.Universal Unicode Release|Win32.ActiveCfg = Universal Unicode Release|Win32
		{0EBDF00B-C0E3-44EA-83E3-6F2F52D6A13D}.Universal Unicode Release|Win32.Build.0 = Universal Unicode Release|Win32
		{7A646655-CF5B-4FC6-AC3E-D87D63B79E7B}.Debug|Win32.ActiveCfg = Debug|Win32
		{7A646655-CF5B-4FC6-AC3E-D87D63B79E7B}.Debug|Win32.Build.0 = Debug|Win32
		{7A646655-CF5B-4FC6-AC3E-D87D63B79E7B}.DLL Debug|Win32.ActiveCfg = DLL Debug|Win32
		{7A646655-CF5B-4FC6-AC3E-D87D63B79E7B}.DLL Debug|Win32.Build.0 = DLL Debug|Win32
		{7A646655-CF5B-4FC6-AC3E-D87D63B79E7B}.DLL Release|Win32.ActiveCfg = DLL Release|Win32
		{7A646655-CF5B-4FC6-AC3E-D87D63B79E7B}.DLL Release|Win32.Build.0 = DLL Release|Win32
		{7A646655-CF5B-4FC6-AC3E-D87D63B79E7B}.DLL Unicode Debug|Win32.ActiveCfg = DLL Unicode Debug|Win32
		{7A646655-CF5B-4FC6-AC3E-D87D63B79E7B}.DLL Unicode Debug|Win32.Build.0 = DLL Unicode Debug|Win32
		{7A646655-CF5B-4FC6-AC3E-D87D63B79E7B}.DLL Unicode Release|Win32.ActiveCfg = DLL Unicode Release|Win32
		{7A646655-CF5B-4FC6-AC3E-D87D63B79E7B}.DLL Unicode Release|Win32.Build.0 = DLL Unicode Release|Win32
		{7A646655-CF5B-4FC6-AC3E-D87D63B79E7B}.DLL Universal Debug|Win32.ActiveCfg = DLL Universal Debug|Win32
		{7A646655-CF5B-4FC6-AC3E-D87D63B79E7B}.DLL Universal Debug|Win32.Build.0 = DLL Universal Debug|Win32
		{7A646655-CF5B-4FC6-AC3E-D87D63B79E7B}.DLL Universal Release|Win32.ActiveCfg = DLL Universal Release|Win32
		{7A646655-CF5B-4FC6-AC3E-D87D63B79E7B}.DLL Universal Release|Win32.Build.0 = DLL Universal Release|Win32
		{7A646655-CF5B-4FC6-AC3E-D87D63B79E7B}.DLL Universal Unicode Debug|Win32.ActiveCfg = DLL Universal Unicode Debug|Win32
		{7A646655-CF5B-4FC6-AC3E-D87D63B79E7B}.DLL Universal Unicode Debug|Win32.Build.0 = DLL Universal Unicode Debug|Win32
		{7A646655-CF5B-4FC6-AC3E-D87D63B79E7B}.DLL Universal Unicode Release|Win32.ActiveCfg = DLL Universal Unicode Release|Win32
		{7A646655-CF5B-4FC6-AC3E-D87D63B79E7B}.DLL Universal Unicode Release|Win32.Build.0 = DLL Universal Unicode Release|Win32
		{7A646655-CF5B-4FC6-AC3E-D87D63B79E7B}.Release|Win32.ActiveCfg = Release|Win32
		{7A646655-CF5B-4FC6-AC3E-D87D63B79E7B}.Release|Win32.Build.0 = Release|Win32
		{7A646655-CF5B-4FC6-AC3E-D87D63B79E7B}.Unicode Debug|Win32.ActiveCfg = Unicode Debug|Win32
		{7A646655-CF5B-4FC6-AC3E-D87D63B79E7B}.Unicode Debug|Win32.Build.0 = Unicode Debug|Win32
		{7A646655-CF5B-4FC6-AC3E-D87D63B79E7B}.Unicode Release|Win32.ActiveCfg = Unicode Release|Win32
		{7A646655-CF5B-4FC6-AC3E-D87D63B79E7B}.Unicode Release|Win32.Build.0 = Unicode Release|Win32
		{7A646655-CF5B-4FC6-AC3E-D87D63B79E7B}.Universal Debug|Win32.ActiveCfg = Universal Debug|Win32
		{7A646655-CF5B-4FC6-AC3E-D87D63B79E7B}.Universal Debug|Win32.Build.0 = Universal Debug|Win32
		{7A646655-CF5B-4FC6-AC3E-D87D63B79E7B}.Universal Release|Win32.ActiveCfg = Universal Release|Win32
		{7A646655-CF5B-4FC6-AC3E-D87D63B79E7B}.Universal Release|Win32.Build.0 = Universal Release|Win32
		{7A646655-CF5B-4FC6-AC3E-D87D63B79E7B}.Universal Unicode Debug|Win32.ActiveCfg = Universal Unicode Debug|Win32
		{7A646655-CF5B-4FC6-AC3E-D87D63B79E7B}.Universal Unicode Debug|Win32.Build.0 = Universal Unicode Debug|Win32
		{7A646655-CF5B-4FC6-AC3E-D87D63B79E7B}.Universal Unicode Release|Win32.ActiveCfg = Universal Unicode Release|Win32
		{7A646655-CF5B-4FC6-AC3E-D87D63B79E7B}.Universal Unicode Release|Win32.Build.0 = Universal Unicode Release|Win32
		{8E223E8A-5085-403A-BA94-F7DCC8F01AE4}.Debug|Win32.ActiveCfg = Debug|Win32
		{8E223E8A-5085-403A-BA94-F7DCC8F01AE4}.Debug|Win32.Build.0 = Debug|Win32
		{8E223E8A-5085-403A-BA94-F7DCC8F01AE4}.DLL Debug|Win32.ActiveCfg = DLL Debug|Win32
		{8E223E8A-5085-403A-BA94-F7DCC8F01AE4}.DLL Debug|Win32.Build.0 = DLL Debug|Win32
		{8E223E8A-5085-403A-BA94-F7DCC8F01AE4}.DLL Release|Win32.ActiveCfg = DLL Release|Win32
		{8E223E8A-5085-403A-BA94-F7DCC8F01AE4}.DLL Release|Win32.Build.0 = DLL Release|Win32
		{8E223E8A-5085-403A-BA94-F7DCC8F01AE4}.DLL Unicode Debug|Win32.ActiveCfg = DLL Unicode Debug|Win32
		{8E223E8A-5085-403A-BA94-F7DCC8F01AE4}.DLL Unicode Debug|Win32.Build.0 = DLL Unicode Debug|Win32
		{8E223E8A-5085-403A-BA94-F7DCC8F01AE4}.DLL Unicode Release|Win32.ActiveCfg = DLL Unicode Release|Win32
		{8E223E8A-5085-403A-BA94-F7DCC8F01AE4}.DLL Unicode Release|Win32.Build.0 = DLL Unicode Release|Win32
		{8E223E8A-5085-403A-BA94-F7DCC8F01AE4}.DLL Universal Debug|Win32.ActiveCfg = DLL Universal Debug|Win32
		{8E223E8A-5085-403A-BA94-F7DCC8F01AE4}.DLL Universal Debug|Win32.Build.0 = DLL Universal Debug|Win32
		{8E223E8A-5085-403A-BA94-F7DCC8F01AE4}.DLL Universal Release|Win32.ActiveCfg = DLL Universal Release|Win32
		{8E223E8A-5085-403A-BA94-F7DCC8F01AE4}.DLL Universal Release|Win32.Build.0 = DLL Universal Release|Win32
		{8E223E8A-5085-403A-BA94-F7DCC8F01AE4}.DLL Universal Unicode Debug|Win32.ActiveCfg = DLL Universal Unicode Debug|Win32
		{8E223E8A-5085-403A-BA94-F7DCC8F01AE4}.DLL Universal Unicode Debug|Win32.Build.0 = DLL Universal Unicode Debug|Win32
		{8E223E8A-5085-403A-BA94-F7DCC8F01AE4}.DLL Universal Unicode Release|Win32.ActiveCfg = DLL Universal Unicode Release|Win32
		{8E223E8A-5085-403A-BA94-F7DCC8F01AE4}.DLL Universal Unicode Release|Win32.Build.0 = DLL Universal Unicode Release|Win32
		{8E223E8A-5085-403A-BA94-F7DCC8F01AE4}.Release|Win32.ActiveCfg = Release|Win32
		{8E223E8A-5085-403A-BA94-F7DCC8F01AE4}.Release|Win32.Build.0 = Release|Win32
		{8E223E8A-5085-403A-BA94-F7DCC8F01AE4}.Unicode Debug|Win32.ActiveCfg = Unicode Debug|Win32
		{8E223E8A-5085-403A-BA94-F7DCC8F01AE4}.Unicode Debug|Win32.Build.0 = Unicode Debug|Win32
		{8E223E8A-5085-403A-BA94-F7DCC8F01AE4}.Unicode Release|Win32.ActiveCfg = Unicode Release|Win32
		{8E223E8A-5085-403A-BA94-F7DCC8F01AE4}.Unicode Release|Win32.Build.0 = Unicode Release|Win32
		{8E223E8A-5085-403A-BA94-F7DCC8F01AE4}.Universal Debug|Win32.ActiveCfg = Universal Debug|Win32
		{8E223E8A-5085-403A-BA94-F7DCC8F01AE4}.Universal Debug|Win32.Build.0 = Universal Debug|Win32
		{8E223E8A-5085-403A-BA94-F7DCC8F01AE4}.Universal Release|Win32.ActiveCfg = Universal Release|Win32
		{8E223E8A-5085-403A-BA94-F7DCC8F01AE4}.Universal Release|Win32.Build.0 = Universal Release|Win32
		{8E223E8A-5085-403A-BA94-F7DCC8F01AE4}.Universal Unicode Debug|Win32.ActiveCfg = Universal Unicode Debug|Win32
		{8E223E8A-5085-403A-BA94-F7DCC8F01AE4}.Universal Unicode Debug|Win32.Build.0 = Universal Unicode Debug|Win32
		{8E223E8A-5085-403A-BA94-F7DCC8F01AE4}.Universal Unicode Release|Win32.ActiveCfg = Universal Unicode Release|Win32
		{8E223E8A-5085-403A-BA94-F7DCC8F01AE4}.Universal Unicode Release|Win32.Build.0 = Universal Unicode Release|Win32
		{BA240570-5FBA-49CA-8CD5-D637AECD25DB}.Debug|Win32.ActiveCfg = Debug|Win32
		{BA240570-5FBA-49CA-8CD5-D637AECD25DB}.Debug|Win32.Build.0 = Debug|Win32
		{BA240570-5FBA-49CA-8CD5-D637AECD25DB}.DLL Debug|Win32.ActiveCfg = DLL Debug|Win32
		{BA240570-5FBA-49CA-8CD5-D637AECD25DB}.DLL Debug|Win32.Build.0 = DLL Debug|Win32
		{BA240570-5FBA-49CA-8CD5-D637AECD25DB}.DLL Release|Win32.ActiveCfg = DLL Release|Win32
		{BA240570-5FBA-49CA-8CD5-D637AECD25DB}.DLL Release|Win32.Build.0 = DLL Release|Win32
		{BA240570-5FBA-49CA-8CD5-D637AECD25DB}.DLL Unicode Debug|Win32.ActiveCfg = DLL Unicode Debug|Win32
		{BA240570-5FBA-49CA-8CD5-D637AECD25DB}.DLL Unicode Debug|Win32.Build.0 = DLL Unicode Debug|Win32
		{BA240570-5FBA-49CA-8CD5-D637AECD25DB}.DLL Unicode Release|Win32.ActiveCfg = DLL Unicode Release|Win32
		{BA240570-5FBA-49CA-8CD5-D637AECD25DB}.DLL Unicode Release|Win32.Build.0 = DLL Unicode Release|Win32
		{BA240570-5FBA-49CA-8CD5-D637AECD25DB}.DLL Universal Debug|Win32.ActiveCfg = DLL Universal Debug|Win32
		{BA240570-5FBA-49CA-8CD5-D637AECD25DB}.DLL Universal Debug|Win32.Build.0 = DLL Universal Debug|Win32
		{BA240570-5FBA-49CA-8CD5-D637AECD25DB}.DLL Universal Release|Win32.ActiveCfg = DLL Universal Release|Win32
		{BA240570-5FBA-49CA-8CD5-D637AECD25DB}.DLL Universal Release|Win32.Build.0 = DLL Universal Release|Win32
		{BA240570-5FBA-49CA-8CD5-D637AECD25DB}.DLL Universal Unicode Debug|Win32.ActiveCfg = DLL Universal Unicode Debug|Win32
		{BA240570-5FBA-49CA-8CD5-D637AECD25DB}.DLL Universal Unicode Debug|Win32.Build.0 = DLL Universal Unicode Debug|Win32
		{BA240570-5FBA-49CA-8CD5-D637AECD25DB}.DLL Universal Unicode Release|Win32.ActiveCfg = DLL Universal Unicode Release|Win32
		{BA240570-5FBA-49CA-8CD5-D637AECD25DB}.DLL Universal Unicode Release|Win32.Build.0 = DLL Universal Unicode Release|Win32
		{BA240570-5FBA-49CA-8CD5-D637AECD25DB}.Release|Win32.ActiveCfg = Release|Win32
		{BA240570-5FBA-49CA-8CD5-D637AECD25DB}.Release|Win32.Build.0 = Release|Win32
		{BA240570-5FBA-49CA-8CD5-D637AECD25DB}.Unicode Debug|Win32.ActiveCfg = Unicode Debug|Win32
		{BA240570-5FBA-49CA-8CD5-D637AECD25DB}.Unicode Debug|Win32.Build.0 = Unicode Debug|Win32
		{BA240570-5FBA-49CA-8CD5-D637AECD25DB}.Unicode Release|Win32.ActiveCfg = Unicode Release|Win32
		{BA240570-5FBA-49CA-8CD5-D637AECD25DB}.Unicode Release|Win32.Build.0 = Unicode Release|Win32
		{BA240570-5FBA-49CA-8CD5-D637AECD25DB}.Universal Debug|Win32.ActiveCfg = Universal Debug|Win32
		{BA240570-5FBA-49CA-8CD5-D637AECD25DB}.Universal Debug|Win32.Build.0 = Universal Debug|Win32
		{BA240570-5FBA-49CA-8CD5-D637AECD25DB}.Universal Release|Win32.ActiveCfg = Universal Release|Win32
		{BA240570-5FBA-49CA-8CD5-D637AECD25DB}.Universal Release|Win32.Build.0 = Universal Release|Win32
		{BA240570-5FBA-49CA-8CD5-D637AECD25DB}.Universal Unicode Debug|Win32.ActiveCfg = Universal Unicode Debug|Win32
		{BA240570-5FBA-49CA-8CD5-D637AECD25DB}.Universal Unicode Debug|Win32.Build.0 = Universal Unicode Debug|Win32
		{BA240570-5FBA-49CA-8CD5-D637AECD25DB}.Universal Unicode Release|Win32.ActiveCfg = Universal Unicode Release|Win32
		{BA240570-5FBA-49CA-8CD5-D637AECD25DB}.Universal Unicode Release|Win32.Build.0 = Universal Unicode Release|Win32
		{D48153D3-EC73-4454-BB37-5945D9FF2A54}.Debug|Win32.ActiveCfg = Debug|Win32
		{D48153D3-EC73-4454-BB37-5945D9FF2A54}.Debug|Win32.Build.0 = Debug|Win32
		{D48153D3-EC73-4454-BB37-5945D9FF2A54}.DLL Debug|Win32.ActiveCfg = DLL Debug|Win32
		{D48153D3-EC73-4454-BB37-5945D9FF2A54}.DLL Debug|Win32.Build.0 = DLL Debug|Win32
		{D48153D3-EC73-4454-BB37-5945D9FF2A54}.DLL Release|Win32.ActiveCfg = DLL Release|Win32
		{D48153D3-EC73-4454-BB37-5945D9FF2A54}.DLL Release|Win32.Build.0 = DLL Release|Win32
		{D48153D3-EC73-4454-BB37-5945D9FF2A54}.DLL Unicode Debug|Win32.ActiveCfg = DLL Unicode Debug|Win32
		{D48153D3-EC73-4454-BB37-5945D9FF2A54}.DLL Unicode Debug|Win32.Build.0 = DLL Unicode Debug|Win32
		{D48153D3-EC73-4454-BB37-5945D9FF2A54}.DLL Unicode Release|Win32.ActiveCfg = DLL Unicode Release|Win32
		{D48153D3-EC73-4454-BB37-5945D9FF2A54}.DLL Unicode Release|Win32.Build.0 = DLL Unicode Release|Win32
		{D48153D3-EC73-4454-BB37-5945D9FF2A54}.DLL Universal Debug|Win32.ActiveCfg = DLL Universal Debug|Win32
		{D48153D3-EC73-4454-BB37-5945D9FF2A54}.DLL Universal Debug|Win32.Build.0 = DLL Universal Debug|Win32
		{D48153D3-EC73-4454-BB37-5945D9FF2A54}.DLL Universal Release|Win32.ActiveCfg = DLL Universal Release|Win32
		{D48153D3-EC73-4454-BB37-5945D9FF2A54}.DLL Universal Release|Win32.Build.0 = DLL Universal Release|Win32
		{D48153D3-EC73-4454-BB37-5945D9FF2A54}.DLL Universal Unicode Debug|Win32.ActiveCfg = DLL Universal Unicode Debug|Win32
		{D48153D3-EC73-4454-BB37-5945D9FF2A54}.DLL Universal Unicode Debug|Win32.Build.0 = DLL Universal Unicode Debug|Win32
		{D48153D3-EC73-4454-BB37-5945D9FF2A54}.DLL Universal Unicode Release|Win32.ActiveCfg = DLL Universal Unicode Release|Win32
		{D48153D3-EC73-4454-BB37-5945D9FF2A54}.DLL Universal Unicode Release|Win32.Build.0 = DLL Universal Unicode Release|Win32
		{D48153D3-EC73-4454-BB37-5945D9FF2A54}.Release|Win32.ActiveCfg = Release|Win32
		{D48153D3-EC73-4454-BB37-5945D9FF2A54}.Release|Win32.Build.0 = Release|Win32
		{D48153D3-EC73-4454-BB37-5945D9FF2A54}.Unicode Debug|Win32.ActiveCfg = Unicode Debug|Win32
		{D48153D3-EC73-4454-BB37-5945D9FF2A54}.Unicode Debug|Win32.Build.0 = Unicode Debug|Win32
		{D48153D3-EC73-4454-BB37-5945D9FF2A54}.Unicode Release|Win32.ActiveCfg = Unicode Release|Win32
		{D48153D3-EC73-4454-BB37-5945D9FF2A54}.Unicode Release|Win32.Build.0 = Unicode Release|Win32
		{D48153D3-EC73-4454-BB37-5945D9FF2A54}.Universal Debug|Win32.ActiveCfg = Universal Debug|Win32
		{D48153D3-EC73-4454-BB37-5945D9FF2A54}.Universal Debug|Win32.Build.0 = Universal Debug|Win32
		{D48153D3-EC73-4454-BB37-5945D9FF2A54}.Universal Release|Win32.ActiveCfg = Universal Release|Win32
		{D48153D3-EC73-4454-BB37-5945D9FF2A54}.Universal Release|Win32.Build.0 = Universal Release|Win32
		{D48153D3-EC73-4454-BB37-5945D9FF2A54}.Universal Unicode Debug|Win32.ActiveCfg = Universal Unicode Debug|Win32
		{D48153D3-EC73-4454-BB37-5945D9FF2A54}.Universal Unicode Debug|Win32.Build.0 = Universal Unicode Debug|Win32
		{D48153D3-EC73-4454-BB37-5945D9FF2A54}.Universal Unicode Release|Win32.ActiveCfg = Universal Unicode Release|Win32
		{D48153D3-EC73-4454-BB37-5945D9FF2A54}.Universal Unicode Release|Win32.Build.0 = Universal Unicode Release|Win32
		{7C36990B-AC8C-445E-9B94-8FC5F3829D96}.Debug|Win32.ActiveCfg = Debug|Win32
		{7C36990B-AC8C-445E-9B94-8FC5F3829D96}.Debug|Win32.Build.0 = Debug|Win32
		{7C36990B-AC8C-445E-9B94-8FC5F3829D96}.DLL Debug|Win32.ActiveCfg = DLL Debug|Win32
		{7C36990B-AC8C-445E-9B94-8FC5F3829D96}.DLL Debug|Win32.Build.0 = DLL Debug|Win32
		{7C36990B-AC8C-445E-9B94-8FC5F3829D96}.DLL Release|Win32.ActiveCfg = DLL Release|Win32
		{7C36990B-AC8C-445E-9B94-8FC5F3829D96}.DLL Release|Win32.Build.0 = DLL Release|Win32
		{7C36990B-AC8C-445E-9B94-8FC5F3829D96}.DLL Unicode Debug|Win32.ActiveCfg = DLL Unicode Debug|Win32
		{7C36990B-AC8C-445E-9B94-8FC5F3829D96}.DLL Unicode Debug|Win32.Build.0 = DLL Unicode Debug|Win32
		{7C36990B-AC8C-445E-9B94-8FC5F3829D96}.DLL Unicode Release|Win32.ActiveCfg = DLL Unicode Release|Win32
		{7C36990B-AC8C-445E-9B94-8FC5F3829D96}.DLL Unicode Release|Win32.Build.0 = DLL Unicode Release|Win32
		{7C36990B-AC8C-445E-9B94-8FC5F3829D96}.DLL Universal Debug|Win32.ActiveCfg = DLL Universal Debug|Win32
		{7C36990B-AC8C-445E-9B94-8FC5F3829D96}.DLL Universal Debug|Win32.Build.0 = DLL Universal Debug|Win32
		{7C36990B-AC8C-445E-9B94-8FC5F3829D96}.DLL Universal Release|Win32.ActiveCfg = DLL Universal Release|Win32
		{7C36990B-AC8C-445E-9B94-8FC5F3829D96}.DLL Universal Release|Win32.Build.0 = DLL Universal Release|Win32
		{7C36990B-AC8C-445E-9B94-8FC5F3829D96}.DLL Universal Unicode Debug|Win32.ActiveCfg = DLL Universal Unicode Debug|Win32
		{7C36990B-AC8C-445E-9B94-8FC5F3829D96}.DLL Universal Unicode Debug|Win32.Build.0 = DLL Universal Unicode Debug|Win32
		{7C36990B-AC8C-445E-9B94-8FC5F3829D96}.DLL Universal Unicode Release|Win32.ActiveCfg = DLL Universal Unicode Release|Win32
		{7C36990B-AC8C-445E-9B94-8FC5F3829D96}.DLL Universal Unicode Release|Win32.Build.0 = DLL Universal Unicode Release|Win32
		{7C36990B-AC8C-445E-9B94-8FC5F3829D96}.Release|Win32.ActiveCfg = Release|Win32
		{7C36990B-AC8C-445E-9B94-8FC5F3829D96}.Release|Win32.Build.0 = Release|Win32
		{7C36990B-AC8C-445E-9B94-8FC5F3829D96}.Unicode Debug|Win32.ActiveCfg = Unicode Debug|Win32
		{7C36990B-AC8C-445E-9B94-8FC5F3829D96}.Unicode Debug|Win32.Build.0 = Unicode Debug|Win32
		{7C36990B-AC8C-445E-9B94-8FC5F3829D96}.Unicode Release|Win32.ActiveCfg = Unicode Release|Win32
		{7C36990B-AC8C-445E-9B94-8FC5F3829D96}.Unicode Release|Win32.Build.0 = Unicode Release|Win32
		{7C36990B-AC8C-445E-9B94-8FC5F3829D96}.Universal Debug|Win32.ActiveCfg = Universal Debug|Win32
		{7C36990B-AC8C-445E-9B94-8FC5F3829D96}.Universal Debug|Win32.Build.0 = Universal Debug|Win32
		{7C36990B-AC8C-445E-9B94-8FC5F3829D96}.Universal Release|Win32.ActiveCfg = Universal Release|Win32
		{7C36990B-AC8C-445E-9B94-8FC5F3829D96}.Universal Release|Win32.Build.0 = Universal Release|Win32
		{7C36990B-AC8C-445E-9B94-8FC5F3829D96}.Universal Unicode Debug|Win32.ActiveCfg = Universal Unicode Debug|Win32
		{7C36990B-AC8C-445E-9B94-8FC5F3829D96}.Universal Unicode Debug|Win32.Build.0 = Universal Unicode Debug|Win32
		{7C36990B-AC8C-445E-9B94-8FC5F3829D96}.Universal Unicode Release|Win32.ActiveCfg = Universal Unicode Release|Win32
		{7C36990B-AC8C-445E-9B94-8FC5F3829D96}.Universal Unicode Release|Win32.Build.0 = Universal Unicode Release|Win32
		{9925F5DB-4EF8-4B7C-92C8-D7F04B7A66E4}.Debug|Win32.ActiveCfg = Debug|Win32
		{9925F5DB-4EF8-4B7C-92C8-D7F04B7A66E4}.Debug|Win32.Build.0 = Debug|Win32
		{9925F5DB-4EF8-4B7C-92C8-D7F04B7A66E4}.DLL Debug|Win32.ActiveCfg = DLL Debug|Win32
		{9925F5DB-4EF8-4B7C-92C8-D7F04B7A66E4}.DLL Debug|Win32.Build.0 = DLL Debug|Win32
		{9925F5DB-4EF8-4B7C-92C8-D7F04B7A66E4}.DLL Release|Win32.ActiveCfg = DLL Release|Win32
		{9925F5DB-4EF8-4B7C-92C8-D7F04B7A66E4}.DLL Release|Win32.Build.0 = DLL Release|Win32
		{9925F5DB-4EF8-4B7C-92C8-D7F04B7A66E4}.DLL Unicode Debug|Win32.ActiveCfg = DLL Unicode Debug|Win32
		{9925F5DB-4EF8-4B7C-92C8-D7F04B7A66E4}.DLL Unicode Debug|Win32.Build.0 = DLL Unicode Debug|Win32
		{9925F5DB-4EF8-4B7C-92C8-D7F04B7A66E4}.DLL Unicode Release|Win32.ActiveCfg = DLL Unicode Release|Win32
		{9925F5DB-4EF8-4B7C-92C8-D7F04B7A66E4}.DLL Unicode Release|Win32.Build.0 = DLL Unicode Release|Win32
		{9925F5DB-4EF8-4B7C-92C8-D7F04B7A66E4}.DLL Universal Debug|Win32.ActiveCfg = DLL Universal Debug|Win32
		{9925F5DB-4EF8-4B7C-92C8-D7F04B7A66E4}.DLL Universal Debug|Win32.Build.0 = DLL Universal Debug|Win32
		{9925F5DB-4EF8-4B7C-92C8-D7F04B7A66E4}.DLL Universal Release|Win32.ActiveCfg = DLL Universal Release|Win32
		{9925F5DB-4EF8-4B7C-92C8-D7F04B7A66E4}.DLL Universal Release|Win32.Build.0 = DLL Universal Release|Win32
		{9925F5DB-4EF8-4B7C-92C8-D7F04B7A66E4}.DLL Universal Unicode Debug|Win32.ActiveCfg = DLL Universal Unicode Debug|Win32
		{9925F5DB-4EF8-4B7C-92C8-D7F04B7A66E4}.DLL Universal Unicode Debug|Win32.Build.0 = DLL Universal Unicode Debug|Win32
		{9925F5DB-4EF8-4B7C-92C8-D7F04B7A66E4}.DLL Universal Unicode Release|Win32.ActiveCfg = DLL Universal Unicode Release|Win32
		{9925F5DB-4EF8-4B7C-92C8-D7F04B7A66E4}.DLL Universal Unicode Release|Win32.Build.0 = DLL Universal Unicode Release|Win32
		{9925F5DB-4EF8-4B7C-92C8-D7F04B7A66E4}.Release|Win32.ActiveCfg = Release|Win32
		{9925F5DB-4EF8-4B7C-92C8-D7F04B7A66E4}.Release|Win32.Build.0 = Release|Win32
		{9925F5DB-4EF8-4B7C-92C8-D7F04B7A66E4}.Unicode Debug|Win32.ActiveCfg = Unicode Debug|Win32
		{9925F5DB-4EF8-4B7C-92C8-D7F04B7A66E4}.Unicode Debug|Win32.Build.0 = Unicode Debug|Win32
		{9925F5DB-4EF8-4B7C-92C8-D7F04B7A66E4}.Unicode Release|Win32.ActiveCfg = Unicode Release|Win32
		{9925F5DB-4EF8-4B7C-92C8-D7F04B7A66E4}.Unicode Release|Win32.Build.0 = Unicode Release|Win32
		{9925F5DB-4EF8-4B7C-92C8-D7F04B7A66E4}.Universal Debug|Win32.ActiveCfg = Universal Debug|Win32
		{9925F5DB-4EF8-4B7C-92C8-D7F04B7A66E4}.Universal Debug|Win32.Build.0 = Universal Debug|Win32
		{9925F5DB-4EF8-4B7C-92C8-D7F04B7A66E4}.Universal Release|Win32.ActiveCfg = Universal Release|Win32
		{9925F5DB-4EF8-4B7C-92C8-D7F04B7A66E4}.Universal Release|Win32.Build.0 = Universal Release|Win32
		{9925F5DB-4EF8-4B7C-92C8-D7F04B7A66E4}.Universal Unicode Debug|Win32.ActiveCfg = Universal Unicode Debug|Win32
		{9925F5DB-4EF8-4B7C-92C8-D7F04B7A66E4}.Universal Unicode Debug|Win32.Build.0 = Universal Unicode Debug|Win32
		{9925F5DB-4EF8-4B7C-92C8-D7F04B7A66E4}.Universal Unicode Release|Win32.ActiveCfg = Universal Unicode Release|Win32
		{9925F5DB-4EF8-4B7C-92C8-D7F04B7A66E4}.Universal Unicode Release|Win32.Build.0 = Universal Unicode Release|Win32
		{94B0BB3C-43F5-4BA1-9BD7-BBF7B80DBFF1}.Debug|Win32.ActiveCfg = Debug|Win32
		{94B0BB3C-43F5-4BA1-9BD7-BBF7B80DBFF1}.Debug|Win32.Build.0 = Debug|Win32
		{94B0BB3C-43F5-4BA1-9BD7-BBF7B80DBFF1}.DLL Debug|Win32.ActiveCfg = DLL Debug|Win32
		{94B0BB3C-43F5-4BA1-9BD7-BBF7B80DBFF1}.DLL Debug|Win32.Build.0 = DLL Debug|Win32
		{94B0BB3C-43F5-4BA1-9BD7-BBF7B80DBFF1}.DLL Release|Win32.ActiveCfg = DLL Release|Win32
		{94B0BB3C-43F5-4BA1-9BD7-BBF7B80DBFF1}.DLL Release|Win32.Build.0 = DLL Release|Win32
		{94B0BB3C-43F5-4BA1-9BD7-BBF7B80DBFF1}.DLL Unicode Debug|Win32.ActiveCfg = DLL Unicode Debug|Win32
		{94B0BB3C-43F5-4BA1-9BD7-BBF7B80DBFF1}.DLL Unicode Debug|Win32.Build.0 = DLL Unicode Debug|Win32
		{94B0BB3C-43F5-4BA1-9BD7-BBF7B80DBFF1}.DLL Unicode Release|Win32.ActiveCfg = DLL Unicode Release|Win32
		{94B0BB3C-43F5-4BA1-9BD7-BBF7B80DBFF1}.DLL Unicode Release|Win32.Build.0 = DLL Unicode Release|Win32
		{94B0BB3C-43F5-4BA1-9BD7-BBF7B80DBFF1}.DLL Universal Debug|Win32.ActiveCfg = DLL Universal Debug|Win32
		{94B0BB3C-43F5-4BA1-9BD7-BBF7B80DBFF1}.DLL Universal Debug|Win32.Build.0 = DLL Universal Debug|Win32
		{94B0BB3C-43F5-4BA1-9BD7-BBF7B80DBFF1}.DLL Universal Release|Win32.ActiveCfg = DLL Universal Release|Win32
		{94B0BB3C-43F5-4BA1-9BD7-BBF7B80DBFF1}.DLL Universal Release|Win32.Build.0 = DLL Universal Release|Win32
		{94B0BB3C-43F5-4BA1-9BD7-BBF7B80DBFF1}.DLL Universal Unicode Debug|Win32.ActiveCfg = DLL Universal Unicode Debug|Win32
		{94B0BB3C-43F5-4BA1-9BD7-BBF7B80DBFF1}.DLL Universal Unicode Debug|Win32.Build.0 = DLL Universal Unicode Debug|Win32
		{94B0BB3C-43F5-4BA1-9BD7-BBF7B80DBFF1}.DLL Universal Unicode Release|Win32.ActiveCfg = DLL Universal Unicode Release|Win32
		{94B0BB3C-43F5-4BA1-9BD7-BBF7B80DBFF1}.DLL Universal Unicode Release|Win32.Build.0 = DLL Universal Unicode Release|Win32
		{94B0BB3C-43F5-4BA1-9BD7-BBF7B80DBFF1}.Release|Win32.ActiveCfg = Release|Win32
		{94B0BB3C-43F5-4BA1-9BD7-BBF7B80DBFF1}.Release|Win32.Build.0 = Release|Win32
		{94B0BB3C-43F5-4BA1-9BD7-BBF7B80DBFF1}.Unicode Debug|Win32.ActiveCfg = Unicode Debug|Win32
		{94B0BB3C-43F5-4BA1-9BD7-BBF7B80DBFF1}.Unicode Debug|Win32.Build.0 = Unicode Debug|Win32
		{94B0BB3C-43F5-4BA1-9BD7-BBF7B80DBFF1}.Unicode Release|Win32.ActiveCfg = Unicode Release|Win32
		{94B0BB3C-43F5-4BA1-9BD7-BBF7B80DBFF1}.Unicode Release|Win32.Build.0 = Unicode Release|Win32
		{94B0BB3C-43F5-4BA1-9BD7-BBF7B80DBFF1}.Universal Debug|Win32.ActiveCfg = Universal Debug|Win32
		{94B0BB3C-43F5-4BA1-9BD7-BBF7B80DBFF1}.Universal Debug|Win32.Build.0 = Universal Debug|Win32
		{94B0BB3C-43F5-4BA1-9BD7-BBF7B80DBFF1}.Universal Release|Win32.ActiveCfg = Universal Release|Win32
		{94B0BB3C-43F5-4BA1-9BD7-BBF7B80DBFF1}.Universal Release|Win32.Build.0 = Universal Release|Win32
		{94B0BB3C-43F5-4BA1-9BD7-BBF7B80DBFF1}.Universal Unicode Debug|Win32.ActiveCfg = Universal Unicode Debug|Win32
		{94B0BB3C-43F5-4BA1-9BD7-BBF7B80DBFF1}.Universal Unicode Debug|Win32.Build.0 = Universal Unicode Debug|Win32
		{94B0BB3C-43F5-4BA1-9BD7-BBF7B80DBFF1}.Universal Unicode Release|Win32.ActiveCfg = Universal Unicode Release|Win32
		{94B0BB3C-43F5-4BA1-9BD7-BBF7B80DBFF1}.Universal Unicode Release|Win32.Build.0 = Universal Unicode Release|Win32
		{CEA4BE8D-5699-493B-81F6-EDDBED7FA93E}.Debug|Win32.ActiveCfg = Debug|Win32
		{CEA4BE8D-5699-493B-81F6-EDDBED7FA93E}.Debug|Win32.Build.0 = Debug|Win32
		{CEA4BE8D-5699-493B-81F6-EDDBED7FA93E}.DLL Debug|Win32.ActiveCfg = DLL Debug|Win32
		{CEA4BE8D-5699-493B-81F6-EDDBED7FA93E}.DLL Debug|Win32.Build.0 = DLL Debug|Win32
		{CEA4BE8D-5699-493B-81F6-EDDBED7FA93E}.DLL Release|Win32.ActiveCfg = DLL Release|Win32
		{CEA4BE8D-5699-493B-81F6-EDDBED7FA93E}.DLL Release|Win32.Build.0 = DLL Release|Win32
		{CEA4BE8D-5699-493B-81F6-EDDBED7FA93E}.DLL Unicode Debug|Win32.ActiveCfg = DLL Unicode Debug|Win32
		{CEA4BE8D-5699-493B-81F6-EDDBED7FA93E}.DLL Unicode Debug|Win32.Build.0 = DLL Unicode Debug|Win32
		{CEA4BE8D-5699-493B-81F6-EDDBED7FA93E}.DLL Unicode Release|Win32.ActiveCfg = DLL Unicode Release|Win32
		{CEA4BE8D-5699-493B-81F6-EDDBED7FA93E}.DLL Unicode Release|Win32.Build.0 = DLL Unicode Release|Win32
		{CEA4BE8D-5699-493B-81F6-EDDBED7FA93E}.DLL Universal Debug|Win32.ActiveCfg = DLL Universal Debug|Win32
		{CEA4BE8D-5699-493B-81F6-EDDBED7FA93E}.DLL Universal Debug|Win32.Build.0 = DLL Universal Debug|Win32
		{CEA4BE8D-5699-493B-81F6-EDDBED7FA93E}.DLL Universal Release|Win32.ActiveCfg = DLL Universal Release|Win32
		{CEA4BE8D-5699-493B-81F6-EDDBED7FA93E}.DLL Universal Release|Win32.Build.0 = DLL Universal Release|Win32
		{CEA4BE8D-5699-493B-81F6-EDDBED7FA93E}.DLL Universal Unicode Debug|Win32.ActiveCfg = DLL Universal Unicode Debug|Win32
		{CEA4BE8D-5699-493B-81F6-EDDBED7FA93E}.DLL Universal Unicode Debug|Win32.Build.0 = DLL Universal Unicode Debug|Win32
		{CEA4BE8D-5699-493B-81F6-EDDBED7FA93E}.DLL Universal Unicode Release|Win32.ActiveCfg = DLL Universal Unicode Release|Win32
		{CEA4BE8D-5699-493B-81F6-EDDBED7FA93E}.DLL Universal Unicode Release|Win32.Build.0 = DLL Universal Unicode Release|Win32
		{CEA4BE8D-5699-493B-81F6-EDDBED7FA93E}.Release|Win32.ActiveCfg = Release|Win32
		{CEA4BE8D-5699-493B-81F6-EDDBED7FA93E}.Release|Win32.Build.0 = Release|Win32
		{CEA4BE8D-5699-493B-81F6-EDDBED7FA93E}.Unicode Debug|Win32.ActiveCfg = Unicode Debug|Win32
		{CEA4BE8D-5699-493B-81F6-EDDBED7FA93E}.Unicode Debug|Win32.Build.0 = Unicode Debug|Win32
		{CEA4BE8D-5699-493B-81F6-EDDBED7FA93E}.Unicode Release|Win32.ActiveCfg = Unicode Release|Win32
		{CEA4BE8D-5699-493B-81F6-EDDBED7FA93E}.Unicode Release|Win32.Build.0 = Unicode Release|Win32
		{CEA4BE8D-5699-493B-81F6-EDDBED7FA93E}.Universal Debug|Win32.ActiveCfg = Universal Debug|Win32
		{CEA4BE8D-5699-493B-81F6-EDDBED7FA93E}.Universal Debug|Win32.Build.0 = Universal Debug|Win32
		{CEA4BE8D-5699-493B-81F6-EDDBED7FA93E}.Universal Release|Win32.ActiveCfg = Universal Release|Win32
		{CEA4BE8D-5699-493B-81F6-EDDBED7FA93E}.Universal Release|Win32.Build.0 = Universal Release|Win32
		{CEA4BE8D-5699-493B-81F6-EDDBED7FA93E}.Universal Unicode Debug|Win32.ActiveCfg = Universal Unicode Debug|Win32
		{CEA4BE8D-5699-493B-81F6-EDDBED7FA93E}.Universal Unicode Debug|Win32.Build.0 = Universal Unicode Debug|Win32
		{CEA4BE8D-5699-493B-81F6-EDDBED7FA93E}.Universal Unicode Release|Win32.ActiveCfg = Universal Unicode Release|Win32
		{CEA4BE8D-5699-493B-81F6-EDDBED7FA93E}.Universal Unicode Release|Win32.Build.0 = Universal Unicode Release|Win32
		{A05CEC08-A319-4125-82E3-C34A875F86E1}.Debug|Win32.ActiveCfg = Debug|Win32
		{A05CEC08-A319-4125-82E3-C34A875F86E1}.Debug|Win32.Build.0 = Debug|Win32
		{A05CEC08-A319-4125-82E3-C34A875F86E1}.DLL Debug|Win32.ActiveCfg = DLL Debug|Win32
		{A05CEC08-A319-4125-82E3-C34A875F86E1}.DLL Debug|Win32.Build.0 = DLL Debug|Win32
		{A05CEC08-A319-4125-82E3-C34A875F86E1}.DLL Release|Win32.ActiveCfg = DLL Release|Win32
		{A05CEC08-A319-4125-82E3-C34A875F86E1}.DLL Release|Win32.Build.0 = DLL Release|Win32
		{A05CEC08-A319-4125-82E3-C34A875F86E1}.DLL Unicode Debug|Win32.ActiveCfg = DLL Unicode Debug|Win32
		{A05CEC08-A319-4125-82E3-C34A875F86E1}.DLL Unicode Debug|Win32.Build.0 = DLL Unicode Debug|Win32
		{A05CEC08-A319-4125-82E3-C34A875F86E1}.DLL Unicode Release|Win32.ActiveCfg = DLL Unicode Release|Win32
		{A05CEC08-A319-4125-82E3-C34A875F86E1}.DLL Unicode Release|Win32.Build.0 = DLL Unicode Release|Win32
		{A05CEC08-A319-4125-82E3-C34A875F86E1}.DLL Universal Debug|Win32.ActiveCfg = DLL Universal Debug|Win32
		{A05CEC08-A319-4125-82E3-C34A875F86E1}.DLL Universal Debug|Win32.Build.0 = DLL Universal Debug|Win32
		{A05CEC08-A319-4125-82E3-C34A875F86E1}.DLL Universal Release|Win32.ActiveCfg = DLL Universal Release|Win32
		{A05CEC08-A319-4125-82E3-C34A875F86E1}.DLL Universal Release|Win32.Build.0 = DLL Universal Release|Win32
		{A05CEC08-A319-4125-82E3-C34A875F86E1}.DLL Universal Unicode Debug|Win32.ActiveCfg = DLL Universal Unicode Debug|Win32
		{A05CEC08-A319-4125-82E3-C34A875F86E1}.DLL Universal Unicode Debug|Win32.Build.0 = DLL Universal Unicode Debug|Win32
		{A05CEC08-A319-4125-82E3-C34A875F86E1}.DLL Universal Unicode Release|Win32.ActiveCfg = DLL Universal Unicode Release|Win32
		{A05CEC08-A319-4125-82E3-C34A875F86E1}.DLL Universal Unicode Release|Win32.Build.0 = DLL Universal Unicode Release|Win32
		{A05CEC08-A319-4125-82E3-C34A875F86E1}.Release|Win32.ActiveCfg = Release|Win32
		{A05CEC08-A319-4125-82E3-C34A875F86E1}.Release|Win32.Build.0 = Release|Win32
		{A05CEC08-A319-4125-82E3-C34A875F86E1}.Unicode Debug|Win32.ActiveCfg = Unicode Debug|Win32
		{A05CEC08-A319-4125-82E3-C34A875F86E1}.Unicode Debug|Win32.Build.0 = Unicode Debug|Win32
		{A05CEC08-A319-4125-82E3-C34A875F86E1}.Unicode Release|Win32.ActiveCfg = Unicode Release|Win32
		{A05CEC08-A319-4125-82E3-C34A875F86E1}.Unicode Release|Win32.Build.0 = Unicode Release|Win32
		{A05CEC08-A319-4125-82E3-C34A875F86E1}.Universal Debug|Win32.ActiveCfg = Universal Debug|Win32
		{A05CEC08-A319-4125-82E3-C34A875F86E1}.Universal Debug|Win32.Build.0 = Universal Debug|Win32
		{A05CEC08-A319-4125-82E3-C34A875F86E1}.Universal Release|Win32.ActiveCfg = Universal Release|Win32
		{A05CEC08-A319-4125-82E3-C34A875F86E1}.Universal Release|Win32.Build.0 = Universal Release|Win32
		{A05CEC08-A319-4125-82E3-C34A875F86E1}.Universal Unicode Debug|Win32.ActiveCfg = Universal Unicode Debug|Win32
		{A05CEC08-A319-4125-82E3-C34A875F86E1}.Universal Unicode Debug|Win32.Build.0 = Universal Unicode Debug|Win32
		{A05CEC08-A319-4125-82E3-C34A875F86E1}.Universal Unicode Release|Win32.ActiveCfg = Universal Unicode Release|Win32
		{A05CEC08-A319-4125-82E3-C34A875F86E1}.Universal Unicode Release|Win32.Build.0 = Universal Unicode Release|Win32
		{E653AE35-0D85-476D-9C78-36622AA72FE5}.Debug|Win32.ActiveCfg = Debug|Win32
		{E653AE35-0D85-476D-9C78-36622AA72FE5}.Debug|Win32.Build.0 = Debug|Win32
		{E653AE35-0D85-476D-9C78-36622AA72FE5}.DLL Debug|Win32.ActiveCfg = DLL Debug|Win32
		{E653AE35-0D85-476D-9C78-36622AA72FE5}.DLL Debug|Win32.Build.0 = DLL Debug|Win32
		{E653AE35-0D85-476D-9C78-36622AA72FE5}.DLL Release|Win32.ActiveCfg = DLL Release|Win32
		{E653AE35-0D85-476D-9C78-36622AA72FE5}.DLL Release|Win32.Build.0 = DLL Release|Win32
		{E653AE35-0D85-476D-9C78-36622AA72FE5}.DLL Unicode Debug|Win32.ActiveCfg = DLL Unicode Debug|Win32
		{E653AE35-0D85-476D-9C78-36622AA72FE5}.DLL Unicode Debug|Win32.Build.0 = DLL Unicode Debug|Win32
		{E653AE35-0D85-476D-9C78-36622AA72FE5}.DLL Unicode Release|Win32.ActiveCfg = DLL Unicode Release|Win32
		{E653AE35-0D85-476D-9C78-36622AA72FE5}.DLL Unicode Release|Win32.Build.0 = DLL Unicode Release|Win32
		{E653AE35-0D85-476D-9C78-36622AA72FE5}.DLL Universal Debug|Win32.ActiveCfg = DLL Universal Debug|Win32
		{E653AE35-0D85-476D-9C78-36622AA72FE5}.DLL Universal Debug|Win32.Build.0 = DLL Universal Debug|Win32
		{E653AE35-0D85-476D-9C78-36622AA72FE5}.DLL Universal Release|Win32.ActiveCfg = DLL Universal Release|Win32
		{E653AE35-0D85-476D-9C78-36622AA72FE5}.DLL Universal Release|Win32.Build.0 = DLL Universal Release|Win32
		{E653AE35-0D85-476D-9C78-36622AA72FE5}.DLL Universal Unicode Debug|Win32.ActiveCfg = DLL Universal Unicode Debug|Win32
		{E653AE35-0D85-476D-9C78-36622AA72FE5}.DLL Universal Unicode Debug|Win32.Build.0 = DLL Universal Unicode Debug|Win32
		{E653AE35-0D85-476D-9C78-36622AA72FE5}.DLL Universal Unicode Release|Win32.ActiveCfg = DLL Universal Unicode Release|Win32
		{E653AE35-0D85-476D-9C78-36622AA72FE5}.DLL Universal Unicode Release|Win32.Build.0 = DLL Universal Unicode Release|Win32
		{E653AE35-0D85-476D-9C78-36622AA72FE5}.Release|Win32.ActiveCfg = Release|Win32
		{E653AE35-0D85-476D-9C78-36622AA72FE5}.Release|Win32.Build.0 = Release|Win32
		{E653AE35-0D85-476D-9C78-36622AA72FE5}.Unicode Debug|Win32.ActiveCfg = Unicode Debug|Win32
		{E653AE35-0D85-476D-9C78-36622AA72FE5}.Unicode Debug|Win32.Build.0 = Unicode Debug|Win32
		{E653AE35-0D85-476D-9C78-36622AA72FE5}.Unicode Release|Win32.ActiveCfg = Unicode Release|Win32
		{E653AE35-0D85-476D-9C78-36622AA72FE5}.Unicode Release|Win32.Build.0 = Unicode Release|Win32
		{E653AE35-0D85-476D-9C78-36622AA72FE5}.Universal Debug|Win32.ActiveCfg = Universal Debug|Win32
		{E653AE35-0D85-476D-9C78-36622AA72FE5}.Universal Debug|Win32.Build.0 = Universal Debug|Win32
		{E653AE35-0D85-476D-9C78-36622AA72FE5}.Universal Release|Win32.ActiveCfg = Universal Release|Win32
		{E653AE35-0D85-476D-9C78-36622AA72FE5}.Universal Release|Win32.Build.0 = Universal Release|Win32
		{E653AE35-0D85-476D-9C78-36622AA72FE5}.Universal Unicode Debug|Win32.ActiveCfg = Universal Unicode Debug|Win32
		{E653AE35-0D85-476D-9C78-36622AA72FE5}.Universal Unicode Debug|Win32.Build.0 = Universal Unicode Debug|Win32
		{E653AE35-0D85-476D-9C78-36622AA72FE5}.Universal Unicode Release|Win32.ActiveCfg = Universal Unicode Release|Win32
		{E653AE35-0D85-476D-9C78-36622AA72FE5}.Universal Unicode Release|Win32.Build.0 = Universal Unicode Release|Win32
		{B326D6AC-292B-4B51-8036-4C07BAF63070}.Debug|Win32.ActiveCfg = Debug|Win32
		{B326D6AC-292B-4B51-8036-4C07BAF63070}.Debug|Win32.Build.0 = Debug|Win32
		{B326D6AC-292B-4B51-8036-4C07BAF63070}.DLL Debug|Win32.ActiveCfg = DLL Debug|Win32
		{B326D6AC-292B-4B51-8036-4C07BAF63070}.DLL Debug|Win32.Build.0 = DLL Debug|Win32
		{B326D6AC-292B-4B51-8036-4C07BAF63070}.DLL Release|Win32.ActiveCfg = DLL Release|Win32
		{B326D6AC-292B-4B51-8036-4C07BAF63070}.DLL Release|Win32.Build.0 = DLL Release|Win32
		{B326D6AC-292B-4B51-8036-4C07BAF63070}.DLL Unicode Debug|Win32.ActiveCfg = DLL Unicode Debug|Win32
		{B326D6AC-292B-4B51-8036-4C07BAF63070}.DLL Unicode Debug|Win32.Build.0 = DLL Unicode Debug|Win32
		{B326D6AC-292B-4B51-8036-4C07BAF63070}.DLL Unicode Release|Win32.ActiveCfg = DLL Unicode Release|Win32
		{B326D6AC-292B-4B51-8036-4C07BAF63070}.DLL Unicode Release|Win32.Build.0 = DLL Unicode Release|Win32
		{B326D6AC-292B-4B51-8036-4C07BAF63070}.DLL Universal Debug|Win32.ActiveCfg = DLL Universal Debug|Win32
		{B326D6AC-292B-4B51-8036-4C07BAF63070}.DLL Universal Debug|Win32.Build.0 = DLL Universal Debug|Win32
		{B326D6AC-292B-4B51-8036-4C07BAF63070}.DLL Universal Release|Win32.ActiveCfg = DLL Universal Release|Win32
		{B326D6AC-292B-4B51-8036-4C07BAF63070}.DLL Universal Release|Win32.Build.0 = DLL Universal Release|Win32
		{B326D6AC-292B-4B51-8036-4C07BAF63070}.DLL Universal Unicode Debug|Win32.ActiveCfg = DLL Universal Unicode Debug|Win32
		{B326D6AC-292B-4B51-8036-4C07BAF63070}.DLL Universal Unicode Debug|Win32.Build.0 = DLL Universal Unicode Debug|Win32
		{B326D6AC-292B-4B51-8036-4C07BAF63070}.DLL Universal Unicode Release|Win32.ActiveCfg = DLL Universal Unicode Release|Win32
		{B326D6AC-292B-4B51-8036-4C07BAF63070}.DLL Universal Unicode Release|Win32.Build.0 = DLL Universal Unicode Release|Win32
		{B326D6AC-292B-4B51-8036-4C07BAF63070}.Release|Win32.ActiveCfg = Release|Win32
		{B326D6AC-292B-4B51-8036-4C07BAF63070}.Release|Win32.Build.0 = Release|Win32
		{B326D6AC-292B-4B51-8036-4C07BAF63070}.Unicode Debug|Win32.ActiveCfg = Unicode Debug|Win32
		{B326D6AC-292B-4B51-8036-4C07BAF63070}.Unicode Debug|Win32.Build.0 = Unicode Debug|Win32
		{B326D6AC-292B-4B51-8036-4C07BAF63070}.Unicode Release|Win32.ActiveCfg = Unicode Release|Win32
		{B326D6AC-292B-4B51-8036-4C07BAF63070}.Unicode Release|Win32.Build.0 = Unicode Release|Win32
		{B326D6AC-292B-4B51-8036-4C07BAF63070}.Universal Debug|Win32.ActiveCfg = Universal Debug|Win32
		{B326D6AC-292B-4B51-8036-4C07BAF63070}.Universal Debug|Win32.Build.0 = Universal Debug|Win32
		{B326D6AC-292B-4B51-8036-4C07BAF63070}.Universal Release|Win32.ActiveCfg = Universal Release|Win32
		{B326D6AC-292B-4B51-8036-4C07BAF63070}.Universal Release|Win32.Build.0 = Universal Release|Win32
		{B326D6AC-292B-4B51-8036-4C07BAF63070}.Universal Unicode Debug|Win32.ActiveCfg = Universal Unicode Debug|Win32
		{B326D6AC-292B-4B51-8036-4C07BAF63070}.Universal Unicode Debug|Win32.Build.0 = Universal Unicode Debug|Win32
		{B326D6AC-292B-4B51-8036-4C07BAF63070}.Universal Unicode Release|Win32.ActiveCfg = Universal Unicode Release|Win32
		{B326D6AC-292B-4B51-8036-4C07BAF63070}.Universal Unicode Release|Win32.Build.0 = Universal Unicode Release|Win32
		{AEE849F3-30CA-43B1-B696-F2C7C3B10CA1}.Debug|Win32.ActiveCfg = Debug|Win32
		{AEE849F3-30CA-43B1-B696-F2C7C3B10CA1}.Debug|Win32.Build.0 = Debug|Win32
		{AEE849F3-30CA-43B1-B696-F2C7C3B10CA1}.DLL Debug|Win32.ActiveCfg = DLL Debug|Win32
		{AEE849F3-30CA-43B1-B696-F2C7C3B10CA1}.DLL Debug|Win32.Build.0 = DLL Debug|Win32
		{AEE849F3-30CA-43B1-B696-F2C7C3B10CA1}.DLL Release|Win32.ActiveCfg = DLL Release|Win32
		{AEE849F3-30CA-43B1-B696-F2C7C3B10CA1}.DLL Release|Win32.Build.0 = DLL Release|Win32
		{AEE849F3-30CA-43B1-B696-F2C7C3B10CA1}.DLL Unicode Debug|Win32.ActiveCfg = DLL Unicode Debug|Win32
		{AEE849F3-30CA-43B1-B696-F2C7C3B10CA1}.DLL Unicode Debug|Win32.Build.0 = DLL Unicode Debug|Win32
		{AEE849F3-30CA-43B1-B696-F2C7C3B10CA1}.DLL Unicode Release|Win32.ActiveCfg = DLL Unicode Release|Win32
		{AEE849F3-30CA-43B1-B696-F2C7C3B10CA1}.DLL Unicode Release|Win32.Build.0 = DLL Unicode Release|Win32
		{AEE849F3-30CA-43B1-B696-F2C7C3B10CA1}.DLL Universal Debug|Win32.ActiveCfg = DLL Universal Debug|Win32
		{AEE849F3-30CA-43B1-B696-F2C7C3B10CA1}.DLL Universal Debug|Win32.Build.0 = DLL Universal Debug|Win32
		{AEE849F3-30CA-43B1-B696-F2C7C3B10CA1}.DLL Universal Release|Win32.ActiveCfg = DLL Universal Release|Win32
		{AEE849F3-30CA-43B1-B696-F2C7C3B10CA1}.DLL Universal Release|Win32.Build.0 = DLL Universal Release|Win32
		{AEE849F3-30CA-43B1-B696-F2C7C3B10CA1}.DLL Universal Unicode Debug|Win32.ActiveCfg = DLL Universal Unicode Debug|Win32
		{AEE849F3-30CA-43B1-B696-F2C7C3B10CA1}.DLL Universal Unicode Debug|Win32.Build.0 = DLL Universal Unicode Debug|Win32
		{AEE849F3-30CA-43B1-B696-F2C7C3B10CA1}.DLL Universal Unicode Release|Win32.ActiveCfg = DLL Universal Unicode Release|Win32
		{AEE849F3-30CA-43B1-B696-F2C7C3B10CA1}.DLL Universal Unicode Release|Win32.Build.0 = DLL Universal Unicode Release|Win32
		{AEE849F3-30CA-43B1-B696-F2C7C3B10CA1}.Release|Win32.ActiveCfg = Release|Win32
		{AEE849F3-30CA-43B1-B696-F2C7C3B10CA1}.Release|Win32.Build.0 = Release|Win32
		{AEE849F3-30CA-43B1-B696-F2C7C3B10CA1}.Unicode Debug|Win32.ActiveCfg = Unicode Debug|Win32
		{AEE849F3-30CA-43B1-B696-F2C7C3B10CA1}.Unicode Debug|Win32.Build.0 = Unicode Debug|Win32
		{AEE849F3-30CA-43B1-B696-F2C7C3B10CA1}.Unicode Release|Win32.ActiveCfg = Unicode Release|Win32
		{AEE849F3-30CA-43B1-B696-F2C7C3B10CA1}.Unicode Release|Win32.Build.0 = Unicode Release|Win32
		{AEE849F3-30CA-43B1-B696-F2C7C3B10CA1}.Universal Debug|Win32.ActiveCfg = Universal Debug|Win32
		{AEE849F3-30CA-43B1-B696-F2C7C3B10CA1}.Universal Debug|Win32.Build.0 = Universal Debug|Win32
		{AEE849F3-30CA-43B1-B696-F2C7C3B10CA1}.Universal Release|Win32.ActiveCfg = Universal Release|Win32
		{AEE849F3-30CA-43B1-B696-F2C7C3B10CA1}.Universal Release|Win32.Build.0 = Universal Release|Win32
		{AEE849F3-30CA-43B1-B696-F2C7C3B10CA1}.Universal Unicode Debug|Win32.ActiveCfg = Universal Unicode Debug|Win32
		{AEE849F3-30CA-43B1-B696-F2C7C3B10CA1}.Universal Unicode Debug|Win32.Build.0 = Universal Unicode Debug|Win32
		{AEE849F3-30CA-43B1-B696-F2C7C3B10CA1}.Universal Unicode Release|Win32.ActiveCfg = Universal Unicode Release|Win32
		{AEE849F3-30CA-43B1-B696-F2C7C3B10CA1}.Universal Unicode Release|Win32.Build.0 = Universal Unicode Release|Win32
		{B724E495-5923-49A9-9573-6047F70F4B60}.Debug|Win32.ActiveCfg = Debug|Win32
		{B724E495-5923-49A9-9573-6047F70F4B60}.Debug|Win32.Build.0 = Debug|Win32
		{B724E495-5923-49A9-9573-6047F70F4B60}.DLL Debug|Win32.ActiveCfg = DLL Debug|Win32
		{B724E495-5923-49A9-9573-6047F70F4B60}.DLL Debug|Win32.Build.0 = DLL Debug|Win32
		{B724E495-5923-49A9-9573-6047F70F4B60}.DLL Release|Win32.ActiveCfg = DLL Release|Win32
		{B724E495-5923-49A9-9573-6047F70F4B60}.DLL Release|Win32.Build.0 = DLL Release|Win32
		{B724E495-5923-49A9-9573-6047F70F4B60}.DLL Unicode Debug|Win32.ActiveCfg = DLL Unicode Debug|Win32
		{B724E495-5923-49A9-9573-6047F70F4B60}.DLL Unicode Debug|Win32.Build.0 = DLL Unicode Debug|Win32
		{B724E495-5923-49A9-9573-6047F70F4B60}.DLL Unicode Release|Win32.ActiveCfg = DLL Unicode Release|Win32
		{B724E495-5923-49A9-9573-6047F70F4B60}.DLL Unicode Release|Win32.Build.0 = DLL Unicode Release|Win32
		{B724E495-5923-49A9-9573-6047F70F4B60}.DLL Universal Debug|Win32.ActiveCfg = DLL Universal Debug|Win32
		{B724E495-5923-49A9-9573-6047F70F4B60}.DLL Universal Debug|Win32.Build.0 = DLL Universal Debug|Win32
		{B724E495-5923-49A9-9573-6047F70F4B60}.DLL Universal Release|Win32.ActiveCfg = DLL Universal Release|Win32
		{B724E495-5923-49A9-9573-6047F70F4B60}.DLL Universal Release|Win32.Build.0 = DLL Universal Release|Win32
		{B724E495-5923-49A9-9573-6047F70F4B60}.DLL Universal Unicode Debug|Win32.ActiveCfg = DLL Universal Unicode Debug|Win32
		{B724E495-5923-49A9-9573-6047F70F4B60}.DLL Universal Unicode Debug|Win32.Build.0 = DLL Universal Unicode Debug|Win32
		{B724E495-5923-49A9-9573-6047F70F4B60}.DLL Universal Unicode Release|Win32.ActiveCfg = DLL Universal Unicode Release|Win32
		{B724E495-5923-49A9-9573-6047F70F4B60}.DLL Universal Unicode Release|Win32.Build.0 = DLL Universal Unicode Release|Win32
		{B724E495-5923-49A9-9573-6047F70F4B60}.Release|Win32.ActiveCfg = Release|Win32
		{B724E495-5923-49A9-9573-6047F70F4B60}.Release|Win32.Build.0 = Release|Win32
		{B724E495-5923-49A9-9573-6047F70F4B60}.Unicode Debug|Win32.ActiveCfg = Unicode Debug|Win32
		{B724E495-5923-49A9-9573-6047F70F4B60}.Unicode Debug|Win32.Build.0 = Unicode Debug|Win32
		{B724E495-5923-49A9-9573-6047F70F4B60}.Unicode Release|Win32.ActiveCfg = Unicode Release|Win32
		{B724E495-5923-49A9-9573-6047F70F4B60}.Unicode Release|Win32.Build.0 = Unicode Release|Win32
		{B724E495-5923-49A9-9573-6047F70F4B60}.Universal Debug|Win32.ActiveCfg = Universal Debug|Win32
		{B724E495-5923-49A9-9573-6047F70F4B60}.Universal Debug|Win32.Build.0 = Universal Debug|Win32
		{B724E495-5923-49A9-9573-6047F70F4B60}.Universal Release|Win32.ActiveCfg = Universal Release|Win32
		{B724E495-5923-49A9-9573-6047F70F4B60}.Universal Release|Win32.Build.0 = Universal Release|Win32
		{B724E495-5923-49A9-9573-6047F70F4B60}.Universal Unicode Debug|Win32.ActiveCfg = Universal Unicode Debug|Win32
		{B724E495-5923-49A9-9573-6047F70F4B60}.Universal Unicode Debug|Win32.Build.0 = Universal Unicode Debug|Win32
		{B724E495-5923-49A9-9573-6047F70F4B60}.Universal Unicode Release|Win32.ActiveCfg = Universal Unicode Release|Win32
		{B724E495-5923-49A9-9573-6047F70F4B60}.Universal Unicode Release|Win32.Build.0 = Universal Unicode Release|Win32
		{046D9BE5-C784-4281-B230-52BC636D2AE3}.Debug|Win32.ActiveCfg = Debug|Win32
		{046D9BE5-C784-4281-B230-52BC636D2AE3}.Debug|Win32.Build.0 = Debug|Win32
		{046D9BE5-C784-4281-B230-52BC636D2AE3}.DLL Debug|Win32.ActiveCfg = DLL Debug|Win32
		{046D9BE5-C784-4281-B230-52BC636D2AE3}.DLL Debug|Win32.Build.0 = DLL Debug|Win32
		{046D9BE5-C784-4281-B230-52BC636D2AE3}.DLL Release|Win32.ActiveCfg = DLL Release|Win32
		{046D9BE5-C784-4281-B230-52BC636D2AE3}.DLL Release|Win32.Build.0 = DLL Release|Win32
		{046D9BE5-C784-4281-B230-52BC636D2AE3}.DLL Unicode Debug|Win32.ActiveCfg = DLL Unicode Debug|Win32
		{046D9BE5-C784-4281-B230-52BC636D2AE3}.DLL Unicode Debug|Win32.Build.0 = DLL Unicode Debug|Win32
		{046D9BE5-C784-4281-B230-52BC636D2AE3}.DLL Unicode Release|Win32.ActiveCfg = DLL Unicode Release|Win32
		{046D9BE5-C784-4281-B230-52BC636D2AE3}.DLL Unicode Release|Win32.Build.0 = DLL Unicode Release|Win32
		{046D9BE5-C784-4281-B230-52BC636D2AE3}.DLL Universal Debug|Win32.ActiveCfg = DLL Universal Debug|Win32
		{046D9BE5-C784-4281-B230-52BC636D2AE3}.DLL Universal Debug|Win32.Build.0 = DLL Universal Debug|Win32
		{046D9BE5-C784-4281-B230-52BC636D2AE3}.DLL Universal Release|Win32.ActiveCfg = DLL Universal Release|Win32
		{046D9BE5-C784-4281-B230-52BC636D2AE3}.DLL Universal Release|Win32.Build.0 = DLL Universal Release|Win32
		{046D9BE5-C784-4281-B230-52BC636D2AE3}.DLL Universal Unicode Debug|Win32.ActiveCfg = DLL Universal Unicode Debug|Win32
		{046D9BE5-C784-4281-B230-52BC636D2AE3}.DLL Universal Unicode Debug|Win32.Build.0 = DLL Universal Unicode Debug|Win32
		{046D9BE5-C784-4281-B230-52BC636D2AE3}.DLL Universal Unicode Release|Win32.ActiveCfg = DLL Universal Unicode Release|Win32
		{046D9BE5-C784-4281-B230-52BC636D2AE3}.DLL Universal Unicode Release|Win32.Build.0 = DLL Universal Unicode Release|Win32
		{046D9BE5-C784-4281-B230-52BC636D2AE3}.Release|Win32.ActiveCfg = Release|Win32
		{046D9BE5-C784-4281-B230-52BC636D2AE3}.Release|Win32.Build.0 = Release|Win32
		{046D9BE5-C784-4281-B230-52BC636D2AE3}.Unicode Debug|Win32.ActiveCfg = Unicode Debug|Win32
		{046D9BE5-C784-4281-B230-52BC636D2AE3}.Unicode Debug|Win32.Build.0 = Unicode Debug|Win32
		{046D9BE5-C784-4281-B230-52BC636D2AE3}.Unicode Release|Win32.ActiveCfg = Unicode Release|Win32
		{046D9BE5-C784-4281-B230-52BC636D2AE3}.Unicode Release|Win32.Build.0 = Unicode Release|Win32
		{046D9BE5-C784-4281-B230-52BC636D2AE3}.Universal Debug|Win32.ActiveCfg = Universal Debug|Win32
		{046D9BE5-C784-4281-B230-52BC636D2AE3}.Universal Debug|Win32.Build.0 = Universal Debug|Win32
		{046D9BE5-C784-4281-B230-52BC636D2AE3}.Universal Release|Win32.ActiveCfg = Universal Release|Win32
		{046D9BE5-C784-4281-B230-52BC636D2AE3}.Universal Release|Win32.Build.0 = Universal Release|Win32
		{046D9BE5-C784-4281-B230-52BC636D2AE3}.Universal Unicode Debug|Win32.ActiveCfg = Universal Unicode Debug|Win32
		{046D9BE5-C784-4281-B230-52BC636D2AE3}.Universal Unicode Debug|Win32.Build.0 = Universal Unicode Debug|Win32
		{046D9BE5-C784-4281-B230-52BC636D2AE3}.Universal Unicode Release|Win32.ActiveCfg = Universal Unicode Release|Win32
		{046D9BE5-C784-4281-B230-52BC636D2AE3}.Universal Unicode Release|Win32.Build.0 = Universal Unicode Release|Win32
		{91771059-073A-4A4C-8D2A-DCB61F2E80D8}.Debug|Win32.ActiveCfg = Debug|Win32
		{91771059-073A-4A4C-8D2A-DCB61F2E80D8}.Debug|Win32.Build.0 = Debug|Win32
		{91771059-073A-4A4C-8D2A-DCB61F2E80D8}.DLL Debug|Win32.ActiveCfg = DLL Debug|Win32
		{91771059-073A-4A4C-8D2A-DCB61F2E80D8}.DLL Debug|Win32.Build.0 = DLL Debug|Win32
		{91771059-073A-4A4C-8D2A-DCB61F2E80D8}.DLL Release|Win32.ActiveCfg = DLL Release|Win32
		{91771059-073A-4A4C-8D2A-DCB61F2E80D8}.DLL Release|Win32.Build.0 = DLL Release|Win32
		{91771059-073A-4A4C-8D2A-DCB61F2E80D8}.DLL Unicode Debug|Win32.ActiveCfg = DLL Unicode Debug|Win32
		{91771059-073A-4A4C-8D2A-DCB61F2E80D8}.DLL Unicode Debug|Win32.Build.0 = DLL Unicode Debug|Win32
		{91771059-073A-4A4C-8D2A-DCB61F2E80D8}.DLL Unicode Release|Win32.ActiveCfg = DLL Unicode Release|Win32
		{91771059-073A-4A4C-8D2A-DCB61F2E80D8}.DLL Unicode Release|Win32.Build.0 = DLL Unicode Release|Win32
		{91771059-073A-4A4C-8D2A-DCB61F2E80D8}.DLL Universal Debug|Win32.ActiveCfg = DLL Universal Debug|Win32
		{91771059-073A-4A4C-8D2A-DCB61F2E80D8}.DLL Universal Debug|Win32.Build.0 = DLL Universal Debug|Win32
		{91771059-073A-4A4C-8D2A-DCB61F2E80D8}.DLL Universal Release|Win32.ActiveCfg = DLL Universal Release|Win32
		{91771059-073A-4A4C-8D2A-DCB61F2E80D8}.DLL Universal Release|Win32.Build.0 = DLL Universal Release|Win32
		{91771059-073A-4A4C-8D2A-DCB61F2E80D8}.DLL Universal Unicode Debug|Win32.ActiveCfg = DLL Universal Unicode Debug|Win32
		{91771059-073A-4A4C-8D2A-DCB61F2E80D8}.DLL Universal Unicode Debug|Win32.Build.0 = DLL Universal Unicode Debug|Win32
		{91771059-073A-4A4C-8D2A-DCB61F2E80D8}.DLL Universal Unicode Release|Win32.ActiveCfg = DLL Universal Unicode Release|Win32
		{91771059-073A-4A4C-8D2A-DCB61F2E80D8}.DLL Universal Unicode Release|Win32.Build.0 = DLL Universal Unicode Release|Win32
		{91771059-073A-4A4C-8D2A-DCB61F2E80D8}.Release|Win32.ActiveCfg = Release|Win32
		{91771059-073A-4A4C-8D2A-DCB61F2E80D8}.Release|Win32.Build.0 = Release|Win32
		{91771059-073A-4A4C-8D2A-DCB61F2E80D8}.Unicode Debug|Win32.ActiveCfg = Unicode Debug|Win32
		{91771059-073A-4A4C-8D2A-DCB61F2E80D8}.Unicode Debug|Win32.Build.0 = Unicode Debug|Win32
		{91771059-073A-4A4C-8D2A-DCB61F2E80D8}.Unicode Release|Win32.ActiveCfg = Unicode Release|Win32
		{91771059-073A-4A4C-8D2A-DCB61F2E80D8}.Unicode Release|Win32.Build.0 = Unicode Release|Win32
		{91771059-073A-4A4C-8D2A-DCB61F2E80D8}.Universal Debug|Win32.ActiveCfg = Universal Debug|Win32
		{91771059-073A-4A4C-8D2A-DCB61F2E80D8}.Universal Debug|Win32.Build.0 = Universal Debug|Win32
		{91771059-073A-4A4C-8D2A-DCB61F2E80D8}.Universal Release|Win32.ActiveCfg = Universal Release|Win32
		{91771059-073A-4A4C-8D2A-DCB61F2E80D8}.Universal Release|Win32.Build.0 = Universal Release|Win32
		{91771059-073A-4A4C-8D2A-DCB61F2E80D8}.Universal Unicode Debug|Win32.ActiveCfg = Universal Unicode Debug|Win32
		{91771059-073A-4A4C-8D2A-DCB61F2E80D8}.Universal Unicode Debug|Win32.Build.0 = Universal Unicode Debug|Win32
		{91771059-073A-4A4C-8D2A-DCB61F2E80D8}.Universal Unicode Release|Win32.ActiveCfg = Universal Unicode Release|Win32
		{91771059-073A-4A4C-8D2A-DCB61F2E80D8}.Universal Unicode Release|Win32.Build.0 = Universal Unicode Release|Win32
		{E3925D5E-63C9-48AE-91D9-0BBBED48E4DA}.Debug|Win32.ActiveCfg = Debug|Win32
		{E3925D5E-63C9-48AE-91D9-0BBBED48E4DA}.Debug|Win32.Build.0 = Debug|Win32
		{E3925D5E-63C9-48AE-91D9-0BBBED48E4DA}.DLL Debug|Win32.ActiveCfg = DLL Debug|Win32
		{E3925D5E-63C9-48AE-91D9-0BBBED48E4DA}.DLL Debug|Win32.Build.0 = DLL Debug|Win32
		{E3925D5E-63C9-48AE-91D9-0BBBED48E4DA}.DLL Release|Win32.ActiveCfg = DLL Release|Win32
		{E3925D5E-63C9-48AE-91D9-0BBBED48E4DA}.DLL Release|Win32.Build.0 = DLL Release|Win32
		{E3925D5E-63C9-48AE-91D9-0BBBED48E4DA}.DLL Unicode Debug|Win32.ActiveCfg = DLL Unicode Debug|Win32
		{E3925D5E-63C9-48AE-91D9-0BBBED48E4DA}.DLL Unicode Debug|Win32.Build.0 = DLL Unicode Debug|Win32
		{E3925D5E-63C9-48AE-91D9-0BBBED48E4DA}.DLL Unicode Release|Win32.ActiveCfg = DLL Unicode Release|Win32
		{E3925D5E-63C9-48AE-91D9-0BBBED48E4DA}.DLL Unicode Release|Win32.Build.0 = DLL Unicode Release|Win32
		{E3925D5E-63C9-48AE-91D9-0BBBED48E4DA}.DLL Universal Debug|Win32.ActiveCfg = DLL Universal Debug|Win32
		{E3925D5E-63C9-48AE-91D9-0BBBED48E4DA}.DLL Universal Debug|Win32.Build.0 = DLL Universal Debug|Win32
		{E3925D5E-63C9-48AE-91D9-0BBBED48E4DA}.DLL Universal Release|Win32.ActiveCfg = DLL Universal Release|Win32
		{E3925D5E-63C9-48AE-91D9-0BBBED48E4DA}.DLL Universal Release|Win32.Build.0 = DLL Universal Release|Win32
		{E3925D5E-63C9-48AE-91D9-0BBBED48E4DA}.DLL Universal Unicode Debug|Win32.ActiveCfg = DLL Universal Unicode Debug|Win32
		{E3925D5E-63C9-48AE-91D9-0BBBED48E4DA}.DLL Universal Unicode Debug|Win32.Build.0 = DLL Universal Unicode Debug|Win32
		{E3925D5E-63C9-48AE-91D9-0BBBED48E4DA}.DLL Universal Unicode Release|Win32.ActiveCfg = DLL Universal Unicode Release|Win32
		{E3925D5E-63C9-48AE-91D9-0BBBED48E4DA}.DLL Universal Unicode Release|Win32.Build.0 = DLL Universal Unicode Release|Win32
		{E3925D5E-63C9-48AE-91D9-0BBBED48E4DA}.Release|Win32.ActiveCfg = Release|Win32
		{E3925D5E-63C9-48AE-91D9-0BBBED48E4DA}.Release|Win32.Build.0 = Release|Win32
		{E3925D5E-63C9-48AE-91D9-0BBBED48E4DA}.Unicode Debug|Win32.ActiveCfg = Unicode Debug|Win32
		{E3925D5E-63C9-48AE-91D9-0BBBED48E4DA}.Unicode Debug|Win32.Build.0 = Unicode Debug|Win32
		{E3925D5E-63C9-48AE-91D9-0BBBED48E4DA}.Unicode Release|Win32.ActiveCfg = Unicode Release|Win32
		{E3925D5E-63C9-48AE-91D9-0BBBED48E4DA}.Unicode Release|Win32.Build.0 = Unicode Release|Win32
		{E3925D5E-63C9-48AE-91D9-0BBBED48E4DA}.Universal Debug|Win32.ActiveCfg = Universal Debug|Win32
		{E3925D5E-63C9-48AE-91D9-0BBBED48E4DA}.Universal Debug|Win32.Build.0 = Universal Debug|Win32
		{E3925D5E-63C9-48AE-91D9-0BBBED48E4DA}.Universal Release|Win32.ActiveCfg = Universal Release|Win32
		{E3925D5E-63C9-48AE-91D9-0BBBED48E4DA}.Universal Release|Win32.Build.0 = Universal Release|Win32
		{E3925D5E-63C9-48AE-91D9-0BBBED48E4DA}.Universal Unicode Debug|Win32.ActiveCfg = Universal Unicode Debug|Win32
		{E3925D5E-63C9-48AE-91D9-0BBBED48E4DA}.Universal Unicode Debug|Win32.Build.0 = Universal Unicode Debug|Win32
		{E3925D5E-63C9-48AE-91D9-0BBBED48E4DA}.Universal Unicode Release|Win32.ActiveCfg = Universal Unicode Release|Win32
		{E3925D5E-63C9-48AE-91D9-0BBBED48E4DA}.Universal Unicode Release|Win32.Build.0 = Universal Unicode Release|Win32
		{87127734-1EC2-4549-AAE0-B1D881DBD720}.Debug|Win32.ActiveCfg = Debug|Win32
		{87127734-1EC2-4549-AAE0-B1D881DBD720}.Debug|Win32.Build.0 = Debug|Win32
		{87127734-1EC2-4549-AAE0-B1D881DBD720}.DLL Debug|Win32.ActiveCfg = DLL Debug|Win32
		{87127734-1EC2-4549-AAE0-B1D881DBD720}.DLL Debug|Win32.Build.0 = DLL Debug|Win32
		{87127734-1EC2-4549-AAE0-B1D881DBD720}.DLL Release|Win32.ActiveCfg = DLL Release|Win32
		{87127734-1EC2-4549-AAE0-B1D881DBD720}.DLL Release|Win32.Build.0 = DLL Release|Win32
		{87127734-1EC2-4549-AAE0-B1D881DBD720}.DLL Unicode Debug|Win32.ActiveCfg = DLL Unicode Debug|Win32
		{87127734-1EC2-4549-AAE0-B1D881DBD720}.DLL Unicode Debug|Win32.Build.0 = DLL Unicode Debug|Win32
		{87127734-1EC2-4549-AAE0-B1D881DBD720}.DLL Unicode Release|Win32.ActiveCfg = DLL Unicode Release|Win32
		{87127734-1EC2-4549-AAE0-B1D881DBD720}.DLL Unicode Release|Win32.Build.0 = DLL Unicode Release|Win32
		{87127734-1EC2-4549-AAE0-B1D881DBD720}.DLL Universal Debug|Win32.ActiveCfg = DLL Universal Debug|Win32
		{87127734-1EC2-4549-AAE0-B1D881DBD720}.DLL Universal Debug|Win32.Build.0 = DLL Universal Debug|Win32
		{87127734-1EC2-4549-AAE0-B1D881DBD720}.DLL Universal Release|Win32.ActiveCfg = DLL Universal Release|Win32
		{87127734-1EC2-4549-AAE0-B1D881DBD720}.DLL Universal Release|Win32.Build.0 = DLL Universal Release|Win32
		{87127734-1EC2-4549-AAE0-B1D881DBD720}.DLL Universal Unicode Debug|Win32.ActiveCfg = DLL Universal Unicode Debug|Win32
		{87127734-1EC2-4549-AAE0-B1D881DBD720}.DLL Universal Unicode Debug|Win32.Build.0 = DLL Universal Unicode Debug|Win32
		{87127734-1EC2-4549-AAE0-B1D881DBD720}.DLL Universal Unicode Release|Win32.ActiveCfg = DLL Universal Unicode Release|Win32
		{87127734-1EC2-4549-AAE0-B1D881DBD720}.DLL Universal Unicode Release|Win32.Build.0 = DLL Universal Unicode Release|Win32
		{87127734-1EC2-4549-AAE0-B1D881DBD720}.Release|Win32.ActiveCfg = Release|Win32
		{87127734-1EC2-4549-AAE0-B1D881DBD720}.Release|Win32.Build.0 = Release|Win32
		{87127734-1EC2-4549-AAE0-B1D881DBD720}.Unicode Debug|Win32.ActiveCfg = Unicode Debug|Win32
		{87127734-1EC2-4549-AAE0-B1D881DBD720}.Unicode Debug|Win32.Build.0 = Unicode Debug|Win32
		{87127734-1EC2-4549-AAE0-B1D881DBD720}.Unicode Release|Win32.ActiveCfg = Unicode Release|Win32
		{87127734-1EC2-4549-AAE0-B1D881DBD720}.Unicode Release|Win32.Build.0 = Unicode Release|Win32
		{87127734-1EC2-4549-AAE0-B1D881DBD720}.Universal Debug|Win32.ActiveCfg = Universal Debug|Win32
		{87127734-1EC2-4549-AAE0-B1D881DBD720}.Universal Debug|Win32.Build.0 = Universal Debug|Win32
		{87127734-1EC2-4549-AAE0-B1D881DBD720}.Universal Release|Win32.ActiveCfg = Universal Release|Win32
		{87127734-1EC2-4549-AAE0-B1D881DBD720}.Universal Release|Win32.Build.0 = Universal Release|Win32
		{87127734-1EC2-4549-AAE0-B1D881DBD720}.Universal Unicode Debug|Win32.ActiveCfg = Universal Unicode Debug|Win32
		{87127734-1EC2-4549-AAE0-B1D881DBD720}.Universal Unicode Debug|Win32.Build.0 = Universal Unicode Debug|Win32
		{87127734-1EC2-4549-AAE0-B1D881DBD720}.Universal Unicode Release|Win32.ActiveCfg = Universal Unicode Release|Win32
		{87127734-1EC2-4549-AAE0-B1D881DBD720}.Universal Unicode Release|Win32.Build.0 = Universal Unicode Release|Win32
		{639C4782-81E3-4A96-9E8F-0B18B42FA4CB}.Debug|Win32.ActiveCfg = Debug|Win32
		{639C4782-81E3-4A96-9E8F-0B18B42FA4CB}.Debug|Win32.Build.0 = Debug|Win32
		{639C4782-81E3-4A96-9E8F-0B18B42FA4CB}.DLL Debug|Win32.ActiveCfg = DLL Debug|Win32
		{639C4782-81E3-4A96-9E8F-0B18B42FA4CB}.DLL Debug|Win32.Build.0 = DLL Debug|Win32
		{639C4782-81E3-4A96-9E8F-0B18B42FA4CB}.DLL Release|Win32.ActiveCfg = DLL Release|Win32
		{639C4782-81E3-4A96-9E8F-0B18B42FA4CB}.DLL Release|Win32.Build.0 = DLL Release|Win32
		{639C4782-81E3-4A96-9E8F-0B18B42FA4CB}.DLL Unicode Debug|Win32.ActiveCfg = DLL Unicode Debug|Win32
		{639C4782-81E3-4A96-9E8F-0B18B42FA4CB}.DLL Unicode Debug|Win32.Build.0 = DLL Unicode Debug|Win32
		{639C4782-81E3-4A96-9E8F-0B18B42FA4CB}.DLL Unicode Release|Win32.ActiveCfg = DLL Unicode Release|Win32
		{639C4782-81E3-4A96-9E8F-0B18B42FA4CB}.DLL Unicode Release|Win32.Build.0 = DLL Unicode Release|Win32
		{639C4782-81E3-4A96-9E8F-0B18B42FA4CB}.DLL Universal Debug|Win32.ActiveCfg = DLL Universal Debug|Win32
		{639C4782-81E3-4A96-9E8F-0B18B42FA4CB}.DLL Universal Debug|Win32.Build.0 = DLL Universal Debug|Win32
		{639C4782-81E3-4A96-9E8F-0B18B42FA4CB}.DLL Universal Release|Win32.ActiveCfg = DLL Universal Release|Win32
		{639C4782-81E3-4A96-9E8F-0B18B42FA4CB}.DLL Universal Release|Win32.Build.0 = DLL Universal Release|Win32
		{639C4782-81E3-4A96-9E8F-0B18B42FA4CB}.DLL Universal Unicode Debug|Win32.ActiveCfg = DLL Universal Unicode Debug|Win32
		{639C4782-81E3-4A96-9E8F-0B18B42FA4CB}.DLL Universal Unicode Debug|Win32.Build.0 = DLL Universal Unicode Debug|Win32
		{639C4782-81E3-4A96-9E8F-0B18B42FA4CB}.DLL Universal Unicode Release|Win32.ActiveCfg = DLL Universal Unicode Release|Win32
		{639C4782-81E3-4A96-9E8F-0B18B42FA4CB}.DLL Universal Unicode Release|Win32.Build.0 = DLL Universal Unicode Release|Win32
		{639C4782-81E3-4A96-9E8F-0B18B42FA4CB}.Release|Win32.ActiveCfg = Release|Win32
		{639C4782-81E3-4A96-9E8F-0B18B42FA4CB}.Release|Win32.Build.0 = Release|Win32
		{639C4782-81E3-4A96-9E8F-0B18B42FA4CB}.Unicode Debug|Win32.ActiveCfg = Unicode Debug|Win32
		{639C4782-81E3-4A96-9E8F-0B18B42FA4CB}.Unicode Debug|Win32.Build.0 = Unicode Debug|Win32
		{639C4782-81E3-4A96-9E8F-0B18B42FA4CB}.Unicode Release|Win32.ActiveCfg = Unicode Release|Win32
		{639C4782-81E3-4A96-9E8F-0B18B42FA4CB}.Unicode Release|Win32.Build.0 = Unicode Release|Win32
		{639C4782-81E3-4A96-9E8F-0B18B42FA4CB}.Universal Debug|Win32.ActiveCfg = Universal Debug|Win32
		{639C4782-81E3-4A96-9E8F-0B18B42FA4CB}.Universal Debug|Win32.Build.0 = Universal Debug|Win32
		{639C4782-81E3-4A96-9E8F-0B18B42FA4CB}.Universal Release|Win32.ActiveCfg = Universal Release|Win32
		{639C4782-81E3-4A96-9E8F-0B18B42FA4CB}.Universal Release|Win32.Build.0 = Universal Release|Win32
		{639C4782-81E3-4A96-9E8F-0B18B42FA4CB}.Universal Unicode Debug|Win32.ActiveCfg = Universal Unicode Debug|Win32
		{639C4782-81E3-4A96-9E8F-0B18B42FA4CB}.Universal Unicode Debug|Win32.Build.0 = Universal Unicode Debug|Win32
		{639C4782-81E3-4A96-9E8F-0B18B42FA4CB}.Universal Unicode Release|Win32.ActiveCfg = Universal Unicode Release|Win32
		{639C4782-81E3-4A96-9E8F-0B18B42FA4CB}.Universal Unicode Release|Win32.Build.0 = Universal Unicode Release|Win32
		{99EAC7CA-08FA-48F1-BEBC-697D2E3C2696}.Debug|Win32.ActiveCfg = Debug|Win32
		{99EAC7CA-08FA-48F1-BEBC-697D2E3C2696}.Debug|Win32.Build.0 = Debug|Win32
		{99EAC7CA-08FA-48F1-BEBC-697D2E3C2696}.DLL Debug|Win32.ActiveCfg = DLL Debug|Win32
		{99EAC7CA-08FA-48F1-BEBC-697D2E3C2696}.DLL Debug|Win32.Build.0 = DLL Debug|Win32
		{99EAC7CA-08FA-48F1-BEBC-697D2E3C2696}.DLL Release|Win32.ActiveCfg = DLL Release|Win32
		{99EAC7CA-08FA-48F1-BEBC-697D2E3C2696}.DLL Release|Win32.Build.0 = DLL Release|Win32
		{99EAC7CA-08FA-48F1-BEBC-697D2E3C2696}.DLL Unicode Debug|Win32.ActiveCfg = DLL Unicode Debug|Win32
		{99EAC7CA-08FA-48F1-BEBC-697D2E3C2696}.DLL Unicode Debug|Win32.Build.0 = DLL Unicode Debug|Win32
		{99EAC7CA-08FA-48F1-BEBC-697D2E3C2696}.DLL Unicode Release|Win32.ActiveCfg = DLL Unicode Release|Win32
		{99EAC7CA-08FA-48F1-BEBC-697D2E3C2696}.DLL Unicode Release|Win32.Build.0 = DLL Unicode Release|Win32
		{99EAC7CA-08FA-48F1-BEBC-697D2E3C2696}.DLL Universal Debug|Win32.ActiveCfg = DLL Universal Debug|Win32
		{99EAC7CA-08FA-48F1-BEBC-697D2E3C2696}.DLL Universal Debug|Win32.Build.0 = DLL Universal Debug|Win32
		{99EAC7CA-08FA-48F1-BEBC-697D2E3C2696}.DLL Universal Release|Win32.ActiveCfg = DLL Universal Release|Win32
		{99EAC7CA-08FA-48F1-BEBC-697D2E3C2696}.DLL Universal Release|Win32.Build.0 = DLL Universal Release|Win32
		{99EAC7CA-08FA-48F1-BEBC-697D2E3C2696}.DLL Universal Unicode Debug|Win32.ActiveCfg = DLL Universal Unicode Debug|Win32
		{99EAC7CA-08FA-48F1-BEBC-697D2E3C2696}.DLL Universal Unicode Debug|Win32.Build.0 = DLL Universal Unicode Debug|Win32
		{99EAC7CA-08FA-48F1-BEBC-697D2E3C2696}.DLL Universal Unicode Release|Win32.ActiveCfg = DLL Universal Unicode Release|Win32
		{99EAC7CA-08FA-48F1-BEBC-697D2E3C2696}.DLL Universal Unicode Release|Win32.Build.0 = DLL Universal Unicode Release|Win32
		{99EAC7CA-08FA-48F1-BEBC-697D2E3C2696}.Release|Win32.ActiveCfg = Release|Win32
		{99EAC7CA-08FA-48F1-BEBC-697D2E3C2696}.Release|Win32.Build.0 = Release|Win32
		{99EAC7CA-08FA-48F1-BEBC-697D2E3C2696}.Unicode Debug|Win32.ActiveCfg = Unicode Debug|Win32
		{99EAC7CA-08FA-48F1-BEBC-697D2E3C2696}.Unicode Debug|Win32.Build.0 = Unicode Debug|Win32
		{99EAC7CA-08FA-48F1-BEBC-697D2E3C2696}.Unicode Release|Win32.ActiveCfg = Unicode Release|Win32
		{99EAC7CA-08FA-48F1-BEBC-697D2E3C2696}.Unicode Release|Win32.Build.0 = Unicode Release|Win32
		{99EAC7CA-08FA-48F1-BEBC-697D2E3C2696}.Universal Debug|Win32.ActiveCfg = Universal Debug|Win32
		{99EAC7CA-08FA-48F1-BEBC-697D2E3C2696}.Universal Debug|Win32.Build.0 = Universal Debug|Win32
		{99EAC7CA-08FA-48F1-BEBC-697D2E3C2696}.Universal Release|Win32.ActiveCfg = Universal Release|Win32
		{99EAC7CA-08FA-48F1-BEBC-697D2E3C2696}.Universal Release|Win32.Build.0 = Universal Release|Win32
		{99EAC7CA-08FA-48F1-BEBC-697D2E3C2696}.Universal Unicode Debug|Win32.ActiveCfg = Universal Unicode Debug|Win32
		{99EAC7CA-08FA-48F1-BEBC-697D2E3C2696}.Universal Unicode Debug|Win32.Build.0 = Universal Unicode Debug|Win32
		{99EAC7CA-08FA-48F1-BEBC-697D2E3C2696}.Universal Unicode Release|Win32.ActiveCfg = Universal Unicode Release|Win32
		{99EAC7CA-08FA-48F1-BEBC-697D2E3C2696}.Universal Unicode Release|Win32.Build.0 = Universal Unicode Release|Win32
		{A9E57FED-AB20-4EE5-9D24-A44EDA5DCEC1}.Debug|Win32.ActiveCfg = Debug|Win32
		{A9E57FED-AB20-4EE5-9D24-A44EDA5DCEC1}.Debug|Win32.Build.0 = Debug|Win32
		{A9E57FED-AB20-4EE5-9D24-A44EDA5DCEC1}.DLL Debug|Win32.ActiveCfg = DLL Debug|Win32
		{A9E57FED-AB20-4EE5-9D24-A44EDA5DCEC1}.DLL Debug|Win32.Build.0 = DLL Debug|Win32
		{A9E57FED-AB20-4EE5-9D24-A44EDA5DCEC1}.DLL Release|Win32.ActiveCfg = Release|Win32
		{A9E57FED-AB20-4EE5-9D24-A44EDA5DCEC1}.DLL Release|Win32.Build.0 = Release|Win32
		{A9E57FED-AB20-4EE5-9D24-A44EDA5DCEC1}.DLL Unicode Debug|Win32.ActiveCfg = Debug|Win32
		{A9E57FED-AB20-4EE5-9D24-A44EDA5DCEC1}.DLL Unicode Debug|Win32.Build.0 = Debug|Win32
		{A9E57FED-AB20-4EE5-9D24-A44EDA5DCEC1}.DLL Unicode Release|Win32.ActiveCfg = Release|Win32
		{A9E57FED-AB20-4EE5-9D24-A44EDA5DCEC1}.DLL Unicode Release|Win32.Build.0 = Release|Win32
		{A9E57FED-AB20-4EE5-9D24-A44EDA5DCEC1}.DLL Universal Debug|Win32.ActiveCfg = Debug|Win32
		{A9E57FED-AB20-4EE5-9D24-A44EDA5DCEC1}.DLL Universal Debug|Win32.Build.0 = Debug|Win32
		{A9E57FED-AB20-4EE5-9D24-A44EDA5DCEC1}.DLL Universal Release|Win32.ActiveCfg = Release|Win32
		{A9E57FED-AB20-4EE5-9D24-A44EDA5DCEC1}.DLL Universal Release|Win32.Build.0 = Release|Win32
		{A9E57FED-AB20-4EE5-9D24-A44EDA5DCEC1}.DLL Universal Unicode Debug|Win32.ActiveCfg = Debug|Win32
		{A9E57FED-AB20-4EE5-9D24-A44EDA5DCEC1}.DLL Universal Unicode Debug|Win32.Build.0 = Debug|Win32
		{A9E57FED-AB20-4EE5-9D24-A44EDA5DCEC1}.DLL Universal Unicode Release|Win32.ActiveCfg = Release|Win32
		{A9E57FED-AB20-4EE5-9D24-A44EDA5DCEC1}.DLL Universal Unicode Release|Win32.Build.0 = Release|Win32
		{A9E57FED-AB20-4EE5-9D24-A44EDA5DCEC1}.Release|Win32.ActiveCfg = Release|Win32
		{A9E57FED-AB20-4EE5-9D24-A44EDA5DCEC1}.Release|Win32.Build.0 = Release|Win32
		{A9E57FED-AB20-4EE5-9D24-A44EDA5DCEC1}.Unicode Debug|Win32.ActiveCfg = Debug|Win32
		{A9E57FED-AB20-4EE5-9D24-A44EDA5DCEC1}.Unicode Debug|Win32.Build.0 = Debug|Win32
		{A9E57FED-AB20-4EE5-9D24-A44EDA5DCEC1}.Unicode Release|Win32.ActiveCfg = Release|Win32
		{A9E57FED-AB20-4EE5-9D24-A44EDA5DCEC1}.Unicode Release|Win32.Build.0 = Release|Win32
		{A9E57FED-AB20-4EE5-9D24-A44EDA5DCEC1}.Universal Debug|Win32.ActiveCfg = Debug|Win32
		{A9E57FED-AB20-4EE5-9D24-A44EDA5DCEC1}.Universal Debug|Win32.Build.0 = Debug|Win32
		{A9E57FED-AB20-4EE5-9D24-A44EDA5DCEC1}.Universal Release|Win32.ActiveCfg = Release|Win32
		{A9E57FED-AB20-4EE5-9D24-A44EDA5DCEC1}.Universal Release|Win32.Build.0 = Release|Win32
		{A9E57FED-AB20-4EE5-9D24-A44EDA5DCEC1}.Universal Unicode Debug|Win32.ActiveCfg = Debug|Win32
		{A9E57FED-AB20-4EE5-9D24-A44EDA5DCEC1}.Universal Unicode Debug|Win32.Build.0 = Debug|Win32
		{A9E57FED-AB20-4EE5-9D24-A44EDA5DCEC1}.Universal Unicode Release|Win32.ActiveCfg = Release|Win32
		{A9E57FED-AB20-4EE5-9D24-A44EDA5DCEC1}.Universal Unicode Release|Win32.Build.0 = Release|Win32
		{C75863A6-27DE-49EE-BE93-700CED8D8FEE}.Debug|Win32.ActiveCfg = Debug|Win32
		{C75863A6-27DE-49EE-BE93-700CED8D8FEE}.Debug|Win32.Build.0 = Debug|Win32
		{C75863A6-27DE-49EE-BE93-700CED8D8FEE}.DLL Debug|Win32.ActiveCfg = DLL Debug|Win32
		{C75863A6-27DE-49EE-BE93-700CED8D8FEE}.DLL Debug|Win32.Build.0 = DLL Debug|Win32
		{C75863A6-27DE-49EE-BE93-700CED8D8FEE}.DLL Release|Win32.ActiveCfg = Release|Win32
		{C75863A6-27DE-49EE-BE93-700CED8D8FEE}.DLL Release|Win32.Build.0 = Release|Win32
		{C75863A6-27DE-49EE-BE93-700CED8D8FEE}.DLL Unicode Debug|Win32.ActiveCfg = Debug|Win32
		{C75863A6-27DE-49EE-BE93-700CED8D8FEE}.DLL Unicode Debug|Win32.Build.0 = Debug|Win32
		{C75863A6-27DE-49EE-BE93-700CED8D8FEE}.DLL Unicode Release|Win32.ActiveCfg = Release|Win32
		{C75863A6-27DE-49EE-BE93-700CED8D8FEE}.DLL Unicode Release|Win32.Build.0 = Release|Win32
		{C75863A6-27DE-49EE-BE93-700CED8D8FEE}.DLL Universal Debug|Win32.ActiveCfg = Debug|Win32
		{C75863A6-27DE-49EE-BE93-700CED8D8FEE}.DLL Universal Debug|Win32.Build.0 = Debug|Win32
		{C75863A6-27DE-49EE-BE93-700CED8D8FEE}.DLL Universal Release|Win32.ActiveCfg = Release|Win32
		{C75863A6-27DE-49EE-BE93-700CED8D8FEE}.DLL Universal Release|Win32.Build.0 = Release|Win32
		{C75863A6-27DE-49EE-BE93-700CED8D8FEE}.DLL Universal Unicode Debug|Win32.ActiveCfg = Debug|Win32
		{C75863A6-27DE-49EE-BE93-700CED8D8FEE}.DLL Universal Unicode Debug|Win32.Build.0 = Debug|Win32
		{C75863A6-27DE-49EE-BE93-700CED8D8FEE}.DLL Universal Unicode Release|Win32.ActiveCfg = Release|Win32
		{C75863A6-27DE-49EE-BE93-700CED8D8FEE}.DLL Universal Unicode Release|Win32.Build.0 = Release|Win32
		{C75863A6-27DE-49EE-BE93-700CED8D8FEE}.Release|Win32.ActiveCfg = Release|Win32
		{C75863A6-27DE-49EE-BE93-700CED8D8FEE}.Release|Win32.Build.0 = Release|Win32
		{C75863A6-27DE-49EE-BE93-700CED8D8FEE}.Unicode Debug|Win32.ActiveCfg = Debug|Win32
		{C75863A6-27DE-49EE-BE93-700CED8D8FEE}.Unicode Debug|Win32.Build.0 = Debug|Win32
		{C75863A6-27DE-49EE-BE93-700CED8D8FEE}.Unicode Release|Win32.ActiveCfg = Release|Win32
		{C75863A6-27DE-49EE-BE93-700CED8D8FEE}.Unicode Release|Win32.Build.0 = Release|Win32
		{C75863A6-27DE-49EE-BE93-700CED8D8FEE}.Universal Debug|Win32.ActiveCfg = Debug|Win32
		{C75863A6-27DE-49EE-BE93-700CED8D8FEE}.Universal Debug|Win32.Build.0 = Debug|Win32
		{C75863A6-27DE-49EE-BE93-700CED8D8FEE}.Universal Release|Win32.ActiveCfg = Release|Win32
		{C75863A6-27DE-49EE-BE93-700CED8D8FEE}.Universal Release|Win32.Build.0 = Release|Win32
		{C75863A6-27DE-49EE-BE93-700CED8D8FEE}.Universal Unicode Debug|Win32.ActiveCfg = Debug|Win32
		{C75863A6-27DE-49EE-BE93-700CED8D8FEE}.Universal Unicode Debug|Win32.Build.0 = Debug|Win32
		{C75863A6-27DE-49EE-BE93-700CED8D8FEE}.Universal Unicode Release|Win32.ActiveCfg = Release|Win32
		{C75863A6-27DE-49EE-BE93-700CED8D8FEE}.Universal Unicode Release|Win32.Build.0 = Release|Win32
		{0DDE7678-9717-45B0-9719-5EA77EFF3302}.Debug|Win32.ActiveCfg = Debug|Win32
		{0DDE7678-9717-45B0-9719-5EA77EFF3302}.Debug|Win32.Build.0 = Debug|Win32
		{0DDE7678-9717-45B0-9719-5EA77EFF3302}.DLL Debug|Win32.ActiveCfg = DLL Debug|Win32
		{0DDE7678-9717-45B0-9719-5EA77EFF3302}.DLL Debug|Win32.Build.0 = DLL Debug|Win32
		{0DDE7678-9717-45B0-9719-5EA77EFF3302}.DLL Release|Win32.ActiveCfg = Release|Win32
		{0DDE7678-9717-45B0-9719-5EA77EFF3302}.DLL Release|Win32.Build.0 = Release|Win32
		{0DDE7678-9717-45B0-9719-5EA77EFF3302}.DLL Unicode Debug|Win32.ActiveCfg = Debug|Win32
		{0DDE7678-9717-45B0-9719-5EA77EFF3302}.DLL Unicode Debug|Win32.Build.0 = Debug|Win32
		{0DDE7678-9717-45B0-9719-5EA77EFF3302}.DLL Unicode Release|Win32.ActiveCfg = Release|Win32
		{0DDE7678-9717-45B0-9719-5EA77EFF3302}.DLL Unicode Release|Win32.Build.0 = Release|Win32
		{0DDE7678-9717-45B0-9719-5EA77EFF3302}.DLL Universal Debug|Win32.ActiveCfg = Debug|Win32
		{0DDE7678-9717-45B0-9719-5EA77EFF3302}.DLL Universal Debug|Win32.Build.0 = Debug|Win32
		{0DDE7678-9717-45B0-9719-5EA77EFF3302}.DLL Universal Release|Win32.ActiveCfg = Release|Win32
		{0DDE7678-9717-45B0-9719-5EA77EFF3302}.DLL Universal Release|Win32.Build.0 = Release|Win32
		{0DDE7678-9717-45B0-9719-5EA77EFF3302}.DLL Universal Unicode Debug|Win32.ActiveCfg = Debug|Win32
		{0DDE7678-9717-45B0-9719-5EA77EFF3302}.DLL Universal Unicode Debug|Win32.Build.0 = Debug|Win32
		{0DDE7678-9717-45B0-9719-5EA77EFF3302}.DLL Universal Unicode Release|Win32.ActiveCfg = Release|Win32
		{0DDE7678-9717-45B0-9719-5EA77EFF3302}.DLL Universal Unicode Release|Win32.Build.0 = Release|Win32
		{0DDE7678-9717-45B0-9719-5EA77EFF3302}.Release|Win32.ActiveCfg = Release|Win32
		{0DDE7678-9717-45B0-9719-5EA77EFF3302}.Release|Win32.Build.0 = Release|Win32
		{0DDE7678-9717-45B0-9719-5EA77EFF3302}.Unicode Debug|Win32.ActiveCfg = Debug|Win32
		{0DDE7678-9717-45B0-9719-5EA77EFF3302}.Unicode Debug|Win32.Build.0 = Debug|Win32
		{0DDE7678-9717-45B0-9719-5EA77EFF3302}.Unicode Release|Win32.ActiveCfg = Release|Win32
		{0DDE7678-9717-45B0-9719-5EA77EFF3302}.Unicode Release|Win32.Build.0 = Release|Win32
		{0DDE7678-9717-45B0-9719-5EA77EFF3302}.Universal Debug|Win32.ActiveCfg = Debug|Win32
		{0DDE7678-9717-45B0-9719-5EA77EFF3302}.Universal Debug|Win32.Build.0 = Debug|Win32
		{0DDE7678-9717-45B0-9719-5EA77EFF3302}.Universal Release|Win32.ActiveCfg = Release|Win32
		{0DDE7678-9717-45B0-9719-5EA77EFF3302}.Universal Release|Win32.Build.0 = Release|Win32
		{0DDE7678-9717-45B0-9719-5EA77EFF3302}.Universal Unicode Debug|Win32.ActiveCfg = Debug|Win32
		{0DDE7678-9717-45B0-9719-5EA77EFF3302}.Universal Unicode Debug|Win32.Build.0 = Debug|Win32
		{0DDE7678-9717-45B0-9719-5EA77EFF3302}.Universal Unicode Release|Win32.ActiveCfg = Release|Win32
		{0DDE7678-9717-45B0-9719-5EA77EFF3302}.Universal Unicode Release|Win32.Build.0 = Release|Win32
	EndGlobalSection
	GlobalSection(SolutionProperties) = preSolution
		HideSolutionNode = FALSE
	EndGlobalSection
	GlobalSection(NestedProjects) = preSolution
		{0EBDF00B-C0E3-44EA-83E3-6F2F52D6A13D} = {F05B5DE0-6A6A-486F-948B-BB79EEAA24D8}
		{7A646655-CF5B-4FC6-AC3E-D87D63B79E7B} = {F05B5DE0-6A6A-486F-948B-BB79EEAA24D8}
		{8E223E8A-5085-403A-BA94-F7DCC8F01AE4} = {F05B5DE0-6A6A-486F-948B-BB79EEAA24D8}
		{BA240570-5FBA-49CA-8CD5-D637AECD25DB} = {F05B5DE0-6A6A-486F-948B-BB79EEAA24D8}
		{D48153D3-EC73-4454-BB37-5945D9FF2A54} = {F05B5DE0-6A6A-486F-948B-BB79EEAA24D8}
		{7C36990B-AC8C-445E-9B94-8FC5F3829D96} = {F05B5DE0-6A6A-486F-948B-BB79EEAA24D8}
		{9925F5DB-4EF8-4B7C-92C8-D7F04B7A66E4} = {F05B5DE0-6A6A-486F-948B-BB79EEAA24D8}
		{94B0BB3C-43F5-4BA1-9BD7-BBF7B80DBFF1} = {F05B5DE0-6A6A-486F-948B-BB79EEAA24D8}
		{CEA4BE8D-5699-493B-81F6-EDDBED7FA93E} = {F05B5DE0-6A6A-486F-948B-BB79EEAA24D8}
		{A05CEC08-A319-4125-82E3-C34A875F86E1} = {F05B5DE0-6A6A-486F-948B-BB79EEAA24D8}
		{E653AE35-0D85-476D-9C78-36622AA72FE5} = {F05B5DE0-6A6A-486F-948B-BB79EEAA24D8}
		{B326D6AC-292B-4B51-8036-4C07BAF63070} = {F05B5DE0-6A6A-486F-948B-BB79EEAA24D8}
		{AEE849F3-30CA-43B1-B696-F2C7C3B10CA1} = {F05B5DE0-6A6A-486F-948B-BB79EEAA24D8}
		{B724E495-5923-49A9-9573-6047F70F4B60} = {F05B5DE0-6A6A-486F-948B-BB79EEAA24D8}
		{046D9BE5-C784-4281-B230-52BC636D2AE3} = {F05B5DE0-6A6A-486F-948B-BB79EEAA24D8}
		{91771059-073A-4A4C-8D2A-DCB61F2E80D8} = {F05B5DE0-6A6A-486F-948B-BB79EEAA24D8}
		{E3925D5E-63C9-48AE-91D9-0BBBED48E4DA} = {F05B5DE0-6A6A-486F-948B-BB79EEAA24D8}
		{87127734-1EC2-4549-AAE0-B1D881DBD720} = {F05B5DE0-6A6A-486F-948B-BB79EEAA24D8}
		{639C4782-81E3-4A96-9E8F-0B18B42FA4CB} = {F05B5DE0-6A6A-486F-948B-BB79EEAA24D8}
		{99EAC7CA-08FA-48F1-BEBC-697D2E3C2696} = {F05B5DE0-6A6A-486F-948B-BB79EEAA24D8}
	EndGlobalSection
EndGlobal
